// !$*UTF8*$!
{
    archiveVersion = 1;
    classes = {};
    objectVersion = 46;
    objects = {

/* Begin PBXBuildFile section */
        D4B0280C4AD04C3ABDAAF96D /* Aero Matics Regular.ttf in Sources */ = {isa = PBXBuildFile; fileRef = 7B12E718BEF34C1097F6E36E /* Aero Matics Regular.ttf */; };
        530E8BCF0F044ABCA0782279 /* App.xaml in Sources */ = {isa = PBXBuildFile; fileRef = 1D0FF436821A49CEB0371478 /* App.xaml */; };
        B3B350A79CC440A3B14A9C08 /* MainWindow.xaml in Sources */ = {isa = PBXBuildFile; fileRef = B69308CC483D40A7BCF83B97 /* MainWindow.xaml */; };
        6BA589D440B64AA8B0911C63 /* NumericUpDown.xaml in Sources */ = {isa = PBXBuildFile; fileRef = F7A7FA11D3C44AB29103A3FC /* NumericUpDown.xaml */; };
        3B69858926FB4899B2A94309 /* Main.cpp in Sources */ = {isa = PBXBuildFile; fileRef = D55319A3E372483E8EC06140 /* Main.cpp */; };
        0A5E1B809E4D43B0B5A59D19 /* NumericUpDown.xaml.cpp in Sources */ = {isa = PBXBuildFile; fileRef = 20E35A3F367B489A9AAE1D91 /* NumericUpDown.xaml.cpp */; };
        0C08B2AC4DAD4FDD8FD8343D /* LaunchScreen.storyboard in Resources */ = {isa = PBXBuildFile; fileRef = 13311D43B6F5476CB6AB46B8 /* LaunchScreen.storyboard */; };
        ADF701DCEE6E4E1EA2DBC379 /* Assets.xcassets in Resources */ = {isa = PBXBuildFile; fileRef = 666DD8A773114F3E8C947FDB /* Assets.xcassets */; };
        CE8E4F1424FF4700A16711E7 /* CoreGraphics.framework in Frameworks */ = {isa = PBXBuildFile; fileRef = 202B65EAF123459B8410B20B /* CoreGraphics.framework */; };
        C0CED509EC3A444B98A6E513 /* UIKit.framework in Frameworks */ = {isa = PBXBuildFile; fileRef = F25C511F8CFC49C39D154D37 /* UIKit.framework */; };
        5EF4453D0742415389842E66 /* OpenGLES.framework in Frameworks */ = {isa = PBXBuildFile; fileRef = 620AFBACFCD6459E91BD77E0 /* OpenGLES.framework */; };
        EF485F2495B0401A80C0B6AF /* AudioToolbox.framework in Frameworks */ = {isa = PBXBuildFile; fileRef = E04C5EC31A164D6BB84BC9D3 /* AudioToolbox.framework */; };
        67C3DF55843B4B3CAF8ABF1E /* CoreFoundation.framework in Frameworks */ = {isa = PBXBuildFile; fileRef = 7296C50BD2D542D48025ED5F /* CoreFoundation.framework */; };
        4414DB585DFD41B0B29ADA34 /* CoreText.framework in Frameworks */ = {isa = PBXBuildFile; fileRef = 108997FFC1B443E1B82B352C /* CoreText.framework */; };
        B58806D7F6964D4B868851AD /* QuartzCore.framework in Frameworks */ = {isa = PBXBuildFile; fileRef = 72F203F4EBE247A3BED975EB /* QuartzCore.framework */; };
        23491E6C5AD741C38CC19EB1 /* AVFoundation.framework in Frameworks */ = {isa = PBXBuildFile; fileRef = 66154E9FC01345D682E6544D /* AVFoundation.framework */; };
        96CB9FB605894CBDB78A0103 /* libNoesis.a in Frameworks */ = {isa = PBXBuildFile; fileRef = 6AF6297FBD834AD9A597EC92 /* libNoesis.a */; };
        2C2ACF7CF3184E75A9151827 /* libNoesisApp.a in Frameworks */ = {isa = PBXBuildFile; fileRef = 003B4A84FFE14558AB11E468 /* libNoesisApp.a */; };
/* End PBXBuildFile section */

/* Begin PBXFileReference section */
        075CE464045C4F418D4D1547 /* Samples.UserControl.app */ = {isa = PBXFileReference; explicitFileType = wrapper.application; includeInIndex = 0; path = Samples.UserControl.app; sourceTree = BUILT_PRODUCTS_DIR; };
        202B65EAF123459B8410B20B /* CoreGraphics.framework */ = {isa = PBXFileReference; lastKnownFileType = wrapper.framework; name = "CoreGraphics.framework"; path = "System/Library/Frameworks/CoreGraphics.framework"; sourceTree = SDKROOT; };
        F25C511F8CFC49C39D154D37 /* UIKit.framework */ = {isa = PBXFileReference; lastKnownFileType = wrapper.framework; name = "UIKit.framework"; path = "System/Library/Frameworks/UIKit.framework"; sourceTree = SDKROOT; };
        620AFBACFCD6459E91BD77E0 /* OpenGLES.framework */ = {isa = PBXFileReference; lastKnownFileType = wrapper.framework; name = "OpenGLES.framework"; path = "System/Library/Frameworks/OpenGLES.framework"; sourceTree = SDKROOT; };
        E04C5EC31A164D6BB84BC9D3 /* AudioToolbox.framework */ = {isa = PBXFileReference; lastKnownFileType = wrapper.framework; name = "AudioToolbox.framework"; path = "System/Library/Frameworks/AudioToolbox.framework"; sourceTree = SDKROOT; };
        7296C50BD2D542D48025ED5F /* CoreFoundation.framework */ = {isa = PBXFileReference; lastKnownFileType = wrapper.framework; name = "CoreFoundation.framework"; path = "System/Library/Frameworks/CoreFoundation.framework"; sourceTree = SDKROOT; };
        108997FFC1B443E1B82B352C /* CoreText.framework */ = {isa = PBXFileReference; lastKnownFileType = wrapper.framework; name = "CoreText.framework"; path = "System/Library/Frameworks/CoreText.framework"; sourceTree = SDKROOT; };
        72F203F4EBE247A3BED975EB /* QuartzCore.framework */ = {isa = PBXFileReference; lastKnownFileType = wrapper.framework; name = "QuartzCore.framework"; path = "System/Library/Frameworks/QuartzCore.framework"; sourceTree = SDKROOT; };
        66154E9FC01345D682E6544D /* AVFoundation.framework */ = {isa = PBXFileReference; lastKnownFileType = wrapper.framework; name = "AVFoundation.framework"; path = "System/Library/Frameworks/AVFoundation.framework"; sourceTree = SDKROOT; };
        6AF6297FBD834AD9A597EC92 /* libNoesis.a */ = {isa = PBXFileReference; lastKnownFileType = archive.ar; name = "libNoesis.a"; path = "../../../../../../Lib/ios/libNoesis.a"; sourceTree = SOURCE_ROOT; };
        003B4A84FFE14558AB11E468 /* libNoesisApp.a */ = {isa = PBXFileReference; lastKnownFileType = archive.ar; name = "libNoesisApp.a"; path = "../../../../../../Lib/ios/libNoesisApp.a"; sourceTree = SOURCE_ROOT; };
        46BA3961197A46E1B5F60AB0 /* Common.xcconfig */ = {isa = PBXFileReference; lastKnownFileType = text.xcconfig; name = "Common.xcconfig"; path = "../../../../../Config/Common.xcconfig"; sourceTree = SOURCE_ROOT; };
        7A13E452C3B445FB859D0F9D /* Release.xcconfig */ = {isa = PBXFileReference; lastKnownFileType = text.xcconfig; name = "Release.xcconfig"; path = "../../../../../Config/Release/Release.xcconfig"; sourceTree = SOURCE_ROOT; };
        F0F929C7DB6D4886A8ED5762 /* Profile.xcconfig */ = {isa = PBXFileReference; lastKnownFileType = text.xcconfig; name = "Profile.xcconfig"; path = "../../../../../Config/Profile/Profile.xcconfig"; sourceTree = SOURCE_ROOT; };
        9194D3861BB647FAA04C61CF /* Debug.xcconfig */ = {isa = PBXFileReference; lastKnownFileType = text.xcconfig; name = "Debug.xcconfig"; path = "../../../../../Config/Debug/Debug.xcconfig"; sourceTree = SOURCE_ROOT; };
        D55319A3E372483E8EC06140 /* Main.cpp */ = {isa = PBXFileReference; lastKnownFileType = sourcecode.cpp.cpp; name = "Main.cpp"; path = "../../Src/Main.cpp"; sourceTree = SOURCE_ROOT; };
        6B129625A6F847F29FD953E9 /* NumericUpDown.h */ = {isa = PBXFileReference; lastKnownFileType = sourcecode.c.h; name = "NumericUpDown.h"; path = "../../Src/NumericUpDown.h"; sourceTree = SOURCE_ROOT; };
        20E35A3F367B489A9AAE1D91 /* NumericUpDown.xaml.cpp */ = {isa = PBXFileReference; lastKnownFileType = sourcecode.cpp.cpp; name = "NumericUpDown.xaml.cpp"; path = "../../Src/NumericUpDown.xaml.cpp"; sourceTree = SOURCE_ROOT; };
        7B12E718BEF34C1097F6E36E /* Aero Matics Regular.ttf */ = {isa = PBXFileReference; lastKnownFileType = file; name = "Aero Matics Regular.ttf"; path = "../../Src/Aero Matics Regular.ttf"; sourceTree = SOURCE_ROOT; };
        1D0FF436821A49CEB0371478 /* App.xaml */ = {isa = PBXFileReference; lastKnownFileType = file; name = "App.xaml"; path = "../../Src/App.xaml"; sourceTree = SOURCE_ROOT; };
        B69308CC483D40A7BCF83B97 /* MainWindow.xaml */ = {isa = PBXFileReference; lastKnownFileType = file; name = "MainWindow.xaml"; path = "../../Src/MainWindow.xaml"; sourceTree = SOURCE_ROOT; };
        F7A7FA11D3C44AB29103A3FC /* NumericUpDown.xaml */ = {isa = PBXFileReference; lastKnownFileType = file; name = "NumericUpDown.xaml"; path = "../../Src/NumericUpDown.xaml"; sourceTree = SOURCE_ROOT; };
        8C7EF10ECD81443A8BF1EE50 /* info.plist */ = {isa = PBXFileReference; lastKnownFileType = text.plist.xml; name = "info.plist"; path = "info.plist"; sourceTree = SOURCE_ROOT; };
        13311D43B6F5476CB6AB46B8 /* LaunchScreen.storyboard */ = {isa = PBXFileReference; lastKnownFileType = file.storyboard; name = "LaunchScreen.storyboard"; path = "LaunchScreen.storyboard"; sourceTree = SOURCE_ROOT; };
        666DD8A773114F3E8C947FDB /* Assets.xcassets */ = {isa = PBXFileReference; lastKnownFileType = folder.assetcatalog; name = "Assets.xcassets"; path = "Assets.xcassets"; sourceTree = SOURCE_ROOT; };
/* End PBXFileReference section */

/* Begin PBXGroup section */
        D50CA5E0F63048C5BBACB72D = {
            isa = PBXGroup;
            children = (
                D55319A3E372483E8EC06140,
                6B129625A6F847F29FD953E9,
                20E35A3F367B489A9AAE1D91,
            );
            name = Src;
            sourceTree = "<group>";
        };
        14C1AC1CE2D74DFB844883E2 = {
            isa = PBXGroup;
            children = (
                7B12E718BEF34C1097F6E36E,
                1D0FF436821A49CEB0371478,
                B69308CC483D40A7BCF83B97,
                F7A7FA11D3C44AB29103A3FC,
            );
            name = Data;
            sourceTree = "<group>";
        };
        CE1D7AE6FFB540E3AA5AB627 = {
            isa = PBXGroup;
            children = (
                8C7EF10ECD81443A8BF1EE50,
                13311D43B6F5476CB6AB46B8,
                666DD8A773114F3E8C947FDB,
            );
            name = Resources;
            sourceTree = "<group>";
        };
        B021ED37A11A478F93A62B18 = {
            isa = PBXGroup;
            children = (
                7A13E452C3B445FB859D0F9D,
                F0F929C7DB6D4886A8ED5762,
                46BA3961197A46E1B5F60AB0,
                9194D3861BB647FAA04C61CF,
            );
            name = Config;
            sourceTree = "<group>";
        };
        0241CC9DCB1E48A4B1AFEBEF = {
            isa = PBXGroup;
            children = (
                075CE464045C4F418D4D1547,
            );
            name = Products;
            sourceTree = "<group>";
        };
        FE73D3AEB8034DCCBAEFF574 = {
            isa = PBXGroup;
            children = (
                202B65EAF123459B8410B20B,
                F25C511F8CFC49C39D154D37,
                620AFBACFCD6459E91BD77E0,
                E04C5EC31A164D6BB84BC9D3,
                7296C50BD2D542D48025ED5F,
                108997FFC1B443E1B82B352C,
                72F203F4EBE247A3BED975EB,
                66154E9FC01345D682E6544D,
                6AF6297FBD834AD9A597EC92,
                003B4A84FFE14558AB11E468,
            );
            name = Dependencies;
            sourceTree = "<group>";
        };
        E69BCD7ECC9E48BAB48199EF = {
            isa = PBXGroup;
            children = (
                D50CA5E0F63048C5BBACB72D,
                14C1AC1CE2D74DFB844883E2,
                CE1D7AE6FFB540E3AA5AB627,
                B021ED37A11A478F93A62B18,
                0241CC9DCB1E48A4B1AFEBEF,
                FE73D3AEB8034DCCBAEFF574,
                7748E21662724133B56FE6F5,
            );
            sourceTree = "<group>";
        };
/* End PBXGroup section */

/* Begin PBXSourcesBuildPhase section */
        18ED860E3B9B4C9D8531CF1C = {
            isa = PBXSourcesBuildPhase;
            buildActionMask = 2147483647;
            files = (
                D4B0280C4AD04C3ABDAAF96D,
                530E8BCF0F044ABCA0782279,
                B3B350A79CC440A3B14A9C08,
                6BA589D440B64AA8B0911C63,
                3B69858926FB4899B2A94309,
                0A5E1B809E4D43B0B5A59D19,
            );
            runOnlyForDeploymentPostprocessing = 0;
        };
/* End PBXSourcesBuildPhase section */

/* Begin PBXBuildRule section */
        9D6641503C004B3E8759FB6C = {
            isa = PBXBuildRule;
            compilerSpec = com.apple.compilers.proxy.script;
            filePatterns = "*.xaml *.ttf";
            fileType = pattern.proxy;
            isEditable = 0;
            outputFiles = (
                "${DERIVED_FILE_DIR}/${INPUT_FILE_NAME}.bin.h"
            );
            runOncePerArchitecture = 0;
            script = "../../../../../Tools/Bin2h/bin2h.py \"${INPUT_FILE_PATH}\" > \"${DERIVED_SOURCES_DIR}/${INPUT_FILE_NAME}.bin.h\"";
        };
/* End PBXBuildRule section */

/* Begin PBXFrameworksBuildPhase section */
        8086378BEF5545C382EB3767 = {
            isa = PBXFrameworksBuildPhase;
            buildActionMask = 2147483647;
            files = (
                CE8E4F1424FF4700A16711E7,
                C0CED509EC3A444B98A6E513,
                5EF4453D0742415389842E66,
                EF485F2495B0401A80C0B6AF,
                67C3DF55843B4B3CAF8ABF1E,
                4414DB585DFD41B0B29ADA34,
                B58806D7F6964D4B868851AD,
                23491E6C5AD741C38CC19EB1,
                96CB9FB605894CBDB78A0103,
                2C2ACF7CF3184E75A9151827,
            );
            runOnlyForDeploymentPostprocessing = 0;
        };
/* End PBXFrameworksBuildPhase section */

/* Begin PBXResourcesBuildPhase section */
        21EF5882A35A48A3B49A182D = {
            isa = PBXResourcesBuildPhase;
            buildActionMask = 2147483647;
            files = (
                0C08B2AC4DAD4FDD8FD8343D,
                ADF701DCEE6E4E1EA2DBC379,
            );
            runOnlyForDeploymentPostprocessing = 0;
        };
/* End PBXResourcesBuildPhase section */

/* Begin PBXCopyFilesBuildPhase section */
        5005B1DB989E440EAD305BBE = {
            isa = PBXCopyFilesBuildPhase;
            buildActionMask = 2147483647;
            dstPath = "";
            dstSubfolderSpec = 10;
            files = (
            );
            runOnlyForDeploymentPostprocessing = 0;
        };
/* End PBXCopyFilesBuildPhase section */

/* Begin PBXNativeTarget section */
        337D498024D13684A908160D = {
            isa = PBXNativeTarget;
            buildConfigurationList = 99BE01311C5440C4A2011996;
            buildPhases = (
                18ED860E3B9B4C9D8531CF1C,
                8086378BEF5545C382EB3767,
                21EF5882A35A48A3B49A182D,
                5005B1DB989E440EAD305BBE,
            );
            buildRules = (
                9D6641503C004B3E8759FB6C,
            );
            dependencies = ();
            name = Samples.UserControl;
            productName = Samples.UserControl;
            productReference = 075CE464045C4F418D4D1547;
            productType = "com.apple.product-type.application";
        };
/* End PBXNativeTarget section */

/* Begin PBXProject section */
        6131155A1D3D4022B6E783F6 = {
            isa = PBXProject;
            attributes = { LastUpgradeCheck = 9999; };
            buildConfigurationList = 8103271255644E2296DA7EFA;
            compatibilityVersion = "Xcode 3.2";
            developmentRegion = en;
            hasScannedForEncodings = 0;
            knownRegions = (en, Base,);
            mainGroup = E69BCD7ECC9E48BAB48199EF;
            productRefGroup = 0241CC9DCB1E48A4B1AFEBEF;
            projectDirPath = "";
            projectRoot = "";
            targets = (337D498024D13684A908160D,);
        };
/* End PBXProject section */

/* Begin XCBuildConfiguration section */
        88152D2E6F734FACAE214268 = {
            isa = XCBuildConfiguration;
            baseConfigurationReference = 7A13E452C3B445FB859D0F9D;
            buildSettings = {
                SDKROOT = iphoneos;
                IPHONEOS_DEPLOYMENT_TARGET = 8.0;
                HEADER_SEARCH_PATHS = (../../../../../../Include,../../../../App/ApplicationLauncher/Include,../../../../App/Display/Include,../../../../App/DisplayLauncher/Include,../../../../App/Launcher/Include,../../../../App/Providers/Include);
                GCC_PREPROCESSOR_DEFINITIONS = ("NS_BUILD","NS_CONFIG=Release","NS_VERSION=3.0.0","NS_APP_FRAMEWORK","NS_LICENSE","NS_STATIC_LIBRARY","$(inherited)");
                LIBRARY_SEARCH_PATHS = (../../../../../../Lib/ios);
                OTHER_LDFLAGS = ();
                GCC_ENABLE_CPP_RTTI = YES;
                STRIP_STYLE = all;
                CONFIGURATION_BUILD_DIR = "$(PROJECT_DIR)/../../../../../../Bin/ios";
                CONFIGURATION_TEMP_DIR = "$(PROJECT_DIR)/build/$(CONFIGURATION)";
                USE_HEADERMAP = NO;
            };
            name = Release;
        };
        4F7D5A6227214DD185D43A05 = {
            isa = XCBuildConfiguration;
            buildSettings = {
                PRODUCT_BUNDLE_IDENTIFIER = "com.noesisengine.${PRODUCT_NAME:rfc1034identifier}";
                PRODUCT_NAME = "$(TARGET_NAME)";
                CURRENT_PROJECT_VERSION = 3.0.0;
                DYLIB_COMPATIBILITY_VERSION = "$(CURRENT_PROJECT_VERSION)";
                DYLIB_CURRENT_VERSION = "$(CURRENT_PROJECT_VERSION)";
                GCC_INPUT_FILETYPE = "sourcecode.cpp.objcpp";
                ASSETCATALOG_COMPILER_APPICON_NAME = AppIcon;
                CODE_SIGN_STYLE = Automatic;
                CODE_SIGN_IDENTITY = "iPhone Developer";
                INFOPLIST_FILE = info.plist;
                TARGETED_DEVICE_FAMILY = "1,2";
            };
            name = Release;
        };
        1A94B27123F84EC79D0CBDCB = {
            isa = XCBuildConfiguration;
            baseConfigurationReference = F0F929C7DB6D4886A8ED5762;
            buildSettings = {
                SDKROOT = iphoneos;
                IPHONEOS_DEPLOYMENT_TARGET = 8.0;
                HEADER_SEARCH_PATHS = (../../../../../../Include,../../../../App/ApplicationLauncher/Include,../../../../App/Display/Include,../../../../App/DisplayLauncher/Include,../../../../App/Launcher/Include,../../../../App/Providers/Include);
                GCC_PREPROCESSOR_DEFINITIONS = ("NS_BUILD","NS_CONFIG=Profile","NS_VERSION=3.0.0","NS_APP_FRAMEWORK","NS_LICENSE","NS_STATIC_LIBRARY","NS_PROFILE","NS_MINIMUM_LOG_LEVEL=2","$(inherited)");
                LIBRARY_SEARCH_PATHS = (../../../../../../Lib/ios);
                OTHER_LDFLAGS = ();
                GCC_ENABLE_CPP_RTTI = YES;
                STRIP_STYLE = all;
                CONFIGURATION_BUILD_DIR = "$(PROJECT_DIR)/../../../../../../Bin/ios";
                CONFIGURATION_TEMP_DIR = "$(PROJECT_DIR)/build/$(CONFIGURATION)";
                USE_HEADERMAP = NO;
            };
            name = Profile;
        };
        CBA75F53304044EDA2566210 = {
            isa = XCBuildConfiguration;
            buildSettings = {
                PRODUCT_BUNDLE_IDENTIFIER = "com.noesisengine.${PRODUCT_NAME:rfc1034identifier}";
                PRODUCT_NAME = "$(TARGET_NAME)";
                CURRENT_PROJECT_VERSION = 3.0.0;
                DYLIB_COMPATIBILITY_VERSION = "$(CURRENT_PROJECT_VERSION)";
                DYLIB_CURRENT_VERSION = "$(CURRENT_PROJECT_VERSION)";
                GCC_INPUT_FILETYPE = "sourcecode.cpp.objcpp";
                ASSETCATALOG_COMPILER_APPICON_NAME = AppIcon;
                CODE_SIGN_STYLE = Automatic;
                CODE_SIGN_IDENTITY = "iPhone Developer";
                INFOPLIST_FILE = info.plist;
                TARGETED_DEVICE_FAMILY = "1,2";
            };
            name = Profile;
        };
        5C7B269F66CF4D66ADE80E08 = {
            isa = XCBuildConfiguration;
            baseConfigurationReference = 9194D3861BB647FAA04C61CF;
            buildSettings = {
                SDKROOT = iphoneos;
                IPHONEOS_DEPLOYMENT_TARGET = 8.0;
                HEADER_SEARCH_PATHS = (../../../../../../Include,../../../../App/ApplicationLauncher/Include,../../../../App/Display/Include,../../../../App/DisplayLauncher/Include,../../../../App/Launcher/Include,../../../../App/Providers/Include);
                GCC_PREPROCESSOR_DEFINITIONS = ("NS_BUILD","NS_CONFIG=Debug","NS_VERSION=3.0.0","NS_APP_FRAMEWORK","NS_LICENSE","NS_STATIC_LIBRARY","NS_DEBUG","NS_PROFILE","NS_MINIMUM_LOG_LEVEL=1","$(inherited)");
                LIBRARY_SEARCH_PATHS = (../../../../../../Lib/ios);
                OTHER_LDFLAGS = ();
                GCC_ENABLE_CPP_RTTI = YES;
                STRIP_STYLE = all;
                CONFIGURATION_BUILD_DIR = "$(PROJECT_DIR)/../../../../../../Bin/ios";
                CONFIGURATION_TEMP_DIR = "$(PROJECT_DIR)/build/$(CONFIGURATION)";
                USE_HEADERMAP = NO;
            };
            name = Debug;
        };
        239B5C3680464AA1B72BAE10 = {
            isa = XCBuildConfiguration;
            buildSettings = {
                PRODUCT_BUNDLE_IDENTIFIER = "com.noesisengine.${PRODUCT_NAME:rfc1034identifier}";
                PRODUCT_NAME = "$(TARGET_NAME)";
                CURRENT_PROJECT_VERSION = 3.0.0;
                DYLIB_COMPATIBILITY_VERSION = "$(CURRENT_PROJECT_VERSION)";
                DYLIB_CURRENT_VERSION = "$(CURRENT_PROJECT_VERSION)";
                GCC_INPUT_FILETYPE = "sourcecode.cpp.objcpp";
                ASSETCATALOG_COMPILER_APPICON_NAME = AppIcon;
                CODE_SIGN_STYLE = Automatic;
                CODE_SIGN_IDENTITY = "iPhone Developer";
                INFOPLIST_FILE = info.plist;
                TARGETED_DEVICE_FAMILY = "1,2";
            };
            name = Debug;
        };
/* End XCBuildConfiguration section */

/* Begin XCConfigurationList section */
        8103271255644E2296DA7EFA = {
            isa = XCConfigurationList;
            buildConfigurations = (88152D2E6F734FACAE214268,1A94B27123F84EC79D0CBDCB,5C7B269F66CF4D66ADE80E08);
            defaultConfigurationIsVisible = 0;
            defaultConfigurationName = Release;
        };

        99BE01311C5440C4A2011996 = {
            isa = XCConfigurationList;
            buildConfigurations = (4F7D5A6227214DD185D43A05,CBA75F53304044EDA2566210,239B5C3680464AA1B72BAE10);
            defaultConfigurationIsVisible = 0;
            defaultConfigurationName = Release;
        };
/* End XCConfigurationList section */
    };
    rootObject = 6131155A1D3D4022B6E783F6;
}
