// !$*UTF8*$!
{
    archiveVersion = 1;
    classes = {};
    objectVersion = 46;
    objects = {

/* Begin PBXBuildFile section */
        7C6C7FC40727421B8F1362FE /* App.xaml in Sources */ = {isa = PBXBuildFile; fileRef = 03D029D77F354CDD9F08A6A0 /* App.xaml */; };
        193983BB5A474B3B8F617721 /* MainWindow.xaml in Sources */ = {isa = PBXBuildFile; fileRef = 8CB3D8D329DF4CFEAE145E11 /* MainWindow.xaml */; };
        AA780FFD8CBC4555845EFD2A /* MenuResources.xaml in Sources */ = {isa = PBXBuildFile; fileRef = 62BB5C8B1B944B5D985289D9 /* MenuResources.xaml */; };
        C3B89BC5F7F8402D8B7599BA /* MenuDescription.xaml in Sources */ = {isa = PBXBuildFile; fileRef = F7DD8AE53765467D8350E5D4 /* MenuDescription.xaml */; };
        5A6F3EF042E8412AAB9331D7 /* MainMenu.xaml in Sources */ = {isa = PBXBuildFile; fileRef = F456CAAA83E849EC880BF398 /* MainMenu.xaml */; };
        91A33407470A495C945EF3DB /* StartMenu.xaml in Sources */ = {isa = PBXBuildFile; fileRef = A55C96F29B3D4DEE9F92141E /* StartMenu.xaml */; };
        B05D9EC4D14A4D52B381D6C7 /* SettingsMenu.xaml in Sources */ = {isa = PBXBuildFile; fileRef = ED2DA262165B40219DDAC556 /* SettingsMenu.xaml */; };
        1CAB9C0D46CB47C78EC8EE87 /* OptionSelector.xaml in Sources */ = {isa = PBXBuildFile; fileRef = C74CCE8B863F4C45897EBA08 /* OptionSelector.xaml */; };
        97200EF3AD66468F986B3732 /* BackClouds.png in Sources */ = {isa = PBXBuildFile; fileRef = 4314053989C741E0B45B6136 /* BackClouds.png */; };
        9B63289779B147548366FCE2 /* FrontClouds.png in Sources */ = {isa = PBXBuildFile; fileRef = 913453231AE6442AB64D721A /* FrontClouds.png */; };
        5AA25F75D55C412B9D503CE5 /* FrontTrees.png in Sources */ = {isa = PBXBuildFile; fileRef = CA5F9FDFBE474701A1620B0C /* FrontTrees.png */; };
        4452FB7CDE9A4871A4566C52 /* LakeAndMountains.png in Sources */ = {isa = PBXBuildFile; fileRef = 43F363AC8D73497C8CD48A99 /* LakeAndMountains.png */; };
        9F37144288CD4499BFF16C57 /* SkyAndSun.jpg in Sources */ = {isa = PBXBuildFile; fileRef = 45DD41335BD246568790BF8E /* SkyAndSun.jpg */; };
        8635CF3283B04437904FDF66 /* weblysleekuisb.ttf in Sources */ = {isa = PBXBuildFile; fileRef = A919BE6287404D39B69EA857 /* weblysleekuisb.ttf */; };
        E3735285B4194A818C7C1846 /* weblysleekuisl.ttf in Sources */ = {isa = PBXBuildFile; fileRef = 9C20F86135354CF3BF4C80E5 /* weblysleekuisl.ttf */; };
        287FFFC1B1DC4CD3B6330E1A /* SoundTrack.mp3 in Sources */ = {isa = PBXBuildFile; fileRef = 1EB13435C5F04ED4AF0D4768 /* SoundTrack.mp3 */; };
        D85350C0B09E40E9AD4030A8 /* WaterDropBig.mp3 in Sources */ = {isa = PBXBuildFile; fileRef = CB788AD75BD9414D8D8980A0 /* WaterDropBig.mp3 */; };
        28689A382FCC41C690070AAE /* WaterDropSmall.mp3 in Sources */ = {isa = PBXBuildFile; fileRef = 5446B50CE9674C3E9153D315 /* WaterDropSmall.mp3 */; };
        36ED8498349B437BAA406232 /* OptionSelector.xaml.cpp in Sources */ = {isa = PBXBuildFile; fileRef = DD2C221CB55345C1BE036EFB /* OptionSelector.xaml.cpp */; };
        A83B1F16781048C9A7FB60E6 /* App.xaml.cpp in Sources */ = {isa = PBXBuildFile; fileRef = 94F60F2FC21A43549E9CAC7A /* App.xaml.cpp */; };
        73B4964584984904A61DF9DE /* ViewModel.cpp in Sources */ = {isa = PBXBuildFile; fileRef = 50316B037C3144E7A10D8BC7 /* ViewModel.cpp */; };
        3F31DE53DEFB40FD8DD43797 /* StartMenu.xaml.cpp in Sources */ = {isa = PBXBuildFile; fileRef = 253ACFCB4750465699B07CD5 /* StartMenu.xaml.cpp */; };
        FB4FA2EE55EE4FE3B206953E /* MultiplierConverter.cpp in Sources */ = {isa = PBXBuildFile; fileRef = B95871A73F3A47A198CEC5AC /* MultiplierConverter.cpp */; };
        5FD000A02E9A4665B9DC20A3 /* MainMenu.xaml.cpp in Sources */ = {isa = PBXBuildFile; fileRef = 99C813AC7D6746A6BD5F6965 /* MainMenu.xaml.cpp */; };
        083FAD22440248F2BB885004 /* MenuDescription.xaml.cpp in Sources */ = {isa = PBXBuildFile; fileRef = 668BACD89B2B463D85FEC4C4 /* MenuDescription.xaml.cpp */; };
        3050F7315DDA4EE2B37EB3CC /* SettingsMenu.xaml.cpp in Sources */ = {isa = PBXBuildFile; fileRef = 45B67AE209764B6485B14F9C /* SettingsMenu.xaml.cpp */; };
        AF9511E0A1B94BDBA7CA1C94 /* Main.cpp in Sources */ = {isa = PBXBuildFile; fileRef = 75FE61080C794066B3994C88 /* Main.cpp */; };
        339C999C4F074C3FBE468775 /* MainWindow.xaml.cpp in Sources */ = {isa = PBXBuildFile; fileRef = BD25638397D442078A67AB4A /* MainWindow.xaml.cpp */; };
        53FDB3D97CE94CE4A49A763F /* LaunchScreen.storyboard in Resources */ = {isa = PBXBuildFile; fileRef = EE14B0ECAA494B579D88C4DA /* LaunchScreen.storyboard */; };
        F08A7A6A325F444691E07968 /* Assets.xcassets in Resources */ = {isa = PBXBuildFile; fileRef = F71F160B24B14F34BC09990F /* Assets.xcassets */; };
        7858D1CDFC4D4B0580777AC9 /* CoreGraphics.framework in Frameworks */ = {isa = PBXBuildFile; fileRef = C7F8D732C261436AAF155B10 /* CoreGraphics.framework */; };
        B12FB945C997435F8DE1C418 /* UIKit.framework in Frameworks */ = {isa = PBXBuildFile; fileRef = 16D32BE773CE44BBBA283696 /* UIKit.framework */; };
        831D9E4EA9EA49BE8A90547C /* OpenGLES.framework in Frameworks */ = {isa = PBXBuildFile; fileRef = 68E03686880E41468ABECCFC /* OpenGLES.framework */; };
        8B3B79E9147A4C28AC8C9188 /* AudioToolbox.framework in Frameworks */ = {isa = PBXBuildFile; fileRef = 62C11D177D204044A258EE46 /* AudioToolbox.framework */; };
        747F6C4D650843B186F42290 /* CoreFoundation.framework in Frameworks */ = {isa = PBXBuildFile; fileRef = F9B6FAA5BEF0470389B38F17 /* CoreFoundation.framework */; };
        3CBC92B6D97E4DBC967C8D6B /* CoreText.framework in Frameworks */ = {isa = PBXBuildFile; fileRef = 21D365A1164040B79B9E84EA /* CoreText.framework */; };
        8B70189BCD7847BC8BCE4847 /* QuartzCore.framework in Frameworks */ = {isa = PBXBuildFile; fileRef = 5B9370315C5F4485963FD735 /* QuartzCore.framework */; };
        B237B20BEDA74B838311A520 /* AVFoundation.framework in Frameworks */ = {isa = PBXBuildFile; fileRef = 319BDF2E997D40D4B71FC2F0 /* AVFoundation.framework */; };
        BE3E0E6B235B4BF78BD3F99C /* libNoesis.a in Frameworks */ = {isa = PBXBuildFile; fileRef = DA3156168DAC401EA6BEF495 /* libNoesis.a */; };
        CB613EB6DE82495E9E48E358 /* libNoesisApp.a in Frameworks */ = {isa = PBXBuildFile; fileRef = 7425AC9D04D3423BAADDA645 /* libNoesisApp.a */; };
/* End PBXBuildFile section */

/* Begin PBXFileReference section */
        C1535626863D4135B2B8E3FF /* Samples.Menu3D.app */ = {isa = PBXFileReference; explicitFileType = wrapper.application; includeInIndex = 0; path = Samples.Menu3D.app; sourceTree = BUILT_PRODUCTS_DIR; };
        C7F8D732C261436AAF155B10 /* CoreGraphics.framework */ = {isa = PBXFileReference; lastKnownFileType = wrapper.framework; name = "CoreGraphics.framework"; path = "System/Library/Frameworks/CoreGraphics.framework"; sourceTree = SDKROOT; };
        16D32BE773CE44BBBA283696 /* UIKit.framework */ = {isa = PBXFileReference; lastKnownFileType = wrapper.framework; name = "UIKit.framework"; path = "System/Library/Frameworks/UIKit.framework"; sourceTree = SDKROOT; };
        68E03686880E41468ABECCFC /* OpenGLES.framework */ = {isa = PBXFileReference; lastKnownFileType = wrapper.framework; name = "OpenGLES.framework"; path = "System/Library/Frameworks/OpenGLES.framework"; sourceTree = SDKROOT; };
        62C11D177D204044A258EE46 /* AudioToolbox.framework */ = {isa = PBXFileReference; lastKnownFileType = wrapper.framework; name = "AudioToolbox.framework"; path = "System/Library/Frameworks/AudioToolbox.framework"; sourceTree = SDKROOT; };
        F9B6FAA5BEF0470389B38F17 /* CoreFoundation.framework */ = {isa = PBXFileReference; lastKnownFileType = wrapper.framework; name = "CoreFoundation.framework"; path = "System/Library/Frameworks/CoreFoundation.framework"; sourceTree = SDKROOT; };
        21D365A1164040B79B9E84EA /* CoreText.framework */ = {isa = PBXFileReference; lastKnownFileType = wrapper.framework; name = "CoreText.framework"; path = "System/Library/Frameworks/CoreText.framework"; sourceTree = SDKROOT; };
        5B9370315C5F4485963FD735 /* QuartzCore.framework */ = {isa = PBXFileReference; lastKnownFileType = wrapper.framework; name = "QuartzCore.framework"; path = "System/Library/Frameworks/QuartzCore.framework"; sourceTree = SDKROOT; };
        319BDF2E997D40D4B71FC2F0 /* AVFoundation.framework */ = {isa = PBXFileReference; lastKnownFileType = wrapper.framework; name = "AVFoundation.framework"; path = "System/Library/Frameworks/AVFoundation.framework"; sourceTree = SDKROOT; };
        DA3156168DAC401EA6BEF495 /* libNoesis.a */ = {isa = PBXFileReference; lastKnownFileType = archive.ar; name = "libNoesis.a"; path = "../../../../../../Lib/ios/libNoesis.a"; sourceTree = SOURCE_ROOT; };
        7425AC9D04D3423BAADDA645 /* libNoesisApp.a */ = {isa = PBXFileReference; lastKnownFileType = archive.ar; name = "libNoesisApp.a"; path = "../../../../../../Lib/ios/libNoesisApp.a"; sourceTree = SOURCE_ROOT; };
        3769AA934A2942D8BC5BCA75 /* Common.xcconfig */ = {isa = PBXFileReference; lastKnownFileType = text.xcconfig; name = "Common.xcconfig"; path = "../../../../../../Config/Common.xcconfig"; sourceTree = SOURCE_ROOT; };
        31A44D9DB1EE437398587532 /* Release.xcconfig */ = {isa = PBXFileReference; lastKnownFileType = text.xcconfig; name = "Release.xcconfig"; path = "../../../../../../Config/Release/Release.xcconfig"; sourceTree = SOURCE_ROOT; };
        9F12B52DFA5F4D19B7980B7C /* Profile.xcconfig */ = {isa = PBXFileReference; lastKnownFileType = text.xcconfig; name = "Profile.xcconfig"; path = "../../../../../../Config/Profile/Profile.xcconfig"; sourceTree = SOURCE_ROOT; };
        B828661EEC614893A4586497 /* Debug.xcconfig */ = {isa = PBXFileReference; lastKnownFileType = text.xcconfig; name = "Debug.xcconfig"; path = "../../../../../../Config/Debug/Debug.xcconfig"; sourceTree = SOURCE_ROOT; };
        DD2C221CB55345C1BE036EFB /* OptionSelector.xaml.cpp */ = {isa = PBXFileReference; lastKnownFileType = sourcecode.cpp.cpp; name = "OptionSelector.xaml.cpp"; path = "../../Src/OptionSelector.xaml.cpp"; sourceTree = SOURCE_ROOT; };
        94F60F2FC21A43549E9CAC7A /* App.xaml.cpp */ = {isa = PBXFileReference; lastKnownFileType = sourcecode.cpp.cpp; name = "App.xaml.cpp"; path = "../../Src/App.xaml.cpp"; sourceTree = SOURCE_ROOT; };
        C7B3951BA69140DD95CAD282 /* MainMenu.xaml.h */ = {isa = PBXFileReference; lastKnownFileType = sourcecode.c.h; name = "MainMenu.xaml.h"; path = "../../Src/MainMenu.xaml.h"; sourceTree = SOURCE_ROOT; };
        2D24102DC9DB4EDF9A3A2596 /* StartMenu.xaml.h */ = {isa = PBXFileReference; lastKnownFileType = sourcecode.c.h; name = "StartMenu.xaml.h"; path = "../../Src/StartMenu.xaml.h"; sourceTree = SOURCE_ROOT; };
        AB771BBCE8644414A04438D9 /* App.xaml.h */ = {isa = PBXFileReference; lastKnownFileType = sourcecode.c.h; name = "App.xaml.h"; path = "../../Src/App.xaml.h"; sourceTree = SOURCE_ROOT; };
        549CE2AF98C54A129EE802F0 /* ViewModel.h */ = {isa = PBXFileReference; lastKnownFileType = sourcecode.c.h; name = "ViewModel.h"; path = "../../Src/ViewModel.h"; sourceTree = SOURCE_ROOT; };
        36B080CB1DF745DEA9D110A4 /* MultiplierConverter.h */ = {isa = PBXFileReference; lastKnownFileType = sourcecode.c.h; name = "MultiplierConverter.h"; path = "../../Src/MultiplierConverter.h"; sourceTree = SOURCE_ROOT; };
        50316B037C3144E7A10D8BC7 /* ViewModel.cpp */ = {isa = PBXFileReference; lastKnownFileType = sourcecode.cpp.cpp; name = "ViewModel.cpp"; path = "../../Src/ViewModel.cpp"; sourceTree = SOURCE_ROOT; };
        253ACFCB4750465699B07CD5 /* StartMenu.xaml.cpp */ = {isa = PBXFileReference; lastKnownFileType = sourcecode.cpp.cpp; name = "StartMenu.xaml.cpp"; path = "../../Src/StartMenu.xaml.cpp"; sourceTree = SOURCE_ROOT; };
        3433369F99D94C5392FF7BED /* MainWindow.xaml.h */ = {isa = PBXFileReference; lastKnownFileType = sourcecode.c.h; name = "MainWindow.xaml.h"; path = "../../Src/MainWindow.xaml.h"; sourceTree = SOURCE_ROOT; };
        B95871A73F3A47A198CEC5AC /* MultiplierConverter.cpp */ = {isa = PBXFileReference; lastKnownFileType = sourcecode.cpp.cpp; name = "MultiplierConverter.cpp"; path = "../../Src/MultiplierConverter.cpp"; sourceTree = SOURCE_ROOT; };
        99C813AC7D6746A6BD5F6965 /* MainMenu.xaml.cpp */ = {isa = PBXFileReference; lastKnownFileType = sourcecode.cpp.cpp; name = "MainMenu.xaml.cpp"; path = "../../Src/MainMenu.xaml.cpp"; sourceTree = SOURCE_ROOT; };
        836C930AC77344A09AACF5AA /* SettingsMenu.xaml.h */ = {isa = PBXFileReference; lastKnownFileType = sourcecode.c.h; name = "SettingsMenu.xaml.h"; path = "../../Src/SettingsMenu.xaml.h"; sourceTree = SOURCE_ROOT; };
        26BFC4EF47EB4562925C771B /* MenuDescription.xaml.h */ = {isa = PBXFileReference; lastKnownFileType = sourcecode.c.h; name = "MenuDescription.xaml.h"; path = "../../Src/MenuDescription.xaml.h"; sourceTree = SOURCE_ROOT; };
        668BACD89B2B463D85FEC4C4 /* MenuDescription.xaml.cpp */ = {isa = PBXFileReference; lastKnownFileType = sourcecode.cpp.cpp; name = "MenuDescription.xaml.cpp"; path = "../../Src/MenuDescription.xaml.cpp"; sourceTree = SOURCE_ROOT; };
        45B67AE209764B6485B14F9C /* SettingsMenu.xaml.cpp */ = {isa = PBXFileReference; lastKnownFileType = sourcecode.cpp.cpp; name = "SettingsMenu.xaml.cpp"; path = "../../Src/SettingsMenu.xaml.cpp"; sourceTree = SOURCE_ROOT; };
        75FE61080C794066B3994C88 /* Main.cpp */ = {isa = PBXFileReference; lastKnownFileType = sourcecode.cpp.cpp; name = "Main.cpp"; path = "../../Src/Main.cpp"; sourceTree = SOURCE_ROOT; };
        9F64330FF61E47508BA796CD /* OptionSelector.xaml.h */ = {isa = PBXFileReference; lastKnownFileType = sourcecode.c.h; name = "OptionSelector.xaml.h"; path = "../../Src/OptionSelector.xaml.h"; sourceTree = SOURCE_ROOT; };
        BD25638397D442078A67AB4A /* MainWindow.xaml.cpp */ = {isa = PBXFileReference; lastKnownFileType = sourcecode.cpp.cpp; name = "MainWindow.xaml.cpp"; path = "../../Src/MainWindow.xaml.cpp"; sourceTree = SOURCE_ROOT; };
        03D029D77F354CDD9F08A6A0 /* App.xaml */ = {isa = PBXFileReference; lastKnownFileType = file; name = "App.xaml"; path = "../../Data/App.xaml"; sourceTree = SOURCE_ROOT; };
        8CB3D8D329DF4CFEAE145E11 /* MainWindow.xaml */ = {isa = PBXFileReference; lastKnownFileType = file; name = "MainWindow.xaml"; path = "../../Data/MainWindow.xaml"; sourceTree = SOURCE_ROOT; };
        62BB5C8B1B944B5D985289D9 /* MenuResources.xaml */ = {isa = PBXFileReference; lastKnownFileType = file; name = "MenuResources.xaml"; path = "../../Data/MenuResources.xaml"; sourceTree = SOURCE_ROOT; };
        F7DD8AE53765467D8350E5D4 /* MenuDescription.xaml */ = {isa = PBXFileReference; lastKnownFileType = file; name = "MenuDescription.xaml"; path = "../../Data/MenuDescription.xaml"; sourceTree = SOURCE_ROOT; };
        F456CAAA83E849EC880BF398 /* MainMenu.xaml */ = {isa = PBXFileReference; lastKnownFileType = file; name = "MainMenu.xaml"; path = "../../Data/MainMenu.xaml"; sourceTree = SOURCE_ROOT; };
        A55C96F29B3D4DEE9F92141E /* StartMenu.xaml */ = {isa = PBXFileReference; lastKnownFileType = file; name = "StartMenu.xaml"; path = "../../Data/StartMenu.xaml"; sourceTree = SOURCE_ROOT; };
        ED2DA262165B40219DDAC556 /* SettingsMenu.xaml */ = {isa = PBXFileReference; lastKnownFileType = file; name = "SettingsMenu.xaml"; path = "../../Data/SettingsMenu.xaml"; sourceTree = SOURCE_ROOT; };
        C74CCE8B863F4C45897EBA08 /* OptionSelector.xaml */ = {isa = PBXFileReference; lastKnownFileType = file; name = "OptionSelector.xaml"; path = "../../Data/OptionSelector.xaml"; sourceTree = SOURCE_ROOT; };
        4314053989C741E0B45B6136 /* BackClouds.png */ = {isa = PBXFileReference; lastKnownFileType = file; name = "BackClouds.png"; path = "../../Data/Images/BackClouds.png"; sourceTree = SOURCE_ROOT; };
        913453231AE6442AB64D721A /* FrontClouds.png */ = {isa = PBXFileReference; lastKnownFileType = file; name = "FrontClouds.png"; path = "../../Data/Images/FrontClouds.png"; sourceTree = SOURCE_ROOT; };
        CA5F9FDFBE474701A1620B0C /* FrontTrees.png */ = {isa = PBXFileReference; lastKnownFileType = file; name = "FrontTrees.png"; path = "../../Data/Images/FrontTrees.png"; sourceTree = SOURCE_ROOT; };
        43F363AC8D73497C8CD48A99 /* LakeAndMountains.png */ = {isa = PBXFileReference; lastKnownFileType = file; name = "LakeAndMountains.png"; path = "../../Data/Images/LakeAndMountains.png"; sourceTree = SOURCE_ROOT; };
        45DD41335BD246568790BF8E /* SkyAndSun.jpg */ = {isa = PBXFileReference; lastKnownFileType = file; name = "SkyAndSun.jpg"; path = "../../Data/Images/SkyAndSun.jpg"; sourceTree = SOURCE_ROOT; };
        A919BE6287404D39B69EA857 /* weblysleekuisb.ttf */ = {isa = PBXFileReference; lastKnownFileType = file; name = "weblysleekuisb.ttf"; path = "../../Data/Fonts/weblysleekuisb.ttf"; sourceTree = SOURCE_ROOT; };
        9C20F86135354CF3BF4C80E5 /* weblysleekuisl.ttf */ = {isa = PBXFileReference; lastKnownFileType = file; name = "weblysleekuisl.ttf"; path = "../../Data/Fonts/weblysleekuisl.ttf"; sourceTree = SOURCE_ROOT; };
        1EB13435C5F04ED4AF0D4768 /* SoundTrack.mp3 */ = {isa = PBXFileReference; lastKnownFileType = file; name = "SoundTrack.mp3"; path = "../../Data/Sounds/SoundTrack.mp3"; sourceTree = SOURCE_ROOT; };
        CB788AD75BD9414D8D8980A0 /* WaterDropBig.mp3 */ = {isa = PBXFileReference; lastKnownFileType = file; name = "WaterDropBig.mp3"; path = "../../Data/Sounds/WaterDropBig.mp3"; sourceTree = SOURCE_ROOT; };
        5446B50CE9674C3E9153D315 /* WaterDropSmall.mp3 */ = {isa = PBXFileReference; lastKnownFileType = file; name = "WaterDropSmall.mp3"; path = "../../Data/Sounds/WaterDropSmall.mp3"; sourceTree = SOURCE_ROOT; };
        1B31AE252DA04DB9996CC61A /* info.plist */ = {isa = PBXFileReference; lastKnownFileType = text.plist.xml; name = "info.plist"; path = "info.plist"; sourceTree = SOURCE_ROOT; };
        EE14B0ECAA494B579D88C4DA /* LaunchScreen.storyboard */ = {isa = PBXFileReference; lastKnownFileType = file.storyboard; name = "LaunchScreen.storyboard"; path = "LaunchScreen.storyboard"; sourceTree = SOURCE_ROOT; };
        F71F160B24B14F34BC09990F /* Assets.xcassets */ = {isa = PBXFileReference; lastKnownFileType = folder.assetcatalog; name = "Assets.xcassets"; path = "Assets.xcassets"; sourceTree = SOURCE_ROOT; };
/* End PBXFileReference section */

/* Begin PBXGroup section */
        2D9DE60F4A86417BB7290020 = {
            isa = PBXGroup;
            children = (
                DD2C221CB55345C1BE036EFB,
                94F60F2FC21A43549E9CAC7A,
                C7B3951BA69140DD95CAD282,
                2D24102DC9DB4EDF9A3A2596,
                AB771BBCE8644414A04438D9,
                549CE2AF98C54A129EE802F0,
                36B080CB1DF745DEA9D110A4,
                50316B037C3144E7A10D8BC7,
                253ACFCB4750465699B07CD5,
                3433369F99D94C5392FF7BED,
                B95871A73F3A47A198CEC5AC,
                99C813AC7D6746A6BD5F6965,
                836C930AC77344A09AACF5AA,
                26BFC4EF47EB4562925C771B,
                668BACD89B2B463D85FEC4C4,
                45B67AE209764B6485B14F9C,
                75FE61080C794066B3994C88,
                9F64330FF61E47508BA796CD,
                BD25638397D442078A67AB4A,
            );
            name = Src;
            sourceTree = "<group>";
        };
        C38431D8CDA74BDBAC724EE5 = {
            isa = PBXGroup;
            children = (
                03D029D77F354CDD9F08A6A0,
                8CB3D8D329DF4CFEAE145E11,
                62BB5C8B1B944B5D985289D9,
                F7DD8AE53765467D8350E5D4,
                F456CAAA83E849EC880BF398,
                A55C96F29B3D4DEE9F92141E,
                ED2DA262165B40219DDAC556,
                C74CCE8B863F4C45897EBA08,
                4314053989C741E0B45B6136,
                913453231AE6442AB64D721A,
                CA5F9FDFBE474701A1620B0C,
                43F363AC8D73497C8CD48A99,
                45DD41335BD246568790BF8E,
                A919BE6287404D39B69EA857,
                9C20F86135354CF3BF4C80E5,
                1EB13435C5F04ED4AF0D4768,
                CB788AD75BD9414D8D8980A0,
                5446B50CE9674C3E9153D315,
            );
            name = Data;
            sourceTree = "<group>";
        };
        96310D6240B049EEB92FBDE9 = {
            isa = PBXGroup;
            children = (
                1B31AE252DA04DB9996CC61A,
                EE14B0ECAA494B579D88C4DA,
                F71F160B24B14F34BC09990F,
            );
            name = Resources;
            sourceTree = "<group>";
        };
        78501DD15BED4677BAF9DBD7 = {
            isa = PBXGroup;
            children = (
                31A44D9DB1EE437398587532,
                9F12B52DFA5F4D19B7980B7C,
                3769AA934A2942D8BC5BCA75,
                B828661EEC614893A4586497,
            );
            name = Config;
            sourceTree = "<group>";
        };
        DFE3CF9DC18F4A58A03B74AA = {
            isa = PBXGroup;
            children = (
                C1535626863D4135B2B8E3FF,
            );
            name = Products;
            sourceTree = "<group>";
        };
        83234F55042A4911BC7CF144 = {
            isa = PBXGroup;
            children = (
                C7F8D732C261436AAF155B10,
                16D32BE773CE44BBBA283696,
                68E03686880E41468ABECCFC,
                62C11D177D204044A258EE46,
                F9B6FAA5BEF0470389B38F17,
                21D365A1164040B79B9E84EA,
                5B9370315C5F4485963FD735,
                319BDF2E997D40D4B71FC2F0,
                DA3156168DAC401EA6BEF495,
                7425AC9D04D3423BAADDA645,
            );
            name = Dependencies;
            sourceTree = "<group>";
        };
        812BAC46F79945178F69543F = {
            isa = PBXGroup;
            children = (
                2D9DE60F4A86417BB7290020,
                C38431D8CDA74BDBAC724EE5,
                96310D6240B049EEB92FBDE9,
                78501DD15BED4677BAF9DBD7,
                DFE3CF9DC18F4A58A03B74AA,
                83234F55042A4911BC7CF144,
                A928A8CB65734647AAC013C9,
            );
            sourceTree = "<group>";
        };
/* End PBXGroup section */

/* Begin PBXSourcesBuildPhase section */
        91FCCE84480D46C3B2809199 = {
            isa = PBXSourcesBuildPhase;
            buildActionMask = 2147483647;
            files = (
                7C6C7FC40727421B8F1362FE,
                193983BB5A474B3B8F617721,
                AA780FFD8CBC4555845EFD2A,
                C3B89BC5F7F8402D8B7599BA,
                5A6F3EF042E8412AAB9331D7,
                91A33407470A495C945EF3DB,
                B05D9EC4D14A4D52B381D6C7,
                1CAB9C0D46CB47C78EC8EE87,
                97200EF3AD66468F986B3732,
                9B63289779B147548366FCE2,
                5AA25F75D55C412B9D503CE5,
                4452FB7CDE9A4871A4566C52,
                9F37144288CD4499BFF16C57,
                8635CF3283B04437904FDF66,
                E3735285B4194A818C7C1846,
                287FFFC1B1DC4CD3B6330E1A,
                D85350C0B09E40E9AD4030A8,
                28689A382FCC41C690070AAE,
                36ED8498349B437BAA406232,
                A83B1F16781048C9A7FB60E6,
                73B4964584984904A61DF9DE,
                3F31DE53DEFB40FD8DD43797,
                FB4FA2EE55EE4FE3B206953E,
                5FD000A02E9A4665B9DC20A3,
                083FAD22440248F2BB885004,
                3050F7315DDA4EE2B37EB3CC,
                AF9511E0A1B94BDBA7CA1C94,
                339C999C4F074C3FBE468775,
            );
            runOnlyForDeploymentPostprocessing = 0;
        };
/* End PBXSourcesBuildPhase section */

/* Begin PBXBuildRule section */
        CD200F6BFAC444648A810531 = {
            isa = PBXBuildRule;
            compilerSpec = com.apple.compilers.proxy.script;
            filePatterns = "*.xaml *.png *.mp3 *.ttf *.jpg";
            fileType = pattern.proxy;
            isEditable = 0;
            outputFiles = (
                "${DERIVED_FILE_DIR}/${INPUT_FILE_NAME}.bin.h"
            );
            script = "../../../../../Tools/Bin2h/bin2h.py \"${INPUT_FILE_PATH}\" > \"${DERIVED_SOURCES_DIR}/${INPUT_FILE_NAME}.bin.h\"";
        };
/* End PBXBuildRule section */

/* Begin PBXFrameworksBuildPhase section */
        6A95A6EFCA2D457A96ECA7CF = {
            isa = PBXFrameworksBuildPhase;
            buildActionMask = 2147483647;
            files = (
                7858D1CDFC4D4B0580777AC9,
                B12FB945C997435F8DE1C418,
                831D9E4EA9EA49BE8A90547C,
                8B3B79E9147A4C28AC8C9188,
                747F6C4D650843B186F42290,
                3CBC92B6D97E4DBC967C8D6B,
                8B70189BCD7847BC8BCE4847,
                B237B20BEDA74B838311A520,
                BE3E0E6B235B4BF78BD3F99C,
                CB613EB6DE82495E9E48E358,
            );
            runOnlyForDeploymentPostprocessing = 0;
        };
/* End PBXFrameworksBuildPhase section */

/* Begin PBXResourcesBuildPhase section */
        B172B990CE5F478884C1CB4F = {
            isa = PBXResourcesBuildPhase;
            buildActionMask = 2147483647;
            files = (
                53FDB3D97CE94CE4A49A763F,
                F08A7A6A325F444691E07968,
            );
            runOnlyForDeploymentPostprocessing = 0;
        };
/* End PBXResourcesBuildPhase section */

/* Begin PBXCopyFilesBuildPhase section */
        8EA2C0C146BE4A99851AB661 = {
            isa = PBXCopyFilesBuildPhase;
            buildActionMask = 2147483647;
            dstPath = "";
            dstSubfolderSpec = 10;
            files = (
            );
            runOnlyForDeploymentPostprocessing = 0;
        };
/* End PBXCopyFilesBuildPhase section */

/* Begin PBXNativeTarget section */
        94442B5DFF6839C19286C6A0 = {
            isa = PBXNativeTarget;
            buildConfigurationList = 074DED0D0B7A4CCD9122D082;
            buildPhases = (
                91FCCE84480D46C3B2809199,
                6A95A6EFCA2D457A96ECA7CF,
                B172B990CE5F478884C1CB4F,
                8EA2C0C146BE4A99851AB661,
            );
            buildRules = (
                CD200F6BFAC444648A810531,
            );
            dependencies = ();
            name = Samples.Menu3D;
            productName = Samples.Menu3D;
            productReference = C1535626863D4135B2B8E3FF;
            productType = "com.apple.product-type.application";
        };
/* End PBXNativeTarget section */

/* Begin PBXProject section */
        298D3BF231EB4B9481568075 = {
            isa = PBXProject;
            attributes = {};
            buildConfigurationList = ECF51B45AEDE42CDA4977B18;
            compatibilityVersion = "Xcode 3.2";
            developmentRegion = English;
            hasScannedForEncodings = 0;
            knownRegions = (en,);
            mainGroup = 812BAC46F79945178F69543F;
            productRefGroup = DFE3CF9DC18F4A58A03B74AA;
            projectDirPath = "";
            projectRoot = "";
            targets = (94442B5DFF6839C19286C6A0,);
        };
/* End PBXProject section */

/* Begin XCBuildConfiguration section */
        051BDF07A7054AC78096BF4B = {
            isa = XCBuildConfiguration;
            baseConfigurationReference = 31A44D9DB1EE437398587532;
            buildSettings = {
                SDKROOT = iphoneos;
                IPHONEOS_DEPLOYMENT_TARGET = 7.0;
                ARCHS = "$(ARCHS_STANDARD)";
                HEADER_SEARCH_PATHS = (../../../../Core/NSTL/Include,../../../../Math/Utils/Include,../../../../Math/VectorMath/Include,../../../../App/Providers/Include,../../../../../../3rdParty/EASTL/local/include,../../../../Samples/Menu3D/Include,../../../../Drawing/Types/Include,../../../../App/Interactivity/Include,../../../../Core/TypeConverter/Include,../../../../App/Display/Include,../../../../App/Launcher/Include,../../../../Core/Nullable/Include,../../../../Gui/Core/Include,../../../../Gui/Animation/Include,../../../../../../Include,../../../../App/ApplicationLauncher/Include,../../../../Gui/Providers/Include,../../../../App/DisplayLauncher/Include,../../../../Core/Kernel/Include,../../../../Gui/CachedFontProvider/Include,../../../../Gui/DependencySystem/Include);
                GCC_PREPROCESSOR_DEFINITIONS = ("NS_BUILD","NS_CONFIG=Release","NS_VERSION=2.2.1","NS_APP_FRAMEWORK","NS_STATIC_LIBRARY","HAVE_GLES2_GL2_H","$(inherited)");
                LIBRARY_SEARCH_PATHS = (../../../../../../Lib/ios);
                OTHER_LDFLAGS = ();
                STRIP_STYLE = all;
                CONFIGURATION_BUILD_DIR = "$(PROJECT_DIR)/../../../../../../Bin/ios";
                CONFIGURATION_TEMP_DIR = "$(PROJECT_DIR)/build/$(CONFIGURATION)";
                USE_HEADERMAP = NO;
            };
            name = Release;
        };
        106B0E59E3DA4A41AF22B5AB = {
            isa = XCBuildConfiguration;
            buildSettings = {
                PRODUCT_BUNDLE_IDENTIFIER = "com.noesisengine.Samples-Sample";
                PRODUCT_NAME = "$(TARGET_NAME)";
                CURRENT_PROJECT_VERSION = 2.2.1;
                DYLIB_COMPATIBILITY_VERSION = "$(CURRENT_PROJECT_VERSION)";
                DYLIB_CURRENT_VERSION = "$(CURRENT_PROJECT_VERSION)";
                GCC_INPUT_FILETYPE = "sourcecode.cpp.objcpp";
                ASSETCATALOG_COMPILER_APPICON_NAME = AppIcon;
                CODE_SIGN_STYLE = Automatic;
                CODE_SIGN_IDENTITY = "iPhone Developer";
                INFOPLIST_FILE = "$(PROJECT_DIR)/info.plist";
                TARGETED_DEVICE_FAMILY = "1,2";
            };
            name = Release;
        };
        F9719CF509BC4BE4971289BC = {
            isa = XCBuildConfiguration;
            baseConfigurationReference = 9F12B52DFA5F4D19B7980B7C;
            buildSettings = {
                SDKROOT = iphoneos;
                IPHONEOS_DEPLOYMENT_TARGET = 7.0;
                ARCHS = "$(ARCHS_STANDARD)";
                HEADER_SEARCH_PATHS = (../../../../Core/NSTL/Include,../../../../Math/Utils/Include,../../../../Math/VectorMath/Include,../../../../App/Providers/Include,../../../../../../3rdParty/EASTL/local/include,../../../../Samples/Menu3D/Include,../../../../Drawing/Types/Include,../../../../App/Interactivity/Include,../../../../Core/TypeConverter/Include,../../../../App/Display/Include,../../../../App/Launcher/Include,../../../../Core/Nullable/Include,../../../../Gui/Core/Include,../../../../Gui/Animation/Include,../../../../../../Include,../../../../App/ApplicationLauncher/Include,../../../../Gui/Providers/Include,../../../../App/DisplayLauncher/Include,../../../../Core/Kernel/Include,../../../../Gui/CachedFontProvider/Include,../../../../Gui/DependencySystem/Include);
                GCC_PREPROCESSOR_DEFINITIONS = ("NS_BUILD","NS_CONFIG=Profile","NS_VERSION=2.2.1","NS_APP_FRAMEWORK","NS_STATIC_LIBRARY","NS_PROFILE","NS_MINIMUM_LOG_LEVEL=2","HAVE_GLES2_GL2_H","$(inherited)");
                LIBRARY_SEARCH_PATHS = (../../../../../../Lib/ios);
                OTHER_LDFLAGS = ();
                STRIP_STYLE = all;
                CONFIGURATION_BUILD_DIR = "$(PROJECT_DIR)/../../../../../../Bin/ios";
                CONFIGURATION_TEMP_DIR = "$(PROJECT_DIR)/build/$(CONFIGURATION)";
                USE_HEADERMAP = NO;
            };
            name = Profile;
        };
        9B784BA1EC944AA39D5B8FC8 = {
            isa = XCBuildConfiguration;
            buildSettings = {
                PRODUCT_BUNDLE_IDENTIFIER = "com.noesisengine.Samples-Sample";
                PRODUCT_NAME = "$(TARGET_NAME)";
                CURRENT_PROJECT_VERSION = 2.2.1;
                DYLIB_COMPATIBILITY_VERSION = "$(CURRENT_PROJECT_VERSION)";
                DYLIB_CURRENT_VERSION = "$(CURRENT_PROJECT_VERSION)";
                GCC_INPUT_FILETYPE = "sourcecode.cpp.objcpp";
                ASSETCATALOG_COMPILER_APPICON_NAME = AppIcon;
                CODE_SIGN_STYLE = Automatic;
                CODE_SIGN_IDENTITY = "iPhone Developer";
                INFOPLIST_FILE = "$(PROJECT_DIR)/info.plist";
                TARGETED_DEVICE_FAMILY = "1,2";
            };
            name = Profile;
        };
        5AC6721F7D294CC4BD0D04D9 = {
            isa = XCBuildConfiguration;
            baseConfigurationReference = B828661EEC614893A4586497;
            buildSettings = {
                SDKROOT = iphoneos;
                IPHONEOS_DEPLOYMENT_TARGET = 7.0;
                ARCHS = "$(ARCHS_STANDARD)";
                HEADER_SEARCH_PATHS = (../../../../Core/NSTL/Include,../../../../Math/Utils/Include,../../../../Math/VectorMath/Include,../../../../App/Providers/Include,../../../../../../3rdParty/EASTL/local/include,../../../../Samples/Menu3D/Include,../../../../Drawing/Types/Include,../../../../App/Interactivity/Include,../../../../Core/TypeConverter/Include,../../../../App/Display/Include,../../../../App/Launcher/Include,../../../../Core/Nullable/Include,../../../../Gui/Core/Include,../../../../Gui/Animation/Include,../../../../../../Include,../../../../App/ApplicationLauncher/Include,../../../../Gui/Providers/Include,../../../../App/DisplayLauncher/Include,../../../../Core/Kernel/Include,../../../../Gui/CachedFontProvider/Include,../../../../Gui/DependencySystem/Include);
                GCC_PREPROCESSOR_DEFINITIONS = ("NS_BUILD","NS_CONFIG=Debug","NS_VERSION=2.2.1","NS_APP_FRAMEWORK","NS_STATIC_LIBRARY","NS_DEBUG","NS_PROFILE","NS_MINIMUM_LOG_LEVEL=1","HAVE_GLES2_GL2_H","$(inherited)");
                LIBRARY_SEARCH_PATHS = (../../../../../../Lib/ios);
                OTHER_LDFLAGS = ();
                STRIP_STYLE = all;
                CONFIGURATION_BUILD_DIR = "$(PROJECT_DIR)/../../../../../../Bin/ios";
                CONFIGURATION_TEMP_DIR = "$(PROJECT_DIR)/build/$(CONFIGURATION)";
                USE_HEADERMAP = NO;
            };
            name = Debug;
        };
        AFE1DC6430DA49EA90DFBC5D = {
            isa = XCBuildConfiguration;
            buildSettings = {
                PRODUCT_BUNDLE_IDENTIFIER = "com.noesisengine.Samples-Sample";
                PRODUCT_NAME = "$(TARGET_NAME)";
                CURRENT_PROJECT_VERSION = 2.2.1;
                DYLIB_COMPATIBILITY_VERSION = "$(CURRENT_PROJECT_VERSION)";
                DYLIB_CURRENT_VERSION = "$(CURRENT_PROJECT_VERSION)";
                GCC_INPUT_FILETYPE = "sourcecode.cpp.objcpp";
                ASSETCATALOG_COMPILER_APPICON_NAME = AppIcon;
                CODE_SIGN_STYLE = Automatic;
                CODE_SIGN_IDENTITY = "iPhone Developer";
                INFOPLIST_FILE = "$(PROJECT_DIR)/info.plist";
                TARGETED_DEVICE_FAMILY = "1,2";
            };
            name = Debug;
        };
/* End XCBuildConfiguration section */

/* Begin XCConfigurationList section */
        ECF51B45AEDE42CDA4977B18 = {
            isa = XCConfigurationList;
            buildConfigurations = (051BDF07A7054AC78096BF4B,F9719CF509BC4BE4971289BC,5AC6721F7D294CC4BD0D04D9);
            defaultConfigurationIsVisible = 0;
            defaultConfigurationName = Release;
        };

        074DED0D0B7A4CCD9122D082 = {
            isa = XCConfigurationList;
            buildConfigurations = (106B0E59E3DA4A41AF22B5AB,9B784BA1EC944AA39D5B8FC8,AFE1DC6430DA49EA90DFBC5D);
            defaultConfigurationIsVisible = 0;
            defaultConfigurationName = Release;
        };
/* End XCConfigurationList section */
    };
    rootObject = 298D3BF231EB4B9481568075;
}
