// !$*UTF8*$!
{
    archiveVersion = 1;
    classes = {};
    objectVersion = 46;
    objects = {

/* Begin PBXBuildFile section */
        ABCB78BDCFB946A28F18E9D8 /* Settings.xaml in Sources */ = {isa = PBXBuildFile; fileRef = 50A2D9D0567343789C25089E /* Settings.xaml */; };
        3C0614C4696242D798D9AA94 /* HermeneusOne-Regular.ttf in Sources */ = {isa = PBXBuildFile; fileRef = 179E1D4C7E3046E9BEB32958 /* HermeneusOne-Regular.ttf */; };
        A50A46BDAA8D43269921E3F2 /* Main.cpp in Sources */ = {isa = PBXBuildFile; fileRef = 66429C1DDE7543FCA3531B0E /* Main.cpp */; };
        ADF6A731993243648F5843BB /* LaunchScreen.storyboard in Resources */ = {isa = PBXBuildFile; fileRef = E9AF89F6AB844D96AFFF70A4 /* LaunchScreen.storyboard */; };
        51CB0DB673AA4D5CACC8C60E /* Assets.xcassets in Resources */ = {isa = PBXBuildFile; fileRef = 12AF175B166740C792132CC5 /* Assets.xcassets */; };
        25EEF77A42324E32BD7A3F3B /* CoreGraphics.framework in Frameworks */ = {isa = PBXBuildFile; fileRef = 98DA6AAEE09546AAAD9264B8 /* CoreGraphics.framework */; };
        6B30B35D4BD544958EA63CF4 /* UIKit.framework in Frameworks */ = {isa = PBXBuildFile; fileRef = BBB2DB632F92401B8CA44D52 /* UIKit.framework */; };
        BBFCB29BCC09414FA262DFCC /* OpenGLES.framework in Frameworks */ = {isa = PBXBuildFile; fileRef = E6C106A2F1D1401393586054 /* OpenGLES.framework */; };
        53305EB5E53E4105864BF747 /* AudioToolbox.framework in Frameworks */ = {isa = PBXBuildFile; fileRef = FF5AB953075944F4A2103C9D /* AudioToolbox.framework */; };
        C0FDE3406CA246B09851A4AD /* CoreFoundation.framework in Frameworks */ = {isa = PBXBuildFile; fileRef = 33A9E414D1564795B0D766A7 /* CoreFoundation.framework */; };
        9EF9623342554F51AD9C49D5 /* CoreText.framework in Frameworks */ = {isa = PBXBuildFile; fileRef = 3380F5603CB048948D4F4B7A /* CoreText.framework */; };
        E03D9851149848D39DE52EF6 /* QuartzCore.framework in Frameworks */ = {isa = PBXBuildFile; fileRef = 323E5C5B80BC4EB89063AAE3 /* QuartzCore.framework */; };
        FDE452A6AE8441A6A7C3DEC6 /* AVFoundation.framework in Frameworks */ = {isa = PBXBuildFile; fileRef = E1D95EFB117E43BEA180B44E /* AVFoundation.framework */; };
        A23A9F44A3F1472E8711CED2 /* libNoesis.a in Frameworks */ = {isa = PBXBuildFile; fileRef = 45D773604CE34794A02D8368 /* libNoesis.a */; };
        8334E03ACE2E40B88E2711D9 /* libNoesisApp.a in Frameworks */ = {isa = PBXBuildFile; fileRef = B688331BC1A14B4B82E38E72 /* libNoesisApp.a */; };
/* End PBXBuildFile section */

/* Begin PBXFileReference section */
        632904AD75234DF1B9D578CC /* Samples.Integration.app */ = {isa = PBXFileReference; explicitFileType = wrapper.application; includeInIndex = 0; path = Samples.Integration.app; sourceTree = BUILT_PRODUCTS_DIR; };
        98DA6AAEE09546AAAD9264B8 /* CoreGraphics.framework */ = {isa = PBXFileReference; lastKnownFileType = wrapper.framework; name = "CoreGraphics.framework"; path = "System/Library/Frameworks/CoreGraphics.framework"; sourceTree = SDKROOT; };
        BBB2DB632F92401B8CA44D52 /* UIKit.framework */ = {isa = PBXFileReference; lastKnownFileType = wrapper.framework; name = "UIKit.framework"; path = "System/Library/Frameworks/UIKit.framework"; sourceTree = SDKROOT; };
        E6C106A2F1D1401393586054 /* OpenGLES.framework */ = {isa = PBXFileReference; lastKnownFileType = wrapper.framework; name = "OpenGLES.framework"; path = "System/Library/Frameworks/OpenGLES.framework"; sourceTree = SDKROOT; };
        FF5AB953075944F4A2103C9D /* AudioToolbox.framework */ = {isa = PBXFileReference; lastKnownFileType = wrapper.framework; name = "AudioToolbox.framework"; path = "System/Library/Frameworks/AudioToolbox.framework"; sourceTree = SDKROOT; };
        33A9E414D1564795B0D766A7 /* CoreFoundation.framework */ = {isa = PBXFileReference; lastKnownFileType = wrapper.framework; name = "CoreFoundation.framework"; path = "System/Library/Frameworks/CoreFoundation.framework"; sourceTree = SDKROOT; };
        3380F5603CB048948D4F4B7A /* CoreText.framework */ = {isa = PBXFileReference; lastKnownFileType = wrapper.framework; name = "CoreText.framework"; path = "System/Library/Frameworks/CoreText.framework"; sourceTree = SDKROOT; };
        323E5C5B80BC4EB89063AAE3 /* QuartzCore.framework */ = {isa = PBXFileReference; lastKnownFileType = wrapper.framework; name = "QuartzCore.framework"; path = "System/Library/Frameworks/QuartzCore.framework"; sourceTree = SDKROOT; };
        E1D95EFB117E43BEA180B44E /* AVFoundation.framework */ = {isa = PBXFileReference; lastKnownFileType = wrapper.framework; name = "AVFoundation.framework"; path = "System/Library/Frameworks/AVFoundation.framework"; sourceTree = SDKROOT; };
        45D773604CE34794A02D8368 /* libNoesis.a */ = {isa = PBXFileReference; lastKnownFileType = archive.ar; name = "libNoesis.a"; path = "../../../../../../Lib/ios/libNoesis.a"; sourceTree = SOURCE_ROOT; };
        B688331BC1A14B4B82E38E72 /* libNoesisApp.a */ = {isa = PBXFileReference; lastKnownFileType = archive.ar; name = "libNoesisApp.a"; path = "../../../../../../Lib/ios/libNoesisApp.a"; sourceTree = SOURCE_ROOT; };
        0546E5836B364B0B96C087B1 /* Common.xcconfig */ = {isa = PBXFileReference; lastKnownFileType = text.xcconfig; name = "Common.xcconfig"; path = "../../../../../../Config/Common.xcconfig"; sourceTree = SOURCE_ROOT; };
        33801E1D41374799B023BFCB /* Release.xcconfig */ = {isa = PBXFileReference; lastKnownFileType = text.xcconfig; name = "Release.xcconfig"; path = "../../../../../../Config/Release/Release.xcconfig"; sourceTree = SOURCE_ROOT; };
        EAB0C55CEE5B49B094F7CDE5 /* Profile.xcconfig */ = {isa = PBXFileReference; lastKnownFileType = text.xcconfig; name = "Profile.xcconfig"; path = "../../../../../../Config/Profile/Profile.xcconfig"; sourceTree = SOURCE_ROOT; };
        ED92B07018D243828FD55A7E /* Debug.xcconfig */ = {isa = PBXFileReference; lastKnownFileType = text.xcconfig; name = "Debug.xcconfig"; path = "../../../../../../Config/Debug/Debug.xcconfig"; sourceTree = SOURCE_ROOT; };
        66429C1DDE7543FCA3531B0E /* Main.cpp */ = {isa = PBXFileReference; lastKnownFileType = sourcecode.cpp.cpp; name = "Main.cpp"; path = "../../Src/Main.cpp"; sourceTree = SOURCE_ROOT; };
        50A2D9D0567343789C25089E /* Settings.xaml */ = {isa = PBXFileReference; lastKnownFileType = file; name = "Settings.xaml"; path = "../../Src/Settings.xaml"; sourceTree = SOURCE_ROOT; };
        179E1D4C7E3046E9BEB32958 /* HermeneusOne-Regular.ttf */ = {isa = PBXFileReference; lastKnownFileType = file; name = "HermeneusOne-Regular.ttf"; path = "../../Src/HermeneusOne-Regular.ttf"; sourceTree = SOURCE_ROOT; };
        EE4B54ED0D37408FB3A2404B /* info.plist */ = {isa = PBXFileReference; lastKnownFileType = text.plist.xml; name = "info.plist"; path = "info.plist"; sourceTree = SOURCE_ROOT; };
        E9AF89F6AB844D96AFFF70A4 /* LaunchScreen.storyboard */ = {isa = PBXFileReference; lastKnownFileType = file.storyboard; name = "LaunchScreen.storyboard"; path = "LaunchScreen.storyboard"; sourceTree = SOURCE_ROOT; };
        12AF175B166740C792132CC5 /* Assets.xcassets */ = {isa = PBXFileReference; lastKnownFileType = folder.assetcatalog; name = "Assets.xcassets"; path = "Assets.xcassets"; sourceTree = SOURCE_ROOT; };
/* End PBXFileReference section */

/* Begin PBXGroup section */
        4D8F0C12000B4243A11D9701 = {
            isa = PBXGroup;
            children = (
                66429C1DDE7543FCA3531B0E,
            );
            name = Src;
            sourceTree = "<group>";
        };
        E8E949D4C63B4AF4B4CB470F = {
            isa = PBXGroup;
            children = (
                50A2D9D0567343789C25089E,
                179E1D4C7E3046E9BEB32958,
            );
            name = Data;
            sourceTree = "<group>";
        };
        1FC6677F8D4748CE91881584 = {
            isa = PBXGroup;
            children = (
                EE4B54ED0D37408FB3A2404B,
                E9AF89F6AB844D96AFFF70A4,
                12AF175B166740C792132CC5,
            );
            name = Resources;
            sourceTree = "<group>";
        };
        9798BC8E48A64484A6B5CF62 = {
            isa = PBXGroup;
            children = (
                33801E1D41374799B023BFCB,
                EAB0C55CEE5B49B094F7CDE5,
                0546E5836B364B0B96C087B1,
                ED92B07018D243828FD55A7E,
            );
            name = Config;
            sourceTree = "<group>";
        };
        F80AF6AEF7234D62BCB32D52 = {
            isa = PBXGroup;
            children = (
                632904AD75234DF1B9D578CC,
            );
            name = Products;
            sourceTree = "<group>";
        };
        F2DB1B0463AE4BECA81BC491 = {
            isa = PBXGroup;
            children = (
                98DA6AAEE09546AAAD9264B8,
                BBB2DB632F92401B8CA44D52,
                E6C106A2F1D1401393586054,
                FF5AB953075944F4A2103C9D,
                33A9E414D1564795B0D766A7,
                3380F5603CB048948D4F4B7A,
                323E5C5B80BC4EB89063AAE3,
                E1D95EFB117E43BEA180B44E,
                45D773604CE34794A02D8368,
                B688331BC1A14B4B82E38E72,
            );
            name = Dependencies;
            sourceTree = "<group>";
        };
        47EB87899FFC456388611C7F = {
            isa = PBXGroup;
            children = (
                4D8F0C12000B4243A11D9701,
                E8E949D4C63B4AF4B4CB470F,
                1FC6677F8D4748CE91881584,
                9798BC8E48A64484A6B5CF62,
                F80AF6AEF7234D62BCB32D52,
                F2DB1B0463AE4BECA81BC491,
                0EA5138905D84FE395876CCD,
            );
            sourceTree = "<group>";
        };
/* End PBXGroup section */

/* Begin PBXSourcesBuildPhase section */
        FEEC3AAC57F7438BBFEE5D5F = {
            isa = PBXSourcesBuildPhase;
            buildActionMask = 2147483647;
            files = (
                ABCB78BDCFB946A28F18E9D8,
                3C0614C4696242D798D9AA94,
                A50A46BDAA8D43269921E3F2,
            );
            runOnlyForDeploymentPostprocessing = 0;
        };
/* End PBXSourcesBuildPhase section */

/* Begin PBXBuildRule section */
        94555EAF728C48A18F9CDBF7 = {
            isa = PBXBuildRule;
            compilerSpec = com.apple.compilers.proxy.script;
            filePatterns = "*.xaml *.ttf";
            fileType = pattern.proxy;
            isEditable = 0;
            outputFiles = (
                "${DERIVED_FILE_DIR}/${INPUT_FILE_NAME}.bin.h"
            );
            script = "../../../../../Tools/Bin2h/bin2h.py \"${INPUT_FILE_PATH}\" > \"${DERIVED_SOURCES_DIR}/${INPUT_FILE_NAME}.bin.h\"";
        };
/* End PBXBuildRule section */

/* Begin PBXFrameworksBuildPhase section */
        9A822989F47741A883FF6C48 = {
            isa = PBXFrameworksBuildPhase;
            buildActionMask = 2147483647;
            files = (
                25EEF77A42324E32BD7A3F3B,
                6B30B35D4BD544958EA63CF4,
                BBFCB29BCC09414FA262DFCC,
                53305EB5E53E4105864BF747,
                C0FDE3406CA246B09851A4AD,
                9EF9623342554F51AD9C49D5,
                E03D9851149848D39DE52EF6,
                FDE452A6AE8441A6A7C3DEC6,
                A23A9F44A3F1472E8711CED2,
                8334E03ACE2E40B88E2711D9,
            );
            runOnlyForDeploymentPostprocessing = 0;
        };
/* End PBXFrameworksBuildPhase section */

/* Begin PBXResourcesBuildPhase section */
        22D30041EF6F4E5DB3434504 = {
            isa = PBXResourcesBuildPhase;
            buildActionMask = 2147483647;
            files = (
                ADF6A731993243648F5843BB,
                51CB0DB673AA4D5CACC8C60E,
            );
            runOnlyForDeploymentPostprocessing = 0;
        };
/* End PBXResourcesBuildPhase section */

/* Begin PBXCopyFilesBuildPhase section */
        B61F2636F05D46D1A385DA16 = {
            isa = PBXCopyFilesBuildPhase;
            buildActionMask = 2147483647;
            dstPath = "";
            dstSubfolderSpec = 10;
            files = (
            );
            runOnlyForDeploymentPostprocessing = 0;
        };
/* End PBXCopyFilesBuildPhase section */

/* Begin PBXNativeTarget section */
        8862D9AE31A430EAA02533C6 = {
            isa = PBXNativeTarget;
            buildConfigurationList = 1A35FDDF64FE40BAA583B289;
            buildPhases = (
                FEEC3AAC57F7438BBFEE5D5F,
                9A822989F47741A883FF6C48,
                22D30041EF6F4E5DB3434504,
                B61F2636F05D46D1A385DA16,
            );
            buildRules = (
                94555EAF728C48A18F9CDBF7,
            );
            dependencies = ();
            name = Samples.Integration;
            productName = Samples.Integration;
            productReference = 632904AD75234DF1B9D578CC;
            productType = "com.apple.product-type.application";
        };
/* End PBXNativeTarget section */

/* Begin PBXProject section */
        7FCA6A9FF25345A8A04258EB = {
            isa = PBXProject;
            attributes = {};
            buildConfigurationList = 57C3001078F9408CA4F28608;
            compatibilityVersion = "Xcode 3.2";
            developmentRegion = English;
            hasScannedForEncodings = 0;
            knownRegions = (en,);
            mainGroup = 47EB87899FFC456388611C7F;
            productRefGroup = F80AF6AEF7234D62BCB32D52;
            projectDirPath = "";
            projectRoot = "";
            targets = (8862D9AE31A430EAA02533C6,);
        };
/* End PBXProject section */

/* Begin XCBuildConfiguration section */
        101A9A01D54F42608FBAA0B6 = {
            isa = XCBuildConfiguration;
            baseConfigurationReference = 33801E1D41374799B023BFCB;
            buildSettings = {
                SDKROOT = iphoneos;
                IPHONEOS_DEPLOYMENT_TARGET = 7.0;
                ARCHS = "$(ARCHS_STANDARD)";
                HEADER_SEARCH_PATHS = (../../../../Samples/Integration/Include,../../../../Core/NSTL/Include,../../../../../../3rdParty/EASTL/local/include,../../../../App/Providers/Include,../../../../Drawing/Types/Include,../../../../Math/Utils/Include,../../../../App/Display/Include,../../../../Render/RenderContext/Include,../../../../App/Launcher/Include,../../../../Gui/CachedFontProvider/Include,../../../../../../Include,../../../../Math/VectorMath/Include,../../../../Gui/Providers/Include,../../../../Gui/Core/Include,../../../../Core/Kernel/Include,../../../../Core/Nullable/Include,../../../../Gui/DependencySystem/Include);
                GCC_PREPROCESSOR_DEFINITIONS = ("NS_BUILD","NS_CONFIG=Release","NS_VERSION=2.2.1","NS_APP_FRAMEWORK","NS_STATIC_LIBRARY","HAVE_GLES2_GL2_H","$(inherited)");
                LIBRARY_SEARCH_PATHS = (../../../../../../Lib/ios);
                OTHER_LDFLAGS = ();
                STRIP_STYLE = all;
                CONFIGURATION_BUILD_DIR = "$(PROJECT_DIR)/../../../../../../Bin/ios";
                CONFIGURATION_TEMP_DIR = "$(PROJECT_DIR)/build/$(CONFIGURATION)";
                USE_HEADERMAP = NO;
            };
            name = Release;
        };
        CABB07C2D7464E1D9D7B8F81 = {
            isa = XCBuildConfiguration;
            buildSettings = {
                PRODUCT_BUNDLE_IDENTIFIER = "com.noesisengine.Samples-Sample";
                PRODUCT_NAME = "$(TARGET_NAME)";
                CURRENT_PROJECT_VERSION = 2.2.1;
                DYLIB_COMPATIBILITY_VERSION = "$(CURRENT_PROJECT_VERSION)";
                DYLIB_CURRENT_VERSION = "$(CURRENT_PROJECT_VERSION)";
                GCC_INPUT_FILETYPE = "sourcecode.cpp.objcpp";
                ASSETCATALOG_COMPILER_APPICON_NAME = AppIcon;
                CODE_SIGN_STYLE = Automatic;
                CODE_SIGN_IDENTITY = "iPhone Developer";
                INFOPLIST_FILE = "$(PROJECT_DIR)/info.plist";
                TARGETED_DEVICE_FAMILY = "1,2";
            };
            name = Release;
        };
        37BCD8B82AD94A94BBA42544 = {
            isa = XCBuildConfiguration;
            baseConfigurationReference = EAB0C55CEE5B49B094F7CDE5;
            buildSettings = {
                SDKROOT = iphoneos;
                IPHONEOS_DEPLOYMENT_TARGET = 7.0;
                ARCHS = "$(ARCHS_STANDARD)";
                HEADER_SEARCH_PATHS = (../../../../Samples/Integration/Include,../../../../Core/NSTL/Include,../../../../../../3rdParty/EASTL/local/include,../../../../App/Providers/Include,../../../../Drawing/Types/Include,../../../../Math/Utils/Include,../../../../App/Display/Include,../../../../Render/RenderContext/Include,../../../../App/Launcher/Include,../../../../Gui/CachedFontProvider/Include,../../../../../../Include,../../../../Math/VectorMath/Include,../../../../Gui/Providers/Include,../../../../Gui/Core/Include,../../../../Core/Kernel/Include,../../../../Core/Nullable/Include,../../../../Gui/DependencySystem/Include);
                GCC_PREPROCESSOR_DEFINITIONS = ("NS_BUILD","NS_CONFIG=Profile","NS_VERSION=2.2.1","NS_APP_FRAMEWORK","NS_STATIC_LIBRARY","NS_PROFILE","NS_MINIMUM_LOG_LEVEL=2","HAVE_GLES2_GL2_H","$(inherited)");
                LIBRARY_SEARCH_PATHS = (../../../../../../Lib/ios);
                OTHER_LDFLAGS = ();
                STRIP_STYLE = all;
                CONFIGURATION_BUILD_DIR = "$(PROJECT_DIR)/../../../../../../Bin/ios";
                CONFIGURATION_TEMP_DIR = "$(PROJECT_DIR)/build/$(CONFIGURATION)";
                USE_HEADERMAP = NO;
            };
            name = Profile;
        };
        2EE7B51262324363841B0E26 = {
            isa = XCBuildConfiguration;
            buildSettings = {
                PRODUCT_BUNDLE_IDENTIFIER = "com.noesisengine.Samples-Sample";
                PRODUCT_NAME = "$(TARGET_NAME)";
                CURRENT_PROJECT_VERSION = 2.2.1;
                DYLIB_COMPATIBILITY_VERSION = "$(CURRENT_PROJECT_VERSION)";
                DYLIB_CURRENT_VERSION = "$(CURRENT_PROJECT_VERSION)";
                GCC_INPUT_FILETYPE = "sourcecode.cpp.objcpp";
                ASSETCATALOG_COMPILER_APPICON_NAME = AppIcon;
                CODE_SIGN_STYLE = Automatic;
                CODE_SIGN_IDENTITY = "iPhone Developer";
                INFOPLIST_FILE = "$(PROJECT_DIR)/info.plist";
                TARGETED_DEVICE_FAMILY = "1,2";
            };
            name = Profile;
        };
        CFF8575DC3DA46798FEFC244 = {
            isa = XCBuildConfiguration;
            baseConfigurationReference = ED92B07018D243828FD55A7E;
            buildSettings = {
                SDKROOT = iphoneos;
                IPHONEOS_DEPLOYMENT_TARGET = 7.0;
                ARCHS = "$(ARCHS_STANDARD)";
                HEADER_SEARCH_PATHS = (../../../../Samples/Integration/Include,../../../../Core/NSTL/Include,../../../../../../3rdParty/EASTL/local/include,../../../../App/Providers/Include,../../../../Drawing/Types/Include,../../../../Math/Utils/Include,../../../../App/Display/Include,../../../../Render/RenderContext/Include,../../../../App/Launcher/Include,../../../../Gui/CachedFontProvider/Include,../../../../../../Include,../../../../Math/VectorMath/Include,../../../../Gui/Providers/Include,../../../../Gui/Core/Include,../../../../Core/Kernel/Include,../../../../Core/Nullable/Include,../../../../Gui/DependencySystem/Include);
                GCC_PREPROCESSOR_DEFINITIONS = ("NS_BUILD","NS_CONFIG=Debug","NS_VERSION=2.2.1","NS_APP_FRAMEWORK","NS_STATIC_LIBRARY","NS_DEBUG","NS_PROFILE","NS_MINIMUM_LOG_LEVEL=1","HAVE_GLES2_GL2_H","$(inherited)");
                LIBRARY_SEARCH_PATHS = (../../../../../../Lib/ios);
                OTHER_LDFLAGS = ();
                STRIP_STYLE = all;
                CONFIGURATION_BUILD_DIR = "$(PROJECT_DIR)/../../../../../../Bin/ios";
                CONFIGURATION_TEMP_DIR = "$(PROJECT_DIR)/build/$(CONFIGURATION)";
                USE_HEADERMAP = NO;
            };
            name = Debug;
        };
        635D9FB1EBDD4C5584B9D132 = {
            isa = XCBuildConfiguration;
            buildSettings = {
                PRODUCT_BUNDLE_IDENTIFIER = "com.noesisengine.Samples-Sample";
                PRODUCT_NAME = "$(TARGET_NAME)";
                CURRENT_PROJECT_VERSION = 2.2.1;
                DYLIB_COMPATIBILITY_VERSION = "$(CURRENT_PROJECT_VERSION)";
                DYLIB_CURRENT_VERSION = "$(CURRENT_PROJECT_VERSION)";
                GCC_INPUT_FILETYPE = "sourcecode.cpp.objcpp";
                ASSETCATALOG_COMPILER_APPICON_NAME = AppIcon;
                CODE_SIGN_STYLE = Automatic;
                CODE_SIGN_IDENTITY = "iPhone Developer";
                INFOPLIST_FILE = "$(PROJECT_DIR)/info.plist";
                TARGETED_DEVICE_FAMILY = "1,2";
            };
            name = Debug;
        };
/* End XCBuildConfiguration section */

/* Begin XCConfigurationList section */
        57C3001078F9408CA4F28608 = {
            isa = XCConfigurationList;
            buildConfigurations = (101A9A01D54F42608FBAA0B6,37BCD8B82AD94A94BBA42544,CFF8575DC3DA46798FEFC244);
            defaultConfigurationIsVisible = 0;
            defaultConfigurationName = Release;
        };

        1A35FDDF64FE40BAA583B289 = {
            isa = XCConfigurationList;
            buildConfigurations = (CABB07C2D7464E1D9D7B8F81,2EE7B51262324363841B0E26,635D9FB1EBDD4C5584B9D132);
            defaultConfigurationIsVisible = 0;
            defaultConfigurationName = Release;
        };
/* End XCConfigurationList section */
    };
    rootObject = 7FCA6A9FF25345A8A04258EB;
}
