// !$*UTF8*$!
{
    archiveVersion = 1;
    classes = {};
    objectVersion = 46;
    objects = {

/* Begin PBXBuildFile section */
        1982387381084DF4BCD70113 /* App.xaml in Sources */ = {isa = PBXBuildFile; fileRef = BB6D1A62A8204BE7A920B09A /* App.xaml */; };
        9C0E757F2A294BA3A9B914F7 /* MainWindow.xaml in Sources */ = {isa = PBXBuildFile; fileRef = 65120354D5174B91A577318E /* MainWindow.xaml */; };
        55AF23EC55364610840163C5 /* Resources.xaml in Sources */ = {isa = PBXBuildFile; fileRef = B9030F3923654AC99952F168 /* Resources.xaml */; };
        AD072CB33ABA4A92823DA7CA /* Login.mp3 in Sources */ = {isa = PBXBuildFile; fileRef = 4182107610134E6BB26D08EA /* Login.mp3 */; };
        B1FE0A0C8D0942C797E3AB95 /* Fail.mp3 in Sources */ = {isa = PBXBuildFile; fileRef = AEFE9FC5E5A6437186CB9CA8 /* Fail.mp3 */; };
        3EF31EE117B540C4804640C4 /* Aero Matics Regular.ttf in Sources */ = {isa = PBXBuildFile; fileRef = 7EC42CE176994BD2819AE3A8 /* Aero Matics Regular.ttf */; };
        7090118145CD442C976B7AB8 /* App.xaml.cpp in Sources */ = {isa = PBXBuildFile; fileRef = AB48B6DE02C9460AADA721B8 /* App.xaml.cpp */; };
        7A23ABB9E35549AB950CA7B7 /* ViewModel.cpp in Sources */ = {isa = PBXBuildFile; fileRef = C81F1EB4EC994784B273A801 /* ViewModel.cpp */; };
        CC048970D233485496DBEF57 /* Main.cpp in Sources */ = {isa = PBXBuildFile; fileRef = 9CF0BAE1C20041108FDECDE5 /* Main.cpp */; };
        8391FCD10F984733888CF2A7 /* MainWindow.xaml.cpp in Sources */ = {isa = PBXBuildFile; fileRef = A9CEDF504026465EACC639C1 /* MainWindow.xaml.cpp */; };
        F716B035A31E46C0A0F5D559 /* LaunchScreen.storyboard in Resources */ = {isa = PBXBuildFile; fileRef = B47A612495AA4F0DACF52F51 /* LaunchScreen.storyboard */; };
        F5036DB883F54EEE99C5D25E /* Assets.xcassets in Resources */ = {isa = PBXBuildFile; fileRef = 18C0DF8F9A814825ADEF94E9 /* Assets.xcassets */; };
        BBA8D461032B43AC83406CC9 /* CoreGraphics.framework in Frameworks */ = {isa = PBXBuildFile; fileRef = 9163506E488444B9929465FB /* CoreGraphics.framework */; };
        C8F0BABA76F54D1B96FCACB0 /* UIKit.framework in Frameworks */ = {isa = PBXBuildFile; fileRef = 964A6BC6883345C99D916E01 /* UIKit.framework */; };
        46589873EC77422CA2D8203C /* OpenGLES.framework in Frameworks */ = {isa = PBXBuildFile; fileRef = A42713A26CFA49ABB71C4B06 /* OpenGLES.framework */; };
        1DAF6D0DB9A0474599651691 /* AudioToolbox.framework in Frameworks */ = {isa = PBXBuildFile; fileRef = E4AD02F9AAF942099D74584D /* AudioToolbox.framework */; };
        EF8E1C27AE8A4CFAA7D9C63E /* CoreFoundation.framework in Frameworks */ = {isa = PBXBuildFile; fileRef = 1351DF666AF14713A7894A70 /* CoreFoundation.framework */; };
        AD6D1C277CA9479AA71C0A5F /* CoreText.framework in Frameworks */ = {isa = PBXBuildFile; fileRef = 4195F4F8836549888E2BE06D /* CoreText.framework */; };
        A09EFE77DEEE4399AAD9DC18 /* QuartzCore.framework in Frameworks */ = {isa = PBXBuildFile; fileRef = 935B15AAC9DA4ED78E07F9DE /* QuartzCore.framework */; };
        5D42A740BDF940C88691AC9E /* AVFoundation.framework in Frameworks */ = {isa = PBXBuildFile; fileRef = 1852FDD89CB548BEB6685A34 /* AVFoundation.framework */; };
        E41AA26DD11E431EA6CE135E /* libNoesis.a in Frameworks */ = {isa = PBXBuildFile; fileRef = 8B5D3EA56E4549CCA61F91D4 /* libNoesis.a */; };
        7285B8EDFF4D411483D193A2 /* libNoesisApp.a in Frameworks */ = {isa = PBXBuildFile; fileRef = 528BC89E37F7459F807BBC18 /* libNoesisApp.a */; };
/* End PBXBuildFile section */

/* Begin PBXFileReference section */
        558E3F25B0BB4C8EAC479E69 /* Samples.Login.app */ = {isa = PBXFileReference; explicitFileType = wrapper.application; includeInIndex = 0; path = Samples.Login.app; sourceTree = BUILT_PRODUCTS_DIR; };
        9163506E488444B9929465FB /* CoreGraphics.framework */ = {isa = PBXFileReference; lastKnownFileType = wrapper.framework; name = "CoreGraphics.framework"; path = "System/Library/Frameworks/CoreGraphics.framework"; sourceTree = SDKROOT; };
        964A6BC6883345C99D916E01 /* UIKit.framework */ = {isa = PBXFileReference; lastKnownFileType = wrapper.framework; name = "UIKit.framework"; path = "System/Library/Frameworks/UIKit.framework"; sourceTree = SDKROOT; };
        A42713A26CFA49ABB71C4B06 /* OpenGLES.framework */ = {isa = PBXFileReference; lastKnownFileType = wrapper.framework; name = "OpenGLES.framework"; path = "System/Library/Frameworks/OpenGLES.framework"; sourceTree = SDKROOT; };
        E4AD02F9AAF942099D74584D /* AudioToolbox.framework */ = {isa = PBXFileReference; lastKnownFileType = wrapper.framework; name = "AudioToolbox.framework"; path = "System/Library/Frameworks/AudioToolbox.framework"; sourceTree = SDKROOT; };
        1351DF666AF14713A7894A70 /* CoreFoundation.framework */ = {isa = PBXFileReference; lastKnownFileType = wrapper.framework; name = "CoreFoundation.framework"; path = "System/Library/Frameworks/CoreFoundation.framework"; sourceTree = SDKROOT; };
        4195F4F8836549888E2BE06D /* CoreText.framework */ = {isa = PBXFileReference; lastKnownFileType = wrapper.framework; name = "CoreText.framework"; path = "System/Library/Frameworks/CoreText.framework"; sourceTree = SDKROOT; };
        935B15AAC9DA4ED78E07F9DE /* QuartzCore.framework */ = {isa = PBXFileReference; lastKnownFileType = wrapper.framework; name = "QuartzCore.framework"; path = "System/Library/Frameworks/QuartzCore.framework"; sourceTree = SDKROOT; };
        1852FDD89CB548BEB6685A34 /* AVFoundation.framework */ = {isa = PBXFileReference; lastKnownFileType = wrapper.framework; name = "AVFoundation.framework"; path = "System/Library/Frameworks/AVFoundation.framework"; sourceTree = SDKROOT; };
        8B5D3EA56E4549CCA61F91D4 /* libNoesis.a */ = {isa = PBXFileReference; lastKnownFileType = archive.ar; name = "libNoesis.a"; path = "../../../../../../Lib/ios/libNoesis.a"; sourceTree = SOURCE_ROOT; };
        528BC89E37F7459F807BBC18 /* libNoesisApp.a */ = {isa = PBXFileReference; lastKnownFileType = archive.ar; name = "libNoesisApp.a"; path = "../../../../../../Lib/ios/libNoesisApp.a"; sourceTree = SOURCE_ROOT; };
        F212634AE3C943CA9C8A5AD8 /* Common.xcconfig */ = {isa = PBXFileReference; lastKnownFileType = text.xcconfig; name = "Common.xcconfig"; path = "../../../../../../Config/Common.xcconfig"; sourceTree = SOURCE_ROOT; };
        ED16EC99C1EC4E43ABACFD22 /* Release.xcconfig */ = {isa = PBXFileReference; lastKnownFileType = text.xcconfig; name = "Release.xcconfig"; path = "../../../../../../Config/Release/Release.xcconfig"; sourceTree = SOURCE_ROOT; };
        E5C7E20E7E9943A2B8062D87 /* Profile.xcconfig */ = {isa = PBXFileReference; lastKnownFileType = text.xcconfig; name = "Profile.xcconfig"; path = "../../../../../../Config/Profile/Profile.xcconfig"; sourceTree = SOURCE_ROOT; };
        7582C19DC12246BABD7AF4FE /* Debug.xcconfig */ = {isa = PBXFileReference; lastKnownFileType = text.xcconfig; name = "Debug.xcconfig"; path = "../../../../../../Config/Debug/Debug.xcconfig"; sourceTree = SOURCE_ROOT; };
        AB48B6DE02C9460AADA721B8 /* App.xaml.cpp */ = {isa = PBXFileReference; lastKnownFileType = sourcecode.cpp.cpp; name = "App.xaml.cpp"; path = "../../Src/App.xaml.cpp"; sourceTree = SOURCE_ROOT; };
        DB17D3459A1246C98B1ACC49 /* App.xaml.h */ = {isa = PBXFileReference; lastKnownFileType = sourcecode.c.h; name = "App.xaml.h"; path = "../../Src/App.xaml.h"; sourceTree = SOURCE_ROOT; };
        83DCFB30CB2A46D59195CDE8 /* ViewModel.h */ = {isa = PBXFileReference; lastKnownFileType = sourcecode.c.h; name = "ViewModel.h"; path = "../../Src/ViewModel.h"; sourceTree = SOURCE_ROOT; };
        C81F1EB4EC994784B273A801 /* ViewModel.cpp */ = {isa = PBXFileReference; lastKnownFileType = sourcecode.cpp.cpp; name = "ViewModel.cpp"; path = "../../Src/ViewModel.cpp"; sourceTree = SOURCE_ROOT; };
        0EC8423F210D4B549D262C83 /* MainWindow.xaml.h */ = {isa = PBXFileReference; lastKnownFileType = sourcecode.c.h; name = "MainWindow.xaml.h"; path = "../../Src/MainWindow.xaml.h"; sourceTree = SOURCE_ROOT; };
        9CF0BAE1C20041108FDECDE5 /* Main.cpp */ = {isa = PBXFileReference; lastKnownFileType = sourcecode.cpp.cpp; name = "Main.cpp"; path = "../../Src/Main.cpp"; sourceTree = SOURCE_ROOT; };
        A9CEDF504026465EACC639C1 /* MainWindow.xaml.cpp */ = {isa = PBXFileReference; lastKnownFileType = sourcecode.cpp.cpp; name = "MainWindow.xaml.cpp"; path = "../../Src/MainWindow.xaml.cpp"; sourceTree = SOURCE_ROOT; };
        BB6D1A62A8204BE7A920B09A /* App.xaml */ = {isa = PBXFileReference; lastKnownFileType = file; name = "App.xaml"; path = "../../Data/App.xaml"; sourceTree = SOURCE_ROOT; };
        65120354D5174B91A577318E /* MainWindow.xaml */ = {isa = PBXFileReference; lastKnownFileType = file; name = "MainWindow.xaml"; path = "../../Data/MainWindow.xaml"; sourceTree = SOURCE_ROOT; };
        B9030F3923654AC99952F168 /* Resources.xaml */ = {isa = PBXFileReference; lastKnownFileType = file; name = "Resources.xaml"; path = "../../Data/Resources.xaml"; sourceTree = SOURCE_ROOT; };
        4182107610134E6BB26D08EA /* Login.mp3 */ = {isa = PBXFileReference; lastKnownFileType = file; name = "Login.mp3"; path = "../../Data/Login.mp3"; sourceTree = SOURCE_ROOT; };
        AEFE9FC5E5A6437186CB9CA8 /* Fail.mp3 */ = {isa = PBXFileReference; lastKnownFileType = file; name = "Fail.mp3"; path = "../../Data/Fail.mp3"; sourceTree = SOURCE_ROOT; };
        7EC42CE176994BD2819AE3A8 /* Aero Matics Regular.ttf */ = {isa = PBXFileReference; lastKnownFileType = file; name = "Aero Matics Regular.ttf"; path = "../../Data/Aero Matics Regular.ttf"; sourceTree = SOURCE_ROOT; };
        E6A7FF19096B4F2FAB3916C0 /* info.plist */ = {isa = PBXFileReference; lastKnownFileType = text.plist.xml; name = "info.plist"; path = "info.plist"; sourceTree = SOURCE_ROOT; };
        B47A612495AA4F0DACF52F51 /* LaunchScreen.storyboard */ = {isa = PBXFileReference; lastKnownFileType = file.storyboard; name = "LaunchScreen.storyboard"; path = "LaunchScreen.storyboard"; sourceTree = SOURCE_ROOT; };
        18C0DF8F9A814825ADEF94E9 /* Assets.xcassets */ = {isa = PBXFileReference; lastKnownFileType = folder.assetcatalog; name = "Assets.xcassets"; path = "Assets.xcassets"; sourceTree = SOURCE_ROOT; };
/* End PBXFileReference section */

/* Begin PBXGroup section */
        079A55F693F8438192C0C372 = {
            isa = PBXGroup;
            children = (
                AB48B6DE02C9460AADA721B8,
                DB17D3459A1246C98B1ACC49,
                83DCFB30CB2A46D59195CDE8,
                C81F1EB4EC994784B273A801,
                0EC8423F210D4B549D262C83,
                9CF0BAE1C20041108FDECDE5,
                A9CEDF504026465EACC639C1,
            );
            name = Src;
            sourceTree = "<group>";
        };
        18AA67584E15465CAAA41A71 = {
            isa = PBXGroup;
            children = (
                BB6D1A62A8204BE7A920B09A,
                65120354D5174B91A577318E,
                B9030F3923654AC99952F168,
                4182107610134E6BB26D08EA,
                AEFE9FC5E5A6437186CB9CA8,
                7EC42CE176994BD2819AE3A8,
            );
            name = Data;
            sourceTree = "<group>";
        };
        699D29B1AF6747C0A29F3C05 = {
            isa = PBXGroup;
            children = (
                E6A7FF19096B4F2FAB3916C0,
                B47A612495AA4F0DACF52F51,
                18C0DF8F9A814825ADEF94E9,
            );
            name = Resources;
            sourceTree = "<group>";
        };
        043B00693BDC46E7B6476DED = {
            isa = PBXGroup;
            children = (
                ED16EC99C1EC4E43ABACFD22,
                E5C7E20E7E9943A2B8062D87,
                F212634AE3C943CA9C8A5AD8,
                7582C19DC12246BABD7AF4FE,
            );
            name = Config;
            sourceTree = "<group>";
        };
        69A142641CC645EBA60AFAB1 = {
            isa = PBXGroup;
            children = (
                558E3F25B0BB4C8EAC479E69,
            );
            name = Products;
            sourceTree = "<group>";
        };
        CA529FE36FF94595BD3B6071 = {
            isa = PBXGroup;
            children = (
                9163506E488444B9929465FB,
                964A6BC6883345C99D916E01,
                A42713A26CFA49ABB71C4B06,
                E4AD02F9AAF942099D74584D,
                1351DF666AF14713A7894A70,
                4195F4F8836549888E2BE06D,
                935B15AAC9DA4ED78E07F9DE,
                1852FDD89CB548BEB6685A34,
                8B5D3EA56E4549CCA61F91D4,
                528BC89E37F7459F807BBC18,
            );
            name = Dependencies;
            sourceTree = "<group>";
        };
        DA7679D07AD34E149B0D0A96 = {
            isa = PBXGroup;
            children = (
                079A55F693F8438192C0C372,
                18AA67584E15465CAAA41A71,
                699D29B1AF6747C0A29F3C05,
                043B00693BDC46E7B6476DED,
                69A142641CC645EBA60AFAB1,
                CA529FE36FF94595BD3B6071,
                88D55AF88791407E8174CC51,
            );
            sourceTree = "<group>";
        };
/* End PBXGroup section */

/* Begin PBXSourcesBuildPhase section */
        ACC1F054116A4259BE09798E = {
            isa = PBXSourcesBuildPhase;
            buildActionMask = 2147483647;
            files = (
                1982387381084DF4BCD70113,
                9C0E757F2A294BA3A9B914F7,
                55AF23EC55364610840163C5,
                AD072CB33ABA4A92823DA7CA,
                B1FE0A0C8D0942C797E3AB95,
                3EF31EE117B540C4804640C4,
                7090118145CD442C976B7AB8,
                7A23ABB9E35549AB950CA7B7,
                CC048970D233485496DBEF57,
                8391FCD10F984733888CF2A7,
            );
            runOnlyForDeploymentPostprocessing = 0;
        };
/* End PBXSourcesBuildPhase section */

/* Begin PBXBuildRule section */
        BF92E44091CF4215A46C4852 = {
            isa = PBXBuildRule;
            compilerSpec = com.apple.compilers.proxy.script;
            filePatterns = "*.xaml *.mp3 *.ttf";
            fileType = pattern.proxy;
            isEditable = 0;
            outputFiles = (
                "${DERIVED_FILE_DIR}/${INPUT_FILE_NAME}.bin.h"
            );
            script = "../../../../../Tools/Bin2h/bin2h.py \"${INPUT_FILE_PATH}\" > \"${DERIVED_SOURCES_DIR}/${INPUT_FILE_NAME}.bin.h\"";
        };
/* End PBXBuildRule section */

/* Begin PBXFrameworksBuildPhase section */
        B367D97E1ACB4966BD7EC90D = {
            isa = PBXFrameworksBuildPhase;
            buildActionMask = 2147483647;
            files = (
                BBA8D461032B43AC83406CC9,
                C8F0BABA76F54D1B96FCACB0,
                46589873EC77422CA2D8203C,
                1DAF6D0DB9A0474599651691,
                EF8E1C27AE8A4CFAA7D9C63E,
                AD6D1C277CA9479AA71C0A5F,
                A09EFE77DEEE4399AAD9DC18,
                5D42A740BDF940C88691AC9E,
                E41AA26DD11E431EA6CE135E,
                7285B8EDFF4D411483D193A2,
            );
            runOnlyForDeploymentPostprocessing = 0;
        };
/* End PBXFrameworksBuildPhase section */

/* Begin PBXResourcesBuildPhase section */
        3488B80528D749B5985CD660 = {
            isa = PBXResourcesBuildPhase;
            buildActionMask = 2147483647;
            files = (
                F716B035A31E46C0A0F5D559,
                F5036DB883F54EEE99C5D25E,
            );
            runOnlyForDeploymentPostprocessing = 0;
        };
/* End PBXResourcesBuildPhase section */

/* Begin PBXCopyFilesBuildPhase section */
        4F44E4A8622247CEB5D2C82A = {
            isa = PBXCopyFilesBuildPhase;
            buildActionMask = 2147483647;
            dstPath = "";
            dstSubfolderSpec = 10;
            files = (
            );
            runOnlyForDeploymentPostprocessing = 0;
        };
/* End PBXCopyFilesBuildPhase section */

/* Begin PBXNativeTarget section */
        562CA016466234B8999FA056 = {
            isa = PBXNativeTarget;
            buildConfigurationList = D2FCA9AB00204FE285D200F2;
            buildPhases = (
                ACC1F054116A4259BE09798E,
                B367D97E1ACB4966BD7EC90D,
                3488B80528D749B5985CD660,
                4F44E4A8622247CEB5D2C82A,
            );
            buildRules = (
                BF92E44091CF4215A46C4852,
            );
            dependencies = ();
            name = Samples.Login;
            productName = Samples.Login;
            productReference = 558E3F25B0BB4C8EAC479E69;
            productType = "com.apple.product-type.application";
        };
/* End PBXNativeTarget section */

/* Begin PBXProject section */
        ADC1A49615694CCF90E5C573 = {
            isa = PBXProject;
            attributes = {};
            buildConfigurationList = 213841055B644E6D8BE685D6;
            compatibilityVersion = "Xcode 3.2";
            developmentRegion = English;
            hasScannedForEncodings = 0;
            knownRegions = (en,);
            mainGroup = DA7679D07AD34E149B0D0A96;
            productRefGroup = 69A142641CC645EBA60AFAB1;
            projectDirPath = "";
            projectRoot = "";
            targets = (562CA016466234B8999FA056,);
        };
/* End PBXProject section */

/* Begin XCBuildConfiguration section */
        4E710E684A444A1C9E66A1E9 = {
            isa = XCBuildConfiguration;
            baseConfigurationReference = ED16EC99C1EC4E43ABACFD22;
            buildSettings = {
                SDKROOT = iphoneos;
                IPHONEOS_DEPLOYMENT_TARGET = 7.0;
                ARCHS = "$(ARCHS_STANDARD)";
                HEADER_SEARCH_PATHS = (../../../../Core/NSTL/Include,../../../../Samples/Login/Include,../../../../App/ApplicationLauncher/Include,../../../../../../3rdParty/EASTL/local/include,../../../../Drawing/Types/Include,../../../../App/Interactivity/Include,../../../../Math/Utils/Include,../../../../App/Display/Include,../../../../App/Launcher/Include,../../../../Core/Nullable/Include,../../../../App/DisplayLauncher/Include,../../../../Gui/CachedFontProvider/Include,../../../../Math/VectorMath/Include,../../../../Gui/Providers/Include,../../../../Gui/Core/Include,../../../../Core/Kernel/Include,../../../../App/Providers/Include,../../../../../../Include,../../../../Gui/DependencySystem/Include);
                GCC_PREPROCESSOR_DEFINITIONS = ("NS_BUILD","NS_CONFIG=Release","NS_VERSION=2.2.1","NS_APP_FRAMEWORK","NS_STATIC_LIBRARY","HAVE_GLES2_GL2_H","$(inherited)");
                LIBRARY_SEARCH_PATHS = (../../../../../../Lib/ios);
                OTHER_LDFLAGS = ();
                STRIP_STYLE = all;
                CONFIGURATION_BUILD_DIR = "$(PROJECT_DIR)/../../../../../../Bin/ios";
                CONFIGURATION_TEMP_DIR = "$(PROJECT_DIR)/build/$(CONFIGURATION)";
                USE_HEADERMAP = NO;
            };
            name = Release;
        };
        DE2C43A58F0840C9B233B30A = {
            isa = XCBuildConfiguration;
            buildSettings = {
                PRODUCT_BUNDLE_IDENTIFIER = "com.noesisengine.Samples-Sample";
                PRODUCT_NAME = "$(TARGET_NAME)";
                CURRENT_PROJECT_VERSION = 2.2.1;
                DYLIB_COMPATIBILITY_VERSION = "$(CURRENT_PROJECT_VERSION)";
                DYLIB_CURRENT_VERSION = "$(CURRENT_PROJECT_VERSION)";
                GCC_INPUT_FILETYPE = "sourcecode.cpp.objcpp";
                ASSETCATALOG_COMPILER_APPICON_NAME = AppIcon;
                CODE_SIGN_STYLE = Automatic;
                CODE_SIGN_IDENTITY = "iPhone Developer";
                INFOPLIST_FILE = "$(PROJECT_DIR)/info.plist";
                TARGETED_DEVICE_FAMILY = "1,2";
            };
            name = Release;
        };
        431D8704DC574CDB881F8BA0 = {
            isa = XCBuildConfiguration;
            baseConfigurationReference = E5C7E20E7E9943A2B8062D87;
            buildSettings = {
                SDKROOT = iphoneos;
                IPHONEOS_DEPLOYMENT_TARGET = 7.0;
                ARCHS = "$(ARCHS_STANDARD)";
                HEADER_SEARCH_PATHS = (../../../../Core/NSTL/Include,../../../../Samples/Login/Include,../../../../App/ApplicationLauncher/Include,../../../../../../3rdParty/EASTL/local/include,../../../../Drawing/Types/Include,../../../../App/Interactivity/Include,../../../../Math/Utils/Include,../../../../App/Display/Include,../../../../App/Launcher/Include,../../../../Core/Nullable/Include,../../../../App/DisplayLauncher/Include,../../../../Gui/CachedFontProvider/Include,../../../../Math/VectorMath/Include,../../../../Gui/Providers/Include,../../../../Gui/Core/Include,../../../../Core/Kernel/Include,../../../../App/Providers/Include,../../../../../../Include,../../../../Gui/DependencySystem/Include);
                GCC_PREPROCESSOR_DEFINITIONS = ("NS_BUILD","NS_CONFIG=Profile","NS_VERSION=2.2.1","NS_APP_FRAMEWORK","NS_STATIC_LIBRARY","NS_PROFILE","NS_MINIMUM_LOG_LEVEL=2","HAVE_GLES2_GL2_H","$(inherited)");
                LIBRARY_SEARCH_PATHS = (../../../../../../Lib/ios);
                OTHER_LDFLAGS = ();
                STRIP_STYLE = all;
                CONFIGURATION_BUILD_DIR = "$(PROJECT_DIR)/../../../../../../Bin/ios";
                CONFIGURATION_TEMP_DIR = "$(PROJECT_DIR)/build/$(CONFIGURATION)";
                USE_HEADERMAP = NO;
            };
            name = Profile;
        };
        B2C2C3F4D24D42C9A9CAB335 = {
            isa = XCBuildConfiguration;
            buildSettings = {
                PRODUCT_BUNDLE_IDENTIFIER = "com.noesisengine.Samples-Sample";
                PRODUCT_NAME = "$(TARGET_NAME)";
                CURRENT_PROJECT_VERSION = 2.2.1;
                DYLIB_COMPATIBILITY_VERSION = "$(CURRENT_PROJECT_VERSION)";
                DYLIB_CURRENT_VERSION = "$(CURRENT_PROJECT_VERSION)";
                GCC_INPUT_FILETYPE = "sourcecode.cpp.objcpp";
                ASSETCATALOG_COMPILER_APPICON_NAME = AppIcon;
                CODE_SIGN_STYLE = Automatic;
                CODE_SIGN_IDENTITY = "iPhone Developer";
                INFOPLIST_FILE = "$(PROJECT_DIR)/info.plist";
                TARGETED_DEVICE_FAMILY = "1,2";
            };
            name = Profile;
        };
        5E049CEB1CD645D9976FFEBE = {
            isa = XCBuildConfiguration;
            baseConfigurationReference = 7582C19DC12246BABD7AF4FE;
            buildSettings = {
                SDKROOT = iphoneos;
                IPHONEOS_DEPLOYMENT_TARGET = 7.0;
                ARCHS = "$(ARCHS_STANDARD)";
                HEADER_SEARCH_PATHS = (../../../../Core/NSTL/Include,../../../../Samples/Login/Include,../../../../App/ApplicationLauncher/Include,../../../../../../3rdParty/EASTL/local/include,../../../../Drawing/Types/Include,../../../../App/Interactivity/Include,../../../../Math/Utils/Include,../../../../App/Display/Include,../../../../App/Launcher/Include,../../../../Core/Nullable/Include,../../../../App/DisplayLauncher/Include,../../../../Gui/CachedFontProvider/Include,../../../../Math/VectorMath/Include,../../../../Gui/Providers/Include,../../../../Gui/Core/Include,../../../../Core/Kernel/Include,../../../../App/Providers/Include,../../../../../../Include,../../../../Gui/DependencySystem/Include);
                GCC_PREPROCESSOR_DEFINITIONS = ("NS_BUILD","NS_CONFIG=Debug","NS_VERSION=2.2.1","NS_APP_FRAMEWORK","NS_STATIC_LIBRARY","NS_DEBUG","NS_PROFILE","NS_MINIMUM_LOG_LEVEL=1","HAVE_GLES2_GL2_H","$(inherited)");
                LIBRARY_SEARCH_PATHS = (../../../../../../Lib/ios);
                OTHER_LDFLAGS = ();
                STRIP_STYLE = all;
                CONFIGURATION_BUILD_DIR = "$(PROJECT_DIR)/../../../../../../Bin/ios";
                CONFIGURATION_TEMP_DIR = "$(PROJECT_DIR)/build/$(CONFIGURATION)";
                USE_HEADERMAP = NO;
            };
            name = Debug;
        };
        CEBB7ECC735A44E0AB28B3BF = {
            isa = XCBuildConfiguration;
            buildSettings = {
                PRODUCT_BUNDLE_IDENTIFIER = "com.noesisengine.Samples-Sample";
                PRODUCT_NAME = "$(TARGET_NAME)";
                CURRENT_PROJECT_VERSION = 2.2.1;
                DYLIB_COMPATIBILITY_VERSION = "$(CURRENT_PROJECT_VERSION)";
                DYLIB_CURRENT_VERSION = "$(CURRENT_PROJECT_VERSION)";
                GCC_INPUT_FILETYPE = "sourcecode.cpp.objcpp";
                ASSETCATALOG_COMPILER_APPICON_NAME = AppIcon;
                CODE_SIGN_STYLE = Automatic;
                CODE_SIGN_IDENTITY = "iPhone Developer";
                INFOPLIST_FILE = "$(PROJECT_DIR)/info.plist";
                TARGETED_DEVICE_FAMILY = "1,2";
            };
            name = Debug;
        };
/* End XCBuildConfiguration section */

/* Begin XCConfigurationList section */
        213841055B644E6D8BE685D6 = {
            isa = XCConfigurationList;
            buildConfigurations = (4E710E684A444A1C9E66A1E9,431D8704DC574CDB881F8BA0,5E049CEB1CD645D9976FFEBE);
            defaultConfigurationIsVisible = 0;
            defaultConfigurationName = Release;
        };

        D2FCA9AB00204FE285D200F2 = {
            isa = XCConfigurationList;
            buildConfigurations = (DE2C43A58F0840C9B233B30A,B2C2C3F4D24D42C9A9CAB335,CEBB7ECC735A44E0AB28B3BF);
            defaultConfigurationIsVisible = 0;
            defaultConfigurationName = Release;
        };
/* End XCConfigurationList section */
    };
    rootObject = ADC1A49615694CCF90E5C573;
}
