<?xml version="1.0" encoding="utf-8"?>
<Project ToolsVersion="4.0" xmlns="http://schemas.microsoft.com/developer/msbuild/2003">
  <ItemGroup>
    <Filter Include="Src">
      <UniqueIdentifier>{fde4a38b-811a-41e4-b341-e1827aa34357}</UniqueIdentifier>
    </Filter>
    <Filter Include="Resources">
      <UniqueIdentifier>{40cb04a2-ca9b-4969-9247-015e093eb20f}</UniqueIdentifier>
    </Filter>
    <Filter Include="Data">
      <UniqueIdentifier>{5c1407d3-27c6-4e15-8c42-dfc0bfc18029}</UniqueIdentifier>
    </Filter>
  </ItemGroup>
  <ItemGroup>
    <ClCompile Include="..\..\..\Packages\Samples\BrushShaders\Src\Main.cpp">
      <Filter>Src</Filter>
    </ClCompile>
    <ResourceCompile Include="resources.rc">
      <Filter>Resources</Filter>
    </ResourceCompile>
    <None Include="Noesis.ico">
      <Filter>Resources</Filter>
    </None>
    <CustomBuild Include="..\..\..\Packages\Samples\BrushShaders\Data\App.xaml">
      <Filter>Data</Filter>
    </CustomBuild>
    <CustomBuild Include="..\..\..\Packages\Samples\BrushShaders\Data\MainWindow.xaml">
      <Filter>Data</Filter>
    </CustomBuild>
    <CustomBuild Include="..\..\..\Packages\Samples\BrushShaders\Data\Exo-SemiBold.ttf">
      <Filter>Data</Filter>
    </CustomBuild>
    <CustomBuild Include="..\..\..\Packages\Samples\BrushShaders\Data\fill-blue.png">
      <Filter>Data</Filter>
    </CustomBuild>
    <CustomBuild Include="..\..\..\Packages\Samples\BrushShaders\Data\fill-gold.png">
      <Filter>Data</Filter>
    </CustomBuild>
    <CustomBuild Include="..\..\..\Packages\Samples\BrushShaders\Src\Noise.noesisbrush">
      <Filter>Data</Filter>
    </CustomBuild>
  </ItemGroup>
</Project>