// !$*UTF8*$!
{
	archiveVersion = 1;
	classes = {
	};
	objectVersion = 46;
	objects = {

/* Begin PBXBuildFile section */
		EA295948174146A200F87400 /* UIKit.framework in Frameworks */ = {isa = PBXBuildFile; fileRef = EA295947174146A200F87400 /* UIKit.framework */; };
		EA29594A174146A200F87400 /* Foundation.framework in Frameworks */ = {isa = PBXBuildFile; fileRef = EA295949174146A200F87400 /* Foundation.framework */; };
		EA29594C174146A200F87400 /* CoreGraphics.framework in Frameworks */ = {isa = PBXBuildFile; fileRef = EA29594B174146A200F87400 /* CoreGraphics.framework */; };
		EA29594E174146A200F87400 /* GLKit.framework in Frameworks */ = {isa = PBXBuildFile; fileRef = EA29594D174146A200F87400 /* GLKit.framework */; };
		EA295950174146A200F87400 /* OpenGLES.framework in Frameworks */ = {isa = PBXBuildFile; fileRef = EA29594F174146A200F87400 /* OpenGLES.framework */; };
		EA295956174146A200F87400 /* InfoPlist.strings in Resources */ = {isa = PBXBuildFile; fileRef = EA295954174146A200F87400 /* InfoPlist.strings */; };
		EA295958174146A200F87400 /* main.m in Sources */ = {isa = PBXBuildFile; fileRef = EA295957174146A200F87400 /* main.m */; };
		EA29595C174146A200F87400 /* AppDelegate.m in Sources */ = {isa = PBXBuildFile; fileRef = EA29595B174146A200F87400 /* AppDelegate.m */; };
		EA29595E174146A200F87400 /* Default.png in Resources */ = {isa = PBXBuildFile; fileRef = EA29595D174146A200F87400 /* Default.png */; };
		EA295960174146A200F87400 /* Default@2x.png in Resources */ = {isa = PBXBuildFile; fileRef = EA29595F174146A200F87400 /* Default@2x.png */; };
		EA295962174146A200F87400 /* Default-568h@2x.png in Resources */ = {isa = PBXBuildFile; fileRef = EA295961174146A200F87400 /* Default-568h@2x.png */; };
		EA295966174146A200F87400 /* Shader.vsh in Resources */ = {isa = PBXBuildFile; fileRef = EA295965174146A200F87400 /* Shader.vsh */; };
		EA29596C174146A300F87400 /* ViewController_iPhone.xib in Resources */ = {isa = PBXBuildFile; fileRef = EA29596A174146A300F87400 /* ViewController_iPhone.xib */; };
		EA29596F174146A300F87400 /* ViewController_iPad.xib in Resources */ = {isa = PBXBuildFile; fileRef = EA29596D174146A300F87400 /* ViewController_iPad.xib */; };
		EA2959761741495500F87400 /* ViewController.mm in Sources */ = {isa = PBXBuildFile; fileRef = EA2959751741495500F87400 /* ViewController.mm */; };
		EA8A3CFB17442154006A2AEE /* Shader.fsh in Resources */ = {isa = PBXBuildFile; fileRef = EA295963174146A200F87400 /* Shader.fsh */; };
		EA8A3CFD174423F9006A2AEE /* Data in Resources */ = {isa = PBXBuildFile; fileRef = EA8A3CFC174423F9006A2AEE /* Data */; };
/* End PBXBuildFile section */

/* Begin PBXFileReference section */
		EA295944174146A200F87400 /* Integration.app */ = {isa = PBXFileReference; explicitFileType = wrapper.application; includeInIndex = 0; path = Integration.app; sourceTree = BUILT_PRODUCTS_DIR; };
		EA295947174146A200F87400 /* UIKit.framework */ = {isa = PBXFileReference; lastKnownFileType = wrapper.framework; name = UIKit.framework; path = System/Library/Frameworks/UIKit.framework; sourceTree = SDKROOT; };
		EA295949174146A200F87400 /* Foundation.framework */ = {isa = PBXFileReference; lastKnownFileType = wrapper.framework; name = Foundation.framework; path = System/Library/Frameworks/Foundation.framework; sourceTree = SDKROOT; };
		EA29594B174146A200F87400 /* CoreGraphics.framework */ = {isa = PBXFileReference; lastKnownFileType = wrapper.framework; name = CoreGraphics.framework; path = System/Library/Frameworks/CoreGraphics.framework; sourceTree = SDKROOT; };
		EA29594D174146A200F87400 /* GLKit.framework */ = {isa = PBXFileReference; lastKnownFileType = wrapper.framework; name = GLKit.framework; path = System/Library/Frameworks/GLKit.framework; sourceTree = SDKROOT; };
		EA29594F174146A200F87400 /* OpenGLES.framework */ = {isa = PBXFileReference; lastKnownFileType = wrapper.framework; name = OpenGLES.framework; path = System/Library/Frameworks/OpenGLES.framework; sourceTree = SDKROOT; };
		EA295953174146A200F87400 /* Integration-Info.plist */ = {isa = PBXFileReference; lastKnownFileType = text.plist.xml; path = "Integration-Info.plist"; sourceTree = "<group>"; };
		EA295955174146A200F87400 /* en */ = {isa = PBXFileReference; lastKnownFileType = text.plist.strings; name = en; path = en.lproj/InfoPlist.strings; sourceTree = "<group>"; };
		EA295957174146A200F87400 /* main.m */ = {isa = PBXFileReference; lastKnownFileType = sourcecode.c.objc; path = main.m; sourceTree = "<group>"; };
		EA295959174146A200F87400 /* Integration-Prefix.pch */ = {isa = PBXFileReference; lastKnownFileType = sourcecode.c.h; path = "Integration-Prefix.pch"; sourceTree = "<group>"; };
		EA29595A174146A200F87400 /* AppDelegate.h */ = {isa = PBXFileReference; lastKnownFileType = sourcecode.c.h; path = AppDelegate.h; sourceTree = "<group>"; };
		EA29595B174146A200F87400 /* AppDelegate.m */ = {isa = PBXFileReference; lastKnownFileType = sourcecode.c.objc; path = AppDelegate.m; sourceTree = "<group>"; };
		EA29595D174146A200F87400 /* Default.png */ = {isa = PBXFileReference; lastKnownFileType = image.png; path = Default.png; sourceTree = "<group>"; };
		EA29595F174146A200F87400 /* Default@2x.png */ = {isa = PBXFileReference; lastKnownFileType = image.png; path = "Default@2x.png"; sourceTree = "<group>"; };
		EA295961174146A200F87400 /* Default-568h@2x.png */ = {isa = PBXFileReference; lastKnownFileType = image.png; path = "Default-568h@2x.png"; sourceTree = "<group>"; };
		EA295963174146A200F87400 /* Shader.fsh */ = {isa = PBXFileReference; lastKnownFileType = sourcecode.glsl; name = Shader.fsh; path = Shaders/Shader.fsh; sourceTree = "<group>"; };
		EA295965174146A200F87400 /* Shader.vsh */ = {isa = PBXFileReference; lastKnownFileType = sourcecode.glsl; name = Shader.vsh; path = Shaders/Shader.vsh; sourceTree = "<group>"; };
		EA295967174146A200F87400 /* ViewController.h */ = {isa = PBXFileReference; lastKnownFileType = sourcecode.c.h; path = ViewController.h; sourceTree = "<group>"; };
		EA29596B174146A300F87400 /* en */ = {isa = PBXFileReference; lastKnownFileType = file.xib; name = en; path = en.lproj/ViewController_iPhone.xib; sourceTree = "<group>"; };
		EA29596E174146A300F87400 /* en */ = {isa = PBXFileReference; lastKnownFileType = file.xib; name = en; path = en.lproj/ViewController_iPad.xib; sourceTree = "<group>"; };
		EA2959751741495500F87400 /* ViewController.mm */ = {isa = PBXFileReference; fileEncoding = 4; lastKnownFileType = sourcecode.cpp.objcpp; path = ViewController.mm; sourceTree = "<group>"; };
		EA8A3CFC174423F9006A2AEE /* Data */ = {isa = PBXFileReference; lastKnownFileType = folder; name = Data; path = Integration/Data; sourceTree = "<group>"; };
/* End PBXFileReference section */

/* Begin PBXFrameworksBuildPhase section */
		EA295941174146A200F87400 /* Frameworks */ = {
			isa = PBXFrameworksBuildPhase;
			buildActionMask = 2147483647;
			files = (
				EA295948174146A200F87400 /* UIKit.framework in Frameworks */,
				EA29594A174146A200F87400 /* Foundation.framework in Frameworks */,
				EA29594C174146A200F87400 /* CoreGraphics.framework in Frameworks */,
				EA29594E174146A200F87400 /* GLKit.framework in Frameworks */,
				EA295950174146A200F87400 /* OpenGLES.framework in Frameworks */,
			);
			runOnlyForDeploymentPostprocessing = 0;
		};
/* End PBXFrameworksBuildPhase section */

/* Begin PBXGroup section */
		EA29593B174146A200F87400 = {
			isa = PBXGroup;
			children = (
				EA295951174146A200F87400 /* Integration */,
				EA295946174146A200F87400 /* Frameworks */,
				EA295945174146A200F87400 /* Products */,
				EA8A3CFC174423F9006A2AEE /* Data */,
			);
			sourceTree = "<group>";
		};
		EA295945174146A200F87400 /* Products */ = {
			isa = PBXGroup;
			children = (
				EA295944174146A200F87400 /* Integration.app */,
			);
			name = Products;
			sourceTree = "<group>";
		};
		EA295946174146A200F87400 /* Frameworks */ = {
			isa = PBXGroup;
			children = (
				EA295947174146A200F87400 /* UIKit.framework */,
				EA295949174146A200F87400 /* Foundation.framework */,
				EA29594B174146A200F87400 /* CoreGraphics.framework */,
				EA29594D174146A200F87400 /* GLKit.framework */,
				EA29594F174146A200F87400 /* OpenGLES.framework */,
			);
			name = Frameworks;
			sourceTree = "<group>";
		};
		EA295951174146A200F87400 /* Integration */ = {
			isa = PBXGroup;
			children = (
				EA29595A174146A200F87400 /* AppDelegate.h */,
				EA29595B174146A200F87400 /* AppDelegate.m */,
				EA295963174146A200F87400 /* Shader.fsh */,
				EA295965174146A200F87400 /* Shader.vsh */,
				EA2959751741495500F87400 /* ViewController.mm */,
				EA295967174146A200F87400 /* ViewController.h */,
				EA29596A174146A300F87400 /* ViewController_iPhone.xib */,
				EA29596D174146A300F87400 /* ViewController_iPad.xib */,
				EA295952174146A200F87400 /* Supporting Files */,
			);
			path = Integration;
			sourceTree = "<group>";
		};
		EA295952174146A200F87400 /* Supporting Files */ = {
			isa = PBXGroup;
			children = (
				EA295953174146A200F87400 /* Integration-Info.plist */,
				EA295954174146A200F87400 /* InfoPlist.strings */,
				EA295957174146A200F87400 /* main.m */,
				EA295959174146A200F87400 /* Integration-Prefix.pch */,
				EA29595D174146A200F87400 /* Default.png */,
				EA29595F174146A200F87400 /* Default@2x.png */,
				EA295961174146A200F87400 /* Default-568h@2x.png */,
			);
			name = "Supporting Files";
			sourceTree = "<group>";
		};
/* End PBXGroup section */

/* Begin PBXNativeTarget section */
		EA295943174146A200F87400 /* Integration */ = {
			isa = PBXNativeTarget;
			buildConfigurationList = EA295972174146A300F87400 /* Build configuration list for PBXNativeTarget "Integration" */;
			buildPhases = (
				EA295940174146A200F87400 /* Sources */,
				EA295941174146A200F87400 /* Frameworks */,
				EA295942174146A200F87400 /* Resources */,
			);
			buildRules = (
			);
			dependencies = (
			);
			name = Integration;
			productName = Integration;
			productReference = EA295944174146A200F87400 /* Integration.app */;
			productType = "com.apple.product-type.application";
		};
/* End PBXNativeTarget section */

/* Begin PBXProject section */
		EA29593C174146A200F87400 /* Project object */ = {
			isa = PBXProject;
			attributes = {
				LastUpgradeCheck = 0460;
				ORGANIZATIONNAME = Noesis;
			};
			buildConfigurationList = EA29593F174146A200F87400 /* Build configuration list for PBXProject "Integration" */;
			compatibilityVersion = "Xcode 3.2";
			developmentRegion = English;
			hasScannedForEncodings = 0;
			knownRegions = (
				en,
			);
			mainGroup = EA29593B174146A200F87400;
			productRefGroup = EA295945174146A200F87400 /* Products */;
			projectDirPath = "";
			projectRoot = "";
			targets = (
				EA295943174146A200F87400 /* Integration */,
			);
		};
/* End PBXProject section */

/* Begin PBXResourcesBuildPhase section */
		EA295942174146A200F87400 /* Resources */ = {
			isa = PBXResourcesBuildPhase;
			buildActionMask = 2147483647;
			files = (
				EA8A3CFB17442154006A2AEE /* Shader.fsh in Resources */,
				EA295956174146A200F87400 /* InfoPlist.strings in Resources */,
				EA29595E174146A200F87400 /* Default.png in Resources */,
				EA295960174146A200F87400 /* Default@2x.png in Resources */,
				EA295962174146A200F87400 /* Default-568h@2x.png in Resources */,
				EA295966174146A200F87400 /* Shader.vsh in Resources */,
				EA29596C174146A300F87400 /* ViewController_iPhone.xib in Resources */,
				EA29596F174146A300F87400 /* ViewController_iPad.xib in Resources */,
				EA8A3CFD174423F9006A2AEE /* Data in Resources */,
			);
			runOnlyForDeploymentPostprocessing = 0;
		};
/* End PBXResourcesBuildPhase section */

/* Begin PBXSourcesBuildPhase section */
		EA295940174146A200F87400 /* Sources */ = {
			isa = PBXSourcesBuildPhase;
			buildActionMask = 2147483647;
			files = (
				EA295958174146A200F87400 /* main.m in Sources */,
				EA29595C174146A200F87400 /* AppDelegate.m in Sources */,
				EA2959761741495500F87400 /* ViewController.mm in Sources */,
			);
			runOnlyForDeploymentPostprocessing = 0;
		};
/* End PBXSourcesBuildPhase section */

/* Begin PBXVariantGroup section */
		EA295954174146A200F87400 /* InfoPlist.strings */ = {
			isa = PBXVariantGroup;
			children = (
				EA295955174146A200F87400 /* en */,
			);
			name = InfoPlist.strings;
			sourceTree = "<group>";
		};
		EA29596A174146A300F87400 /* ViewController_iPhone.xib */ = {
			isa = PBXVariantGroup;
			children = (
				EA29596B174146A300F87400 /* en */,
			);
			name = ViewController_iPhone.xib;
			sourceTree = "<group>";
		};
		EA29596D174146A300F87400 /* ViewController_iPad.xib */ = {
			isa = PBXVariantGroup;
			children = (
				EA29596E174146A300F87400 /* en */,
			);
			name = ViewController_iPad.xib;
			sourceTree = "<group>";
		};
/* End PBXVariantGroup section */

/* Begin XCBuildConfiguration section */
		EA295970174146A300F87400 /* Debug */ = {
			isa = XCBuildConfiguration;
			buildSettings = {
				ALWAYS_SEARCH_USER_PATHS = NO;
				CLANG_CXX_LANGUAGE_STANDARD = "gnu++0x";
				CLANG_CXX_LIBRARY = "libc++";
				CLANG_WARN_CONSTANT_CONVERSION = YES;
				CLANG_WARN_EMPTY_BODY = YES;
				CLANG_WARN_ENUM_CONVERSION = YES;
				CLANG_WARN_INT_CONVERSION = YES;
				CLANG_WARN__DUPLICATE_METHOD_MATCH = YES;
				"CODE_SIGN_IDENTITY[sdk=iphoneos*]" = "iPhone Developer";
				COPY_PHASE_STRIP = NO;
				GCC_C_LANGUAGE_STANDARD = gnu99;
				GCC_DYNAMIC_NO_PIC = NO;
				GCC_OPTIMIZATION_LEVEL = 0;
				GCC_PREPROCESSOR_DEFINITIONS = (
					"DEBUG=1",
					"$(inherited)",
				);
				GCC_SYMBOLS_PRIVATE_EXTERN = NO;
				GCC_WARN_ABOUT_RETURN_TYPE = YES;
				GCC_WARN_UNINITIALIZED_AUTOS = YES;
				GCC_WARN_UNUSED_VARIABLE = YES;
				IPHONEOS_DEPLOYMENT_TARGET = 6.1;
				ONLY_ACTIVE_ARCH = YES;
				SDKROOT = iphoneos;
				TARGETED_DEVICE_FAMILY = "1,2";
			};
			name = Debug;
		};
		EA295971174146A300F87400 /* Release */ = {
			isa = XCBuildConfiguration;
			buildSettings = {
				ALWAYS_SEARCH_USER_PATHS = NO;
				CLANG_CXX_LANGUAGE_STANDARD = "gnu++0x";
				CLANG_CXX_LIBRARY = "libc++";
				CLANG_WARN_CONSTANT_CONVERSION = YES;
				CLANG_WARN_EMPTY_BODY = YES;
				CLANG_WARN_ENUM_CONVERSION = YES;
				CLANG_WARN_INT_CONVERSION = YES;
				CLANG_WARN__DUPLICATE_METHOD_MATCH = YES;
				"CODE_SIGN_IDENTITY[sdk=iphoneos*]" = "iPhone Developer";
				COPY_PHASE_STRIP = YES;
				GCC_C_LANGUAGE_STANDARD = gnu99;
				GCC_WARN_ABOUT_RETURN_TYPE = YES;
				GCC_WARN_UNINITIALIZED_AUTOS = YES;
				GCC_WARN_UNUSED_VARIABLE = YES;
				IPHONEOS_DEPLOYMENT_TARGET = 6.1;
				OTHER_CFLAGS = "-DNS_BLOCK_ASSERTIONS=1";
				SDKROOT = iphoneos;
				TARGETED_DEVICE_FAMILY = "1,2";
				VALIDATE_PRODUCT = YES;
			};
			name = Release;
		};
		EA295973174146A300F87400 /* Debug */ = {
			isa = XCBuildConfiguration;
			buildSettings = {
				ARCHS = armv7;
				CLANG_CXX_LANGUAGE_STANDARD = "gnu++0x";
				CLANG_CXX_LIBRARY = "libstdc++";
				CONFIGURATION_BUILD_DIR = "$(PROJECT_DIR)/$(CONFIGURATION)$(EFFECTIVE_PLATFORM_NAME)";
				CONFIGURATION_TEMP_DIR = "$(PROJECT_DIR)/_intermediate/$(CONFIGURATION)$(EFFECTIVE_PLATFORM_NAME)";
				DEBUG_INFORMATION_FORMAT = dwarf;
				GCC_PRECOMPILE_PREFIX_HEADER = YES;
				GCC_PREFIX_HEADER = "Integration/Integration-Prefix.pch";
				GCC_SYMBOLS_PRIVATE_EXTERN = YES;
				HEADER_SEARCH_PATHS = "../../../Runtimes/NoesisGUI-ios/Include";
				INFOPLIST_FILE = "Integration/Integration-Info.plist";
				LIBRARY_SEARCH_PATHS = "../../../Runtimes/NoesisGUI-ios/Lib";
				OTHER_LDFLAGS = "-lnoesis";
				PRODUCT_NAME = "$(TARGET_NAME)";
				WRAPPER_EXTENSION = app;
			};
			name = Debug;
		};
		EA295974174146A300F87400 /* Release */ = {
			isa = XCBuildConfiguration;
			buildSettings = {
				ARCHS = armv7;
				CLANG_CXX_LANGUAGE_STANDARD = "gnu++0x";
				CLANG_CXX_LIBRARY = "libstdc++";
				CONFIGURATION_BUILD_DIR = "$(PROJECT_DIR)/$(CONFIGURATION)$(EFFECTIVE_PLATFORM_NAME)";
				CONFIGURATION_TEMP_DIR = "$(PROJECT_DIR)/_intermediate/$(CONFIGURATION)$(EFFECTIVE_PLATFORM_NAME)";
				DEBUG_INFORMATION_FORMAT = "dwarf-with-dsym";
				GCC_PRECOMPILE_PREFIX_HEADER = YES;
				GCC_PREFIX_HEADER = "Integration/Integration-Prefix.pch";
				GCC_SYMBOLS_PRIVATE_EXTERN = YES;
				HEADER_SEARCH_PATHS = "../../../Runtimes/NoesisGUI-ios/Include";
				INFOPLIST_FILE = "Integration/Integration-Info.plist";
				LIBRARY_SEARCH_PATHS = "../../../Runtimes/NoesisGUI-ios/Lib";
				OTHER_LDFLAGS = "-lnoesis";
				PRODUCT_NAME = "$(TARGET_NAME)";
				WRAPPER_EXTENSION = app;
			};
			name = Release;
		};
/* End XCBuildConfiguration section */

/* Begin XCConfigurationList section */
		EA29593F174146A200F87400 /* Build configuration list for PBXProject "Integration" */ = {
			isa = XCConfigurationList;
			buildConfigurations = (
				EA295970174146A300F87400 /* Debug */,
				EA295971174146A300F87400 /* Release */,
			);
			defaultConfigurationIsVisible = 0;
			defaultConfigurationName = Release;
		};
		EA295972174146A300F87400 /* Build configuration list for PBXNativeTarget "Integration" */ = {
			isa = XCConfigurationList;
			buildConfigurations = (
				EA295973174146A300F87400 /* Debug */,
				EA295974174146A300F87400 /* Release */,
			);
			defaultConfigurationIsVisible = 0;
			defaultConfigurationName = Release;
		};
/* End XCConfigurationList section */
	};
	rootObject = EA29593C174146A200F87400 /* Project object */;
}
