// !$*UTF8*$!
{
    archiveVersion = 1;
    classes = {};
    objectVersion = 46;
    objects = {

/* Begin PBXBuildFile section */
        344A10FA5A9E42869E9DB377 /* App.xaml in Sources */ = {isa = PBXBuildFile; fileRef = 7FCEDA1220064AC28045217E /* App.xaml */; };
        1F1EFF1F38634E4588FBEAA5 /* MainWindow.xaml in Sources */ = {isa = PBXBuildFile; fileRef = 9277D33471C744B7AD9DC49E /* MainWindow.xaml */; };
        94B2A80276EA4387916887EB /* Resources.xaml in Sources */ = {isa = PBXBuildFile; fileRef = C5412E11165A44648BF33A03 /* Resources.xaml */; };
        4FC5F2E66A0F4EBD93F26427 /* Login.mp3 in Sources */ = {isa = PBXBuildFile; fileRef = 4A6BDDC115CB4223A16C543C /* Login.mp3 */; };
        2634960F4389491891587159 /* Fail.mp3 in Sources */ = {isa = PBXBuildFile; fileRef = 4206754B713945E3A5337879 /* Fail.mp3 */; };
        22CFEF5185644FFAAF53877F /* Aero Matics Regular.ttf in Sources */ = {isa = PBXBuildFile; fileRef = 9F1D7638C0E0412C9DC6D301 /* Aero Matics Regular.ttf */; };
        B4678198A62F482DB0486492 /* App.xaml.cpp in Sources */ = {isa = PBXBuildFile; fileRef = C6747372F9F74116AD8CFDFC /* App.xaml.cpp */; };
        F795DF411B1B4ED19EC1B555 /* ViewModel.cpp in Sources */ = {isa = PBXBuildFile; fileRef = CA86AEB734D34E4582B48AD6 /* ViewModel.cpp */; };
        B64A5B67BF5C405A981DA7E4 /* Main.cpp in Sources */ = {isa = PBXBuildFile; fileRef = 41E973E4EB4D4208B24CE588 /* Main.cpp */; };
        79C32CD7F7EF4CC1B6B38488 /* MainWindow.xaml.cpp in Sources */ = {isa = PBXBuildFile; fileRef = 81A3F89485994E08AB25095C /* MainWindow.xaml.cpp */; };
        4C2CB80E8DE54FC4B40FA30E /* Assets.xcassets in Resources */ = {isa = PBXBuildFile; fileRef = 9B4CBFC44E0F459DBFE2A1AC /* Assets.xcassets */; };
        C824E669D93D49D1A7D252D2 /* Noesis.dylib in CopyFiles */ = {isa = PBXBuildFile; fileRef = 02EFDB961D7D4D8A82A9CE6A /* Noesis.dylib */; };
        540F9F142847496FBC06045F /* NoesisApp.dylib in CopyFiles */ = {isa = PBXBuildFile; fileRef = 23B72AAEF6964D92B36C0903 /* NoesisApp.dylib */; };
        3E999D3BD49D4095A0050B25 /* AppKit.framework in Frameworks */ = {isa = PBXBuildFile; fileRef = A520F71F49DC4FD7B75BCCAE /* AppKit.framework */; };
        96E7710679474B13A01CD151 /* Noesis.dylib in Frameworks */ = {isa = PBXBuildFile; fileRef = 02EFDB961D7D4D8A82A9CE6A /* Noesis.dylib */; };
        22F0BDE6B2C34AD5AD0B3891 /* NoesisApp.dylib in Frameworks */ = {isa = PBXBuildFile; fileRef = 23B72AAEF6964D92B36C0903 /* NoesisApp.dylib */; };
/* End PBXBuildFile section */

/* Begin PBXFileReference section */
        602785D06C2B4FEA8C61979D /* Samples.Login.app */ = {isa = PBXFileReference; explicitFileType = wrapper.application; includeInIndex = 0; path = Samples.Login.app; sourceTree = BUILT_PRODUCTS_DIR; };
        A520F71F49DC4FD7B75BCCAE /* AppKit.framework */ = {isa = PBXFileReference; lastKnownFileType = wrapper.framework; name = "AppKit.framework"; path = "System/Library/Frameworks/AppKit.framework"; sourceTree = SDKROOT; };
        02EFDB961D7D4D8A82A9CE6A /* Noesis.dylib */ = {isa = PBXFileReference; lastKnownFileType = archive.ar; name = "Noesis.dylib"; path = "../../../../../../Bin/osx/Noesis.dylib"; sourceTree = SOURCE_ROOT; };
        23B72AAEF6964D92B36C0903 /* NoesisApp.dylib */ = {isa = PBXFileReference; lastKnownFileType = archive.ar; name = "NoesisApp.dylib"; path = "../../../../../../Bin/osx/NoesisApp.dylib"; sourceTree = SOURCE_ROOT; };
        A8D2DB642B7343079A4E4ADD /* Common.xcconfig */ = {isa = PBXFileReference; lastKnownFileType = text.xcconfig; name = "Common.xcconfig"; path = "../../../../../../Config/Common.xcconfig"; sourceTree = SOURCE_ROOT; };
        8DAD5ADF517E4A6B82EC6C92 /* Release.xcconfig */ = {isa = PBXFileReference; lastKnownFileType = text.xcconfig; name = "Release.xcconfig"; path = "../../../../../../Config/Release/Release.xcconfig"; sourceTree = SOURCE_ROOT; };
        23A079B52AE64336A7307F3C /* Profile.xcconfig */ = {isa = PBXFileReference; lastKnownFileType = text.xcconfig; name = "Profile.xcconfig"; path = "../../../../../../Config/Profile/Profile.xcconfig"; sourceTree = SOURCE_ROOT; };
        40D8190AADE14AD98FAEB035 /* Debug.xcconfig */ = {isa = PBXFileReference; lastKnownFileType = text.xcconfig; name = "Debug.xcconfig"; path = "../../../../../../Config/Debug/Debug.xcconfig"; sourceTree = SOURCE_ROOT; };
        C6747372F9F74116AD8CFDFC /* App.xaml.cpp */ = {isa = PBXFileReference; lastKnownFileType = sourcecode.cpp.cpp; name = "App.xaml.cpp"; path = "../../Src/App.xaml.cpp"; sourceTree = SOURCE_ROOT; };
        5FA0AAD61F5447B5918F7B95 /* App.xaml.h */ = {isa = PBXFileReference; lastKnownFileType = sourcecode.c.h; name = "App.xaml.h"; path = "../../Src/App.xaml.h"; sourceTree = SOURCE_ROOT; };
        B384DA2007004A2D8D554611 /* ViewModel.h */ = {isa = PBXFileReference; lastKnownFileType = sourcecode.c.h; name = "ViewModel.h"; path = "../../Src/ViewModel.h"; sourceTree = SOURCE_ROOT; };
        CA86AEB734D34E4582B48AD6 /* ViewModel.cpp */ = {isa = PBXFileReference; lastKnownFileType = sourcecode.cpp.cpp; name = "ViewModel.cpp"; path = "../../Src/ViewModel.cpp"; sourceTree = SOURCE_ROOT; };
        5A26ABAC23FB406B883E9E21 /* MainWindow.xaml.h */ = {isa = PBXFileReference; lastKnownFileType = sourcecode.c.h; name = "MainWindow.xaml.h"; path = "../../Src/MainWindow.xaml.h"; sourceTree = SOURCE_ROOT; };
        41E973E4EB4D4208B24CE588 /* Main.cpp */ = {isa = PBXFileReference; lastKnownFileType = sourcecode.cpp.cpp; name = "Main.cpp"; path = "../../Src/Main.cpp"; sourceTree = SOURCE_ROOT; };
        81A3F89485994E08AB25095C /* MainWindow.xaml.cpp */ = {isa = PBXFileReference; lastKnownFileType = sourcecode.cpp.cpp; name = "MainWindow.xaml.cpp"; path = "../../Src/MainWindow.xaml.cpp"; sourceTree = SOURCE_ROOT; };
        7FCEDA1220064AC28045217E /* App.xaml */ = {isa = PBXFileReference; lastKnownFileType = file; name = "App.xaml"; path = "../../Data/App.xaml"; sourceTree = SOURCE_ROOT; };
        9277D33471C744B7AD9DC49E /* MainWindow.xaml */ = {isa = PBXFileReference; lastKnownFileType = file; name = "MainWindow.xaml"; path = "../../Data/MainWindow.xaml"; sourceTree = SOURCE_ROOT; };
        C5412E11165A44648BF33A03 /* Resources.xaml */ = {isa = PBXFileReference; lastKnownFileType = file; name = "Resources.xaml"; path = "../../Data/Resources.xaml"; sourceTree = SOURCE_ROOT; };
        4A6BDDC115CB4223A16C543C /* Login.mp3 */ = {isa = PBXFileReference; lastKnownFileType = file; name = "Login.mp3"; path = "../../Data/Login.mp3"; sourceTree = SOURCE_ROOT; };
        4206754B713945E3A5337879 /* Fail.mp3 */ = {isa = PBXFileReference; lastKnownFileType = file; name = "Fail.mp3"; path = "../../Data/Fail.mp3"; sourceTree = SOURCE_ROOT; };
        9F1D7638C0E0412C9DC6D301 /* Aero Matics Regular.ttf */ = {isa = PBXFileReference; lastKnownFileType = file; name = "Aero Matics Regular.ttf"; path = "../../Data/Aero Matics Regular.ttf"; sourceTree = SOURCE_ROOT; };
        8270DB60AF90463A8812C2DE /* info.plist */ = {isa = PBXFileReference; lastKnownFileType = text.plist.xml; name = "info.plist"; path = "info.plist"; sourceTree = SOURCE_ROOT; };
        9B4CBFC44E0F459DBFE2A1AC /* Assets.xcassets */ = {isa = PBXFileReference; lastKnownFileType = folder.assetcatalog; name = "Assets.xcassets"; path = "Assets.xcassets"; sourceTree = SOURCE_ROOT; };
/* End PBXFileReference section */

/* Begin PBXGroup section */
        BFAEAA34DB3449D9A188F00B = {
            isa = PBXGroup;
            children = (
                C6747372F9F74116AD8CFDFC,
                5FA0AAD61F5447B5918F7B95,
                B384DA2007004A2D8D554611,
                CA86AEB734D34E4582B48AD6,
                5A26ABAC23FB406B883E9E21,
                41E973E4EB4D4208B24CE588,
                81A3F89485994E08AB25095C,
            );
            name = Src;
            sourceTree = "<group>";
        };
        E0C1E58F06204FBF95DD2BE2 = {
            isa = PBXGroup;
            children = (
                7FCEDA1220064AC28045217E,
                9277D33471C744B7AD9DC49E,
                C5412E11165A44648BF33A03,
                4A6BDDC115CB4223A16C543C,
                4206754B713945E3A5337879,
                9F1D7638C0E0412C9DC6D301,
            );
            name = Data;
            sourceTree = "<group>";
        };
        D3FBD1979784434DBCE554CA = {
            isa = PBXGroup;
            children = (
                8270DB60AF90463A8812C2DE,
                9B4CBFC44E0F459DBFE2A1AC,
            );
            name = Resources;
            sourceTree = "<group>";
        };
        F11A572F32C74ED2826BF5E9 = {
            isa = PBXGroup;
            children = (
                8DAD5ADF517E4A6B82EC6C92,
                23A079B52AE64336A7307F3C,
                A8D2DB642B7343079A4E4ADD,
                40D8190AADE14AD98FAEB035,
            );
            name = Config;
            sourceTree = "<group>";
        };
        CF584D74F9D44473A0D1E02A = {
            isa = PBXGroup;
            children = (
                602785D06C2B4FEA8C61979D,
            );
            name = Products;
            sourceTree = "<group>";
        };
        9FEA6F783FD349728DDED79B = {
            isa = PBXGroup;
            children = (
                A520F71F49DC4FD7B75BCCAE,
                02EFDB961D7D4D8A82A9CE6A,
                23B72AAEF6964D92B36C0903,
            );
            name = Dependencies;
            sourceTree = "<group>";
        };
        6AB590A67B5F4F099053078A = {
            isa = PBXGroup;
            children = (
                BFAEAA34DB3449D9A188F00B,
                E0C1E58F06204FBF95DD2BE2,
                D3FBD1979784434DBCE554CA,
                F11A572F32C74ED2826BF5E9,
                CF584D74F9D44473A0D1E02A,
                9FEA6F783FD349728DDED79B,
                8D5BBA1862E34FE0B348E937,
            );
            sourceTree = "<group>";
        };
/* End PBXGroup section */

/* Begin PBXSourcesBuildPhase section */
        3C49566AEE8542AF94F6C028 = {
            isa = PBXSourcesBuildPhase;
            buildActionMask = 2147483647;
            files = (
                344A10FA5A9E42869E9DB377,
                1F1EFF1F38634E4588FBEAA5,
                94B2A80276EA4387916887EB,
                4FC5F2E66A0F4EBD93F26427,
                2634960F4389491891587159,
                22CFEF5185644FFAAF53877F,
                B4678198A62F482DB0486492,
                F795DF411B1B4ED19EC1B555,
                B64A5B67BF5C405A981DA7E4,
                79C32CD7F7EF4CC1B6B38488,
            );
            runOnlyForDeploymentPostprocessing = 0;
        };
/* End PBXSourcesBuildPhase section */

/* Begin PBXBuildRule section */
        BBE2FD75A1E14B61A324C7F3 = {
            isa = PBXBuildRule;
            compilerSpec = com.apple.compilers.proxy.script;
            filePatterns = "*.xaml *.mp3 *.ttf";
            fileType = pattern.proxy;
            isEditable = 0;
            outputFiles = (
                "${DERIVED_FILE_DIR}/${INPUT_FILE_NAME}.bin.h"
            );
            script = "../../../../../Tools/Bin2h/bin2h.py \"${INPUT_FILE_PATH}\" > \"${DERIVED_SOURCES_DIR}/${INPUT_FILE_NAME}.bin.h\"";
        };
/* End PBXBuildRule section */

/* Begin PBXFrameworksBuildPhase section */
        068F0DD2C3884A6A9E114164 = {
            isa = PBXFrameworksBuildPhase;
            buildActionMask = 2147483647;
            files = (
                3E999D3BD49D4095A0050B25,
                96E7710679474B13A01CD151,
                22F0BDE6B2C34AD5AD0B3891,
            );
            runOnlyForDeploymentPostprocessing = 0;
        };
/* End PBXFrameworksBuildPhase section */

/* Begin PBXResourcesBuildPhase section */
        2F8333AFA85E4FCC91016632 = {
            isa = PBXResourcesBuildPhase;
            buildActionMask = 2147483647;
            files = (
                4C2CB80E8DE54FC4B40FA30E,
            );
            runOnlyForDeploymentPostprocessing = 0;
        };
/* End PBXResourcesBuildPhase section */

/* Begin PBXCopyFilesBuildPhase section */
        6408F48770E5497290AF8482 = {
            isa = PBXCopyFilesBuildPhase;
            buildActionMask = 2147483647;
            dstPath = "";
            dstSubfolderSpec = 10;
            files = (
                C824E669D93D49D1A7D252D2,
                540F9F142847496FBC06045F,
            );
            runOnlyForDeploymentPostprocessing = 0;
        };
/* End PBXCopyFilesBuildPhase section */

/* Begin PBXNativeTarget section */
        562CA016466234B8999FA056 = {
            isa = PBXNativeTarget;
            buildConfigurationList = 8D137A9394E84FA3AB80261B;
            buildPhases = (
                3C49566AEE8542AF94F6C028,
                068F0DD2C3884A6A9E114164,
                2F8333AFA85E4FCC91016632,
                6408F48770E5497290AF8482,
            );
            buildRules = (
                BBE2FD75A1E14B61A324C7F3,
            );
            dependencies = ();
            name = Samples.Login;
            productName = Samples.Login;
            productReference = 602785D06C2B4FEA8C61979D;
            productType = "com.apple.product-type.application";
        };
/* End PBXNativeTarget section */

/* Begin PBXProject section */
        DCD6C548532D4617A7383792 = {
            isa = PBXProject;
            attributes = {};
            buildConfigurationList = 5EC84BD8728642C8AD948800;
            compatibilityVersion = "Xcode 3.2";
            developmentRegion = English;
            hasScannedForEncodings = 0;
            knownRegions = (en,);
            mainGroup = 6AB590A67B5F4F099053078A;
            productRefGroup = CF584D74F9D44473A0D1E02A;
            projectDirPath = "";
            projectRoot = "";
            targets = (562CA016466234B8999FA056,);
        };
/* End PBXProject section */

/* Begin XCBuildConfiguration section */
        B9AA8EA4FF0D422A94B8DD12 = {
            isa = XCBuildConfiguration;
            baseConfigurationReference = 8DAD5ADF517E4A6B82EC6C92;
            buildSettings = {
                SDKROOT = macosx;
                MACOSX_DEPLOYMENT_TARGET = 10.7;
                ARCHS = "$(ARCHS_STANDARD)";
                HEADER_SEARCH_PATHS = (../../../../Core/NSTL/Include,../../../../Samples/Login/Include,../../../../App/ApplicationLauncher/Include,../../../../../../3rdParty/EASTL/local/include,../../../../Drawing/Types/Include,../../../../App/Interactivity/Include,../../../../Math/Utils/Include,../../../../App/Display/Include,../../../../App/Launcher/Include,../../../../Core/Nullable/Include,../../../../App/DisplayLauncher/Include,../../../../Gui/CachedFontProvider/Include,../../../../Math/VectorMath/Include,../../../../Gui/Providers/Include,../../../../Gui/Core/Include,../../../../Core/Kernel/Include,../../../../App/Providers/Include,../../../../../../Include,../../../../Gui/DependencySystem/Include);
                GCC_PREPROCESSOR_DEFINITIONS = ("NS_BUILD","NS_CONFIG=Release","NS_VERSION=2.2.3","NS_APP_FRAMEWORK","$(inherited)");
                LIBRARY_SEARCH_PATHS = ();
                OTHER_LDFLAGS = ();
                STRIP_STYLE = all;
                CONFIGURATION_BUILD_DIR = "$(PROJECT_DIR)/../../../../../../Bin/osx";
                CONFIGURATION_TEMP_DIR = "$(PROJECT_DIR)/build/$(CONFIGURATION)";
                USE_HEADERMAP = NO;
            };
            name = Release;
        };
        39E1C7F28D1541D9AACECC54 = {
            isa = XCBuildConfiguration;
            buildSettings = {
                PRODUCT_BUNDLE_IDENTIFIER = "com.noesisengine.${PRODUCT_NAME:rfc1034identifier}";
                PRODUCT_NAME = "$(TARGET_NAME)";
                CURRENT_PROJECT_VERSION = 2.2.3;
                DYLIB_COMPATIBILITY_VERSION = "$(CURRENT_PROJECT_VERSION)";
                DYLIB_CURRENT_VERSION = "$(CURRENT_PROJECT_VERSION)";
                GCC_INPUT_FILETYPE = "sourcecode.cpp.objcpp";
                ASSETCATALOG_COMPILER_APPICON_NAME = AppIcon;
                INFOPLIST_FILE = "$(PROJECT_DIR)/info.plist";
                LD_RUNPATH_SEARCH_PATHS = "@executable_path/../../../ @executable_path/../Frameworks/";
            };
            name = Release;
        };
        883AB3B53C5E4840A7DD9309 = {
            isa = XCBuildConfiguration;
            baseConfigurationReference = 23A079B52AE64336A7307F3C;
            buildSettings = {
                SDKROOT = macosx;
                MACOSX_DEPLOYMENT_TARGET = 10.7;
                ARCHS = "$(ARCHS_STANDARD)";
                HEADER_SEARCH_PATHS = (../../../../Core/NSTL/Include,../../../../Samples/Login/Include,../../../../App/ApplicationLauncher/Include,../../../../../../3rdParty/EASTL/local/include,../../../../Drawing/Types/Include,../../../../App/Interactivity/Include,../../../../Math/Utils/Include,../../../../App/Display/Include,../../../../App/Launcher/Include,../../../../Core/Nullable/Include,../../../../App/DisplayLauncher/Include,../../../../Gui/CachedFontProvider/Include,../../../../Math/VectorMath/Include,../../../../Gui/Providers/Include,../../../../Gui/Core/Include,../../../../Core/Kernel/Include,../../../../App/Providers/Include,../../../../../../Include,../../../../Gui/DependencySystem/Include);
                GCC_PREPROCESSOR_DEFINITIONS = ("NS_BUILD","NS_CONFIG=Profile","NS_VERSION=2.2.3","NS_APP_FRAMEWORK","NS_PROFILE","NS_MINIMUM_LOG_LEVEL=2","$(inherited)");
                LIBRARY_SEARCH_PATHS = ();
                OTHER_LDFLAGS = ();
                STRIP_STYLE = all;
                CONFIGURATION_BUILD_DIR = "$(PROJECT_DIR)/../../../../../../Bin/osx";
                CONFIGURATION_TEMP_DIR = "$(PROJECT_DIR)/build/$(CONFIGURATION)";
                USE_HEADERMAP = NO;
            };
            name = Profile;
        };
        1F18AF5D91F641CD86EC805E = {
            isa = XCBuildConfiguration;
            buildSettings = {
                PRODUCT_BUNDLE_IDENTIFIER = "com.noesisengine.${PRODUCT_NAME:rfc1034identifier}";
                PRODUCT_NAME = "$(TARGET_NAME)";
                CURRENT_PROJECT_VERSION = 2.2.3;
                DYLIB_COMPATIBILITY_VERSION = "$(CURRENT_PROJECT_VERSION)";
                DYLIB_CURRENT_VERSION = "$(CURRENT_PROJECT_VERSION)";
                GCC_INPUT_FILETYPE = "sourcecode.cpp.objcpp";
                ASSETCATALOG_COMPILER_APPICON_NAME = AppIcon;
                INFOPLIST_FILE = "$(PROJECT_DIR)/info.plist";
                LD_RUNPATH_SEARCH_PATHS = "@executable_path/../../../ @executable_path/../Frameworks/";
            };
            name = Profile;
        };
        4F99E06685234BF4804A0764 = {
            isa = XCBuildConfiguration;
            baseConfigurationReference = 40D8190AADE14AD98FAEB035;
            buildSettings = {
                SDKROOT = macosx;
                MACOSX_DEPLOYMENT_TARGET = 10.7;
                ARCHS = "$(ARCHS_STANDARD)";
                HEADER_SEARCH_PATHS = (../../../../Core/NSTL/Include,../../../../Samples/Login/Include,../../../../App/ApplicationLauncher/Include,../../../../../../3rdParty/EASTL/local/include,../../../../Drawing/Types/Include,../../../../App/Interactivity/Include,../../../../Math/Utils/Include,../../../../App/Display/Include,../../../../App/Launcher/Include,../../../../Core/Nullable/Include,../../../../App/DisplayLauncher/Include,../../../../Gui/CachedFontProvider/Include,../../../../Math/VectorMath/Include,../../../../Gui/Providers/Include,../../../../Gui/Core/Include,../../../../Core/Kernel/Include,../../../../App/Providers/Include,../../../../../../Include,../../../../Gui/DependencySystem/Include);
                GCC_PREPROCESSOR_DEFINITIONS = ("NS_BUILD","NS_CONFIG=Debug","NS_VERSION=2.2.3","NS_APP_FRAMEWORK","NS_DEBUG","NS_PROFILE","NS_MINIMUM_LOG_LEVEL=1","$(inherited)");
                LIBRARY_SEARCH_PATHS = ();
                OTHER_LDFLAGS = ();
                STRIP_STYLE = all;
                CONFIGURATION_BUILD_DIR = "$(PROJECT_DIR)/../../../../../../Bin/osx";
                CONFIGURATION_TEMP_DIR = "$(PROJECT_DIR)/build/$(CONFIGURATION)";
                USE_HEADERMAP = NO;
            };
            name = Debug;
        };
        494BA6B7460543178B35B26F = {
            isa = XCBuildConfiguration;
            buildSettings = {
                PRODUCT_BUNDLE_IDENTIFIER = "com.noesisengine.${PRODUCT_NAME:rfc1034identifier}";
                PRODUCT_NAME = "$(TARGET_NAME)";
                CURRENT_PROJECT_VERSION = 2.2.3;
                DYLIB_COMPATIBILITY_VERSION = "$(CURRENT_PROJECT_VERSION)";
                DYLIB_CURRENT_VERSION = "$(CURRENT_PROJECT_VERSION)";
                GCC_INPUT_FILETYPE = "sourcecode.cpp.objcpp";
                ASSETCATALOG_COMPILER_APPICON_NAME = AppIcon;
                INFOPLIST_FILE = "$(PROJECT_DIR)/info.plist";
                LD_RUNPATH_SEARCH_PATHS = "@executable_path/../../../ @executable_path/../Frameworks/";
            };
            name = Debug;
        };
/* End XCBuildConfiguration section */

/* Begin XCConfigurationList section */
        5EC84BD8728642C8AD948800 = {
            isa = XCConfigurationList;
            buildConfigurations = (B9AA8EA4FF0D422A94B8DD12,883AB3B53C5E4840A7DD9309,4F99E06685234BF4804A0764);
            defaultConfigurationIsVisible = 0;
            defaultConfigurationName = Release;
        };

        8D137A9394E84FA3AB80261B = {
            isa = XCConfigurationList;
            buildConfigurations = (39E1C7F28D1541D9AACECC54,1F18AF5D91F641CD86EC805E,494BA6B7460543178B35B26F);
            defaultConfigurationIsVisible = 0;
            defaultConfigurationName = Release;
        };
/* End XCConfigurationList section */
    };
    rootObject = DCD6C548532D4617A7383792;
}
