<?xml version="1.0" encoding="utf-8"?>
<Project ToolsVersion="4.0" xmlns="http://schemas.microsoft.com/developer/msbuild/2003">
  <ItemGroup>
    <Filter Include="Src">
      <UniqueIdentifier>{24f05c76-a07b-4885-a1c7-6f74dfb3e848}</UniqueIdentifier>
    </Filter>
    <Filter Include="Resources">
      <UniqueIdentifier>{c8270569-5a1f-4d7e-b222-e9f2ab809400}</UniqueIdentifier>
    </Filter>
    <Filter Include="Data">
      <UniqueIdentifier>{bc3dbec9-389e-4ad1-bc50-aee4b497fac5}</UniqueIdentifier>
    </Filter>
  </ItemGroup>
  <ItemGroup>
    <ClCompile Include="..\..\..\Packages\Samples\QuestLog\Src\App.xaml.cpp">
      <Filter>Src</Filter>
    </ClCompile>
    <ClInclude Include="..\..\..\Packages\Samples\QuestLog\Src\App.xaml.h">
      <Filter>Src</Filter>
    </ClInclude>
    <ClCompile Include="..\..\..\Packages\Samples\QuestLog\Src\Main.cpp">
      <Filter>Src</Filter>
    </ClCompile>
    <ClCompile Include="..\..\..\Packages\Samples\QuestLog\Src\MainWindow.xaml.cpp">
      <Filter>Src</Filter>
    </ClCompile>
    <ClInclude Include="..\..\..\Packages\Samples\QuestLog\Src\MainWindow.xaml.h">
      <Filter>Src</Filter>
    </ClInclude>
    <ClCompile Include="..\..\..\Packages\Samples\QuestLog\Src\ViewModel.cpp">
      <Filter>Src</Filter>
    </ClCompile>
    <ClInclude Include="..\..\..\Packages\Samples\QuestLog\Src\ViewModel.h">
      <Filter>Src</Filter>
    </ClInclude>
    <ResourceCompile Include="resources.rc">
      <Filter>Resources</Filter>
    </ResourceCompile>
    <None Include="Noesis.ico">
      <Filter>Resources</Filter>
    </None>
    <CustomBuild Include="..\..\..\Packages\Samples\QuestLog\Data\App.xaml">
      <Filter>Data</Filter>
    </CustomBuild>
    <CustomBuild Include="..\..\..\Packages\Samples\QuestLog\Data\Dungeon.ttf">
      <Filter>Data</Filter>
    </CustomBuild>
    <CustomBuild Include="..\..\..\Packages\Samples\QuestLog\Data\GentiumBookBasic.ttf">
      <Filter>Data</Filter>
    </CustomBuild>
    <CustomBuild Include="..\..\..\Packages\Samples\QuestLog\Data\Resources.xaml">
      <Filter>Data</Filter>
    </CustomBuild>
    <CustomBuild Include="..\..\..\Packages\Samples\QuestLog\Data\MainWindow.xaml">
      <Filter>Data</Filter>
    </CustomBuild>
    <CustomBuild Include="..\..\..\Packages\Samples\QuestLog\Data\Images\Background.png">
      <Filter>Data</Filter>
    </CustomBuild>
    <CustomBuild Include="..\..\..\Packages\Samples\QuestLog\Data\Images\Image0.png">
      <Filter>Data</Filter>
    </CustomBuild>
    <CustomBuild Include="..\..\..\Packages\Samples\QuestLog\Data\Images\Image1.png">
      <Filter>Data</Filter>
    </CustomBuild>
    <CustomBuild Include="..\..\..\Packages\Samples\QuestLog\Data\Images\Image2.png">
      <Filter>Data</Filter>
    </CustomBuild>
    <CustomBuild Include="..\..\..\Packages\Samples\QuestLog\Data\Sounds\WaterDropSmall.mp3">
      <Filter>Data</Filter>
    </CustomBuild>
  </ItemGroup>
</Project>