// !$*UTF8*$!
{
    archiveVersion = 1;
    classes = {};
    objectVersion = 46;
    objects = {

/* Begin PBXBuildFile section */
        9F07C36D75664905A57FB630 /* App.xaml in Sources */ = {isa = PBXBuildFile; fileRef = ADB7EB6FFF93441D829881E6 /* App.xaml */; };
        EFCB6111A79742F8993358FA /* MainWindow.xaml in Sources */ = {isa = PBXBuildFile; fileRef = B3B3E55DDD3F4740BFBB821C /* MainWindow.xaml */; };
        4EEE87A75EF24075872159A5 /* Roboto-Bold.ttf in Sources */ = {isa = PBXBuildFile; fileRef = 1734A4AAD0E74F808FA7A4A0 /* Roboto-Bold.ttf */; };
        1D9C6E6CAB3A41589172F3EF /* Roboto-Regular.ttf in Sources */ = {isa = PBXBuildFile; fileRef = 6ACE8960E37D4CE1B2F3C0DF /* Roboto-Regular.ttf */; };
        31A0C598AC6043F59063416C /* earglobe.jpg in Sources */ = {isa = PBXBuildFile; fileRef = 708DC037165B483887493ABC /* earglobe.jpg */; };
        8561EAFABF014EF7A0D356A6 /* jupglobe.jpg in Sources */ = {isa = PBXBuildFile; fileRef = 3772BD4E931B48C7BB88CE2B /* jupglobe.jpg */; };
        5844C5133C6642F1B7F5A83F /* marglobe.jpg in Sources */ = {isa = PBXBuildFile; fileRef = 3582176288CB4CDC8F264C48 /* marglobe.jpg */; };
        152FC706F2EB4F27BB8B6BE7 /* merglobe.jpg in Sources */ = {isa = PBXBuildFile; fileRef = A6CE28D488814C9BA6576433 /* merglobe.jpg */; };
        A43F5924C10D48B8AA6F9CCF /* moons_2.jpg in Sources */ = {isa = PBXBuildFile; fileRef = 5EB6952EF6EA43AF969D8F9C /* moons_2.jpg */; };
        A8B8A23D6E7F4F24AF52B47E /* nepglobe.jpg in Sources */ = {isa = PBXBuildFile; fileRef = C8E4ACE1E459421BB5550788 /* nepglobe.jpg */; };
        A2F92B04D3A84F06ADAFD0CF /* plutoch_2.jpg in Sources */ = {isa = PBXBuildFile; fileRef = 78F9151BB70043D4AB1E94A7 /* plutoch_2.jpg */; };
        DB3DB520192348B191B5E00D /* sun.jpg in Sources */ = {isa = PBXBuildFile; fileRef = 4ADBCC50C7C94CD282BC59D0 /* sun.jpg */; };
        CEF7B9B7B94147958F6B189E /* uraglobe.jpg in Sources */ = {isa = PBXBuildFile; fileRef = AF6690153311463DA8B95594 /* uraglobe.jpg */; };
        E3F920EFBF974971B81BE32B /* venglobe.jpg in Sources */ = {isa = PBXBuildFile; fileRef = 4FF8F731D4D34C72997ADCAF /* venglobe.jpg */; };
        F84CE8492B8F46C789A206BF /* Main.cpp in Sources */ = {isa = PBXBuildFile; fileRef = A5B5CCEE5BE740A5B6C59D2A /* Main.cpp */; };
        EF36CF13DD3145808D08A192 /* LaunchScreen.storyboard in Resources */ = {isa = PBXBuildFile; fileRef = B0DAA8934BFF494BA441E54C /* LaunchScreen.storyboard */; };
        727CE534FD994CC3B136A8A3 /* Assets.xcassets in Resources */ = {isa = PBXBuildFile; fileRef = 0789726556784F42A88033C4 /* Assets.xcassets */; };
        F50F2D261F1049E49BA74576 /* CoreGraphics.framework in Frameworks */ = {isa = PBXBuildFile; fileRef = A996446E6C64467A9155F2BA /* CoreGraphics.framework */; };
        CBA2064B2CEA47EA8DE2E33D /* UIKit.framework in Frameworks */ = {isa = PBXBuildFile; fileRef = 5C8530C97B184928AAA86600 /* UIKit.framework */; };
        D06B82F14E794B21931910C1 /* AudioToolbox.framework in Frameworks */ = {isa = PBXBuildFile; fileRef = 254D9C50622F43928FD7965C /* AudioToolbox.framework */; };
        34845BE3B0CD41A996F05D0C /* CoreFoundation.framework in Frameworks */ = {isa = PBXBuildFile; fileRef = AB44774F4F5743B38E1C168F /* CoreFoundation.framework */; };
        000B234CAAAC430C9332D387 /* CoreText.framework in Frameworks */ = {isa = PBXBuildFile; fileRef = C8F08C795DF340318D9739AF /* CoreText.framework */; };
        95768C0AF44C4A4BB10A8028 /* QuartzCore.framework in Frameworks */ = {isa = PBXBuildFile; fileRef = 9C9A0455820E43CEA3E6C8A7 /* QuartzCore.framework */; };
        337A00882BAB4E47AD92E6AD /* AVFoundation.framework in Frameworks */ = {isa = PBXBuildFile; fileRef = A31CEEB214C9418DAE5D774A /* AVFoundation.framework */; };
        5D2DF5C642984F9BB3ADA928 /* libNoesis.a in Frameworks */ = {isa = PBXBuildFile; fileRef = 020CF8C730F94CEA9D282534 /* libNoesis.a */; };
        597E57ED972E417D9FE8FB35 /* libNoesisApp.a in Frameworks */ = {isa = PBXBuildFile; fileRef = 660D42B8AFE0419A9CD6284D /* libNoesisApp.a */; };
/* End PBXBuildFile section */

/* Begin PBXFileReference section */
        185C8BDC106545FC836ADC43 /* Samples.DataBinding.app */ = {isa = PBXFileReference; explicitFileType = wrapper.application; includeInIndex = 0; path = Samples.DataBinding.app; sourceTree = BUILT_PRODUCTS_DIR; };
        A996446E6C64467A9155F2BA /* CoreGraphics.framework */ = {isa = PBXFileReference; lastKnownFileType = wrapper.framework; name = "CoreGraphics.framework"; path = "System/Library/Frameworks/CoreGraphics.framework"; sourceTree = SDKROOT; };
        5C8530C97B184928AAA86600 /* UIKit.framework */ = {isa = PBXFileReference; lastKnownFileType = wrapper.framework; name = "UIKit.framework"; path = "System/Library/Frameworks/UIKit.framework"; sourceTree = SDKROOT; };
        254D9C50622F43928FD7965C /* AudioToolbox.framework */ = {isa = PBXFileReference; lastKnownFileType = wrapper.framework; name = "AudioToolbox.framework"; path = "System/Library/Frameworks/AudioToolbox.framework"; sourceTree = SDKROOT; };
        AB44774F4F5743B38E1C168F /* CoreFoundation.framework */ = {isa = PBXFileReference; lastKnownFileType = wrapper.framework; name = "CoreFoundation.framework"; path = "System/Library/Frameworks/CoreFoundation.framework"; sourceTree = SDKROOT; };
        C8F08C795DF340318D9739AF /* CoreText.framework */ = {isa = PBXFileReference; lastKnownFileType = wrapper.framework; name = "CoreText.framework"; path = "System/Library/Frameworks/CoreText.framework"; sourceTree = SDKROOT; };
        9C9A0455820E43CEA3E6C8A7 /* QuartzCore.framework */ = {isa = PBXFileReference; lastKnownFileType = wrapper.framework; name = "QuartzCore.framework"; path = "System/Library/Frameworks/QuartzCore.framework"; sourceTree = SDKROOT; };
        A31CEEB214C9418DAE5D774A /* AVFoundation.framework */ = {isa = PBXFileReference; lastKnownFileType = wrapper.framework; name = "AVFoundation.framework"; path = "System/Library/Frameworks/AVFoundation.framework"; sourceTree = SDKROOT; };
        020CF8C730F94CEA9D282534 /* libNoesis.a */ = {isa = PBXFileReference; lastKnownFileType = archive.ar; name = "libNoesis.a"; path = "../../../../../../Lib/ios/libNoesis.a"; sourceTree = SOURCE_ROOT; };
        660D42B8AFE0419A9CD6284D /* libNoesisApp.a */ = {isa = PBXFileReference; lastKnownFileType = archive.ar; name = "libNoesisApp.a"; path = "../../../../../../Lib/ios/libNoesisApp.a"; sourceTree = SOURCE_ROOT; };
        EBA03B3AB0A94E8B8E6891FB /* Common.xcconfig */ = {isa = PBXFileReference; lastKnownFileType = text.xcconfig; name = "Common.xcconfig"; path = "../../../../../Config/Common.xcconfig"; sourceTree = SOURCE_ROOT; };
        68E38332187C42B09E1904F9 /* Release.xcconfig */ = {isa = PBXFileReference; lastKnownFileType = text.xcconfig; name = "Release.xcconfig"; path = "../../../../../Config/Release/Release.xcconfig"; sourceTree = SOURCE_ROOT; };
        59F988FCC687400989B5964D /* Profile.xcconfig */ = {isa = PBXFileReference; lastKnownFileType = text.xcconfig; name = "Profile.xcconfig"; path = "../../../../../Config/Profile/Profile.xcconfig"; sourceTree = SOURCE_ROOT; };
        10DC655A9AC64B51852F1894 /* Debug.xcconfig */ = {isa = PBXFileReference; lastKnownFileType = text.xcconfig; name = "Debug.xcconfig"; path = "../../../../../Config/Debug/Debug.xcconfig"; sourceTree = SOURCE_ROOT; };
        A5B5CCEE5BE740A5B6C59D2A /* Main.cpp */ = {isa = PBXFileReference; lastKnownFileType = sourcecode.cpp.cpp; name = "Main.cpp"; path = "../../Src/Main.cpp"; sourceTree = SOURCE_ROOT; };
        ADB7EB6FFF93441D829881E6 /* App.xaml */ = {isa = PBXFileReference; lastKnownFileType = file; name = "App.xaml"; path = "../../Data/App.xaml"; sourceTree = SOURCE_ROOT; };
        B3B3E55DDD3F4740BFBB821C /* MainWindow.xaml */ = {isa = PBXFileReference; lastKnownFileType = file; name = "MainWindow.xaml"; path = "../../Data/MainWindow.xaml"; sourceTree = SOURCE_ROOT; };
        1734A4AAD0E74F808FA7A4A0 /* Roboto-Bold.ttf */ = {isa = PBXFileReference; lastKnownFileType = file; name = "Roboto-Bold.ttf"; path = "../../Data/Roboto-Bold.ttf"; sourceTree = SOURCE_ROOT; };
        6ACE8960E37D4CE1B2F3C0DF /* Roboto-Regular.ttf */ = {isa = PBXFileReference; lastKnownFileType = file; name = "Roboto-Regular.ttf"; path = "../../Data/Roboto-Regular.ttf"; sourceTree = SOURCE_ROOT; };
        708DC037165B483887493ABC /* earglobe.jpg */ = {isa = PBXFileReference; lastKnownFileType = file; name = "earglobe.jpg"; path = "../../Data/Images/earglobe.jpg"; sourceTree = SOURCE_ROOT; };
        3772BD4E931B48C7BB88CE2B /* jupglobe.jpg */ = {isa = PBXFileReference; lastKnownFileType = file; name = "jupglobe.jpg"; path = "../../Data/Images/jupglobe.jpg"; sourceTree = SOURCE_ROOT; };
        3582176288CB4CDC8F264C48 /* marglobe.jpg */ = {isa = PBXFileReference; lastKnownFileType = file; name = "marglobe.jpg"; path = "../../Data/Images/marglobe.jpg"; sourceTree = SOURCE_ROOT; };
        A6CE28D488814C9BA6576433 /* merglobe.jpg */ = {isa = PBXFileReference; lastKnownFileType = file; name = "merglobe.jpg"; path = "../../Data/Images/merglobe.jpg"; sourceTree = SOURCE_ROOT; };
        5EB6952EF6EA43AF969D8F9C /* moons_2.jpg */ = {isa = PBXFileReference; lastKnownFileType = file; name = "moons_2.jpg"; path = "../../Data/Images/moons_2.jpg"; sourceTree = SOURCE_ROOT; };
        C8E4ACE1E459421BB5550788 /* nepglobe.jpg */ = {isa = PBXFileReference; lastKnownFileType = file; name = "nepglobe.jpg"; path = "../../Data/Images/nepglobe.jpg"; sourceTree = SOURCE_ROOT; };
        78F9151BB70043D4AB1E94A7 /* plutoch_2.jpg */ = {isa = PBXFileReference; lastKnownFileType = file; name = "plutoch_2.jpg"; path = "../../Data/Images/plutoch_2.jpg"; sourceTree = SOURCE_ROOT; };
        4ADBCC50C7C94CD282BC59D0 /* sun.jpg */ = {isa = PBXFileReference; lastKnownFileType = file; name = "sun.jpg"; path = "../../Data/Images/sun.jpg"; sourceTree = SOURCE_ROOT; };
        AF6690153311463DA8B95594 /* uraglobe.jpg */ = {isa = PBXFileReference; lastKnownFileType = file; name = "uraglobe.jpg"; path = "../../Data/Images/uraglobe.jpg"; sourceTree = SOURCE_ROOT; };
        4FF8F731D4D34C72997ADCAF /* venglobe.jpg */ = {isa = PBXFileReference; lastKnownFileType = file; name = "venglobe.jpg"; path = "../../Data/Images/venglobe.jpg"; sourceTree = SOURCE_ROOT; };
        EE8D5E540C8C40D79D816FF7 /* info.plist */ = {isa = PBXFileReference; lastKnownFileType = text.plist.xml; name = "info.plist"; path = "info.plist"; sourceTree = SOURCE_ROOT; };
        B0DAA8934BFF494BA441E54C /* LaunchScreen.storyboard */ = {isa = PBXFileReference; lastKnownFileType = file.storyboard; name = "LaunchScreen.storyboard"; path = "LaunchScreen.storyboard"; sourceTree = SOURCE_ROOT; };
        0789726556784F42A88033C4 /* Assets.xcassets */ = {isa = PBXFileReference; lastKnownFileType = folder.assetcatalog; name = "Assets.xcassets"; path = "Assets.xcassets"; sourceTree = SOURCE_ROOT; };
/* End PBXFileReference section */

/* Begin PBXGroup section */
        7BBF82C34E914BF38AD9F159 = {
            isa = PBXGroup;
            children = (
                A5B5CCEE5BE740A5B6C59D2A,
            );
            name = Src;
            sourceTree = "<group>";
        };
        8434FCE25BDC4942877A5A74 = {
            isa = PBXGroup;
            children = (
                ADB7EB6FFF93441D829881E6,
                B3B3E55DDD3F4740BFBB821C,
                1734A4AAD0E74F808FA7A4A0,
                6ACE8960E37D4CE1B2F3C0DF,
                708DC037165B483887493ABC,
                3772BD4E931B48C7BB88CE2B,
                3582176288CB4CDC8F264C48,
                A6CE28D488814C9BA6576433,
                5EB6952EF6EA43AF969D8F9C,
                C8E4ACE1E459421BB5550788,
                78F9151BB70043D4AB1E94A7,
                4ADBCC50C7C94CD282BC59D0,
                AF6690153311463DA8B95594,
                4FF8F731D4D34C72997ADCAF,
            );
            name = Data;
            sourceTree = "<group>";
        };
        13A77DE5CA7A4F99983901F2 = {
            isa = PBXGroup;
            children = (
                EE8D5E540C8C40D79D816FF7,
                B0DAA8934BFF494BA441E54C,
                0789726556784F42A88033C4,
            );
            name = Resources;
            sourceTree = "<group>";
        };
        0F2128861614420BB02BF1DD = {
            isa = PBXGroup;
            children = (
                68E38332187C42B09E1904F9,
                59F988FCC687400989B5964D,
                EBA03B3AB0A94E8B8E6891FB,
                10DC655A9AC64B51852F1894,
            );
            name = Config;
            sourceTree = "<group>";
        };
        5762D9CBF9A943E0A5DAC73F = {
            isa = PBXGroup;
            children = (
                185C8BDC106545FC836ADC43,
            );
            name = Products;
            sourceTree = "<group>";
        };
        D5413B5B6F8F41ACB3AE3C87 = {
            isa = PBXGroup;
            children = (
                A996446E6C64467A9155F2BA,
                5C8530C97B184928AAA86600,
                254D9C50622F43928FD7965C,
                AB44774F4F5743B38E1C168F,
                C8F08C795DF340318D9739AF,
                9C9A0455820E43CEA3E6C8A7,
                A31CEEB214C9418DAE5D774A,
                020CF8C730F94CEA9D282534,
                660D42B8AFE0419A9CD6284D,
            );
            name = Dependencies;
            sourceTree = "<group>";
        };
        F8A50EB849194A7981F5E257 = {
            isa = PBXGroup;
            children = (
                7BBF82C34E914BF38AD9F159,
                8434FCE25BDC4942877A5A74,
                13A77DE5CA7A4F99983901F2,
                0F2128861614420BB02BF1DD,
                5762D9CBF9A943E0A5DAC73F,
                D5413B5B6F8F41ACB3AE3C87,
                A108375739184ECD9771E70B,
            );
            sourceTree = "<group>";
        };
/* End PBXGroup section */

/* Begin PBXSourcesBuildPhase section */
        C53E5E3B094E493B92B879E9 = {
            isa = PBXSourcesBuildPhase;
            buildActionMask = 2147483647;
            files = (
                9F07C36D75664905A57FB630,
                EFCB6111A79742F8993358FA,
                4EEE87A75EF24075872159A5,
                1D9C6E6CAB3A41589172F3EF,
                31A0C598AC6043F59063416C,
                8561EAFABF014EF7A0D356A6,
                5844C5133C6642F1B7F5A83F,
                152FC706F2EB4F27BB8B6BE7,
                A43F5924C10D48B8AA6F9CCF,
                A8B8A23D6E7F4F24AF52B47E,
                A2F92B04D3A84F06ADAFD0CF,
                DB3DB520192348B191B5E00D,
                CEF7B9B7B94147958F6B189E,
                E3F920EFBF974971B81BE32B,
                F84CE8492B8F46C789A206BF,
            );
            runOnlyForDeploymentPostprocessing = 0;
        };
/* End PBXSourcesBuildPhase section */

/* Begin PBXBuildRule section */
        187FC1DBD877402A8EF48F7E = {
            isa = PBXBuildRule;
            compilerSpec = com.apple.compilers.proxy.script;
            filePatterns = "*.xaml *.jpg *.ttf";
            fileType = pattern.proxy;
            isEditable = 0;
            outputFiles = (
                "${DERIVED_FILE_DIR}/${INPUT_FILE_NAME}.bin.h"
            );
            runOncePerArchitecture = 0;
            script = "../../../../../Tools/Bin2h/bin2h.py \"${INPUT_FILE_PATH}\" > \"${DERIVED_SOURCES_DIR}/${INPUT_FILE_NAME}.bin.h\"";
        };
/* End PBXBuildRule section */

/* Begin PBXFrameworksBuildPhase section */
        78D11834FAFE47EDB104BA6E = {
            isa = PBXFrameworksBuildPhase;
            buildActionMask = 2147483647;
            files = (
                F50F2D261F1049E49BA74576,
                CBA2064B2CEA47EA8DE2E33D,
                D06B82F14E794B21931910C1,
                34845BE3B0CD41A996F05D0C,
                000B234CAAAC430C9332D387,
                95768C0AF44C4A4BB10A8028,
                337A00882BAB4E47AD92E6AD,
                5D2DF5C642984F9BB3ADA928,
                597E57ED972E417D9FE8FB35,
            );
            runOnlyForDeploymentPostprocessing = 0;
        };
/* End PBXFrameworksBuildPhase section */

/* Begin PBXResourcesBuildPhase section */
        D858B01DB7164E019F8D2B93 = {
            isa = PBXResourcesBuildPhase;
            buildActionMask = 2147483647;
            files = (
                EF36CF13DD3145808D08A192,
                727CE534FD994CC3B136A8A3,
            );
            runOnlyForDeploymentPostprocessing = 0;
        };
/* End PBXResourcesBuildPhase section */

/* Begin PBXCopyFilesBuildPhase section */
        4BEB0DBAE1214C5D9A6C63C7 = {
            isa = PBXCopyFilesBuildPhase;
            buildActionMask = 2147483647;
            dstPath = "";
            dstSubfolderSpec = 10;
            files = (
            );
            runOnlyForDeploymentPostprocessing = 0;
        };
/* End PBXCopyFilesBuildPhase section */

/* Begin PBXNativeTarget section */
        407EE901B8E4399CA77462C5 = {
            isa = PBXNativeTarget;
            buildConfigurationList = C2F2D9136AC3457E9CC587FA;
            buildPhases = (
                C53E5E3B094E493B92B879E9,
                78D11834FAFE47EDB104BA6E,
                D858B01DB7164E019F8D2B93,
                4BEB0DBAE1214C5D9A6C63C7,
            );
            buildRules = (
                187FC1DBD877402A8EF48F7E,
            );
            dependencies = ();
            name = Samples.DataBinding;
            productName = Samples.DataBinding;
            productReference = 185C8BDC106545FC836ADC43;
            productType = "com.apple.product-type.application";
        };
/* End PBXNativeTarget section */

/* Begin PBXProject section */
        89E6AD4DED0C474486F28643 = {
            isa = PBXProject;
            attributes = { LastUpgradeCheck = 9999; };
            buildConfigurationList = 08D78CD92BF34C01B7DA552D;
            compatibilityVersion = "Xcode 3.2";
            developmentRegion = en;
            hasScannedForEncodings = 0;
            knownRegions = (en, Base,);
            mainGroup = F8A50EB849194A7981F5E257;
            productRefGroup = 5762D9CBF9A943E0A5DAC73F;
            projectDirPath = "";
            projectRoot = "";
            targets = (407EE901B8E4399CA77462C5,);
        };
/* End PBXProject section */

/* Begin XCBuildConfiguration section */
        6D2F92CF84744EC68F6F0146 = {
            isa = XCBuildConfiguration;
            baseConfigurationReference = 68E38332187C42B09E1904F9;
            buildSettings = {
                SDKROOT = iphoneos;
                IPHONEOS_DEPLOYMENT_TARGET = 8.0;
                HEADER_SEARCH_PATHS = (../../../../../../Include,../../../../App/ApplicationLauncher/Include,../../../../App/Display/Include,../../../../App/DisplayLauncher/Include,../../../../App/Launcher/Include,../../../../App/Providers/Include);
                GCC_PREPROCESSOR_DEFINITIONS = ("NS_BUILD","NS_CONFIG=Release","NS_VERSION=3.0.7","NS_APP_FRAMEWORK","NS_LICENSE","NS_STATIC_LIBRARY","$(inherited)");
                LIBRARY_SEARCH_PATHS = (../../../../../../Lib/ios);
                OTHER_LDFLAGS = ();
                GCC_ENABLE_CPP_RTTI = YES;
                STRIP_STYLE = all;
                CONFIGURATION_BUILD_DIR = "$(PROJECT_DIR)/../../../../../../Bin/ios";
                CONFIGURATION_TEMP_DIR = "$(PROJECT_DIR)/build/$(CONFIGURATION)";
                USE_HEADERMAP = NO;
            };
            name = Release;
        };
        E88508FEAC41424180B3D7DF = {
            isa = XCBuildConfiguration;
            buildSettings = {
                PRODUCT_BUNDLE_IDENTIFIER = "com.noesisengine.${PRODUCT_NAME:rfc1034identifier}";
                PRODUCT_NAME = "$(TARGET_NAME)";
                CURRENT_PROJECT_VERSION = 3.0.7;
                DYLIB_COMPATIBILITY_VERSION = "$(CURRENT_PROJECT_VERSION)";
                DYLIB_CURRENT_VERSION = "$(CURRENT_PROJECT_VERSION)";
                GCC_INPUT_FILETYPE = "sourcecode.cpp.objcpp";
                ASSETCATALOG_COMPILER_APPICON_NAME = AppIcon;
                CODE_SIGN_STYLE = Automatic;
                CODE_SIGN_IDENTITY = "iPhone Developer";
                INFOPLIST_FILE = info.plist;
                TARGETED_DEVICE_FAMILY = "1,2";
            };
            name = Release;
        };
        DDF6578F6D314C8DB2BAE7F2 = {
            isa = XCBuildConfiguration;
            baseConfigurationReference = 59F988FCC687400989B5964D;
            buildSettings = {
                SDKROOT = iphoneos;
                IPHONEOS_DEPLOYMENT_TARGET = 8.0;
                HEADER_SEARCH_PATHS = (../../../../../../Include,../../../../App/ApplicationLauncher/Include,../../../../App/Display/Include,../../../../App/DisplayLauncher/Include,../../../../App/Launcher/Include,../../../../App/Providers/Include);
                GCC_PREPROCESSOR_DEFINITIONS = ("NS_BUILD","NS_CONFIG=Profile","NS_VERSION=3.0.7","NS_APP_FRAMEWORK","NS_LICENSE","NS_STATIC_LIBRARY","NS_PROFILE","NS_MINIMUM_LOG_LEVEL=2","$(inherited)");
                LIBRARY_SEARCH_PATHS = (../../../../../../Lib/ios);
                OTHER_LDFLAGS = ();
                GCC_ENABLE_CPP_RTTI = YES;
                STRIP_STYLE = all;
                CONFIGURATION_BUILD_DIR = "$(PROJECT_DIR)/../../../../../../Bin/ios";
                CONFIGURATION_TEMP_DIR = "$(PROJECT_DIR)/build/$(CONFIGURATION)";
                USE_HEADERMAP = NO;
            };
            name = Profile;
        };
        92E47748421D415295F06267 = {
            isa = XCBuildConfiguration;
            buildSettings = {
                PRODUCT_BUNDLE_IDENTIFIER = "com.noesisengine.${PRODUCT_NAME:rfc1034identifier}";
                PRODUCT_NAME = "$(TARGET_NAME)";
                CURRENT_PROJECT_VERSION = 3.0.7;
                DYLIB_COMPATIBILITY_VERSION = "$(CURRENT_PROJECT_VERSION)";
                DYLIB_CURRENT_VERSION = "$(CURRENT_PROJECT_VERSION)";
                GCC_INPUT_FILETYPE = "sourcecode.cpp.objcpp";
                ASSETCATALOG_COMPILER_APPICON_NAME = AppIcon;
                CODE_SIGN_STYLE = Automatic;
                CODE_SIGN_IDENTITY = "iPhone Developer";
                INFOPLIST_FILE = info.plist;
                TARGETED_DEVICE_FAMILY = "1,2";
            };
            name = Profile;
        };
        4592B103E6BC433F85285B48 = {
            isa = XCBuildConfiguration;
            baseConfigurationReference = 10DC655A9AC64B51852F1894;
            buildSettings = {
                SDKROOT = iphoneos;
                IPHONEOS_DEPLOYMENT_TARGET = 8.0;
                HEADER_SEARCH_PATHS = (../../../../../../Include,../../../../App/ApplicationLauncher/Include,../../../../App/Display/Include,../../../../App/DisplayLauncher/Include,../../../../App/Launcher/Include,../../../../App/Providers/Include);
                GCC_PREPROCESSOR_DEFINITIONS = ("NS_BUILD","NS_CONFIG=Debug","NS_VERSION=3.0.7","NS_APP_FRAMEWORK","NS_LICENSE","NS_STATIC_LIBRARY","NS_DEBUG","NS_PROFILE","NS_MINIMUM_LOG_LEVEL=1","$(inherited)");
                LIBRARY_SEARCH_PATHS = (../../../../../../Lib/ios);
                OTHER_LDFLAGS = ();
                GCC_ENABLE_CPP_RTTI = YES;
                STRIP_STYLE = all;
                CONFIGURATION_BUILD_DIR = "$(PROJECT_DIR)/../../../../../../Bin/ios";
                CONFIGURATION_TEMP_DIR = "$(PROJECT_DIR)/build/$(CONFIGURATION)";
                USE_HEADERMAP = NO;
            };
            name = Debug;
        };
        B9788D627B4A44F3AA920C68 = {
            isa = XCBuildConfiguration;
            buildSettings = {
                PRODUCT_BUNDLE_IDENTIFIER = "com.noesisengine.${PRODUCT_NAME:rfc1034identifier}";
                PRODUCT_NAME = "$(TARGET_NAME)";
                CURRENT_PROJECT_VERSION = 3.0.7;
                DYLIB_COMPATIBILITY_VERSION = "$(CURRENT_PROJECT_VERSION)";
                DYLIB_CURRENT_VERSION = "$(CURRENT_PROJECT_VERSION)";
                GCC_INPUT_FILETYPE = "sourcecode.cpp.objcpp";
                ASSETCATALOG_COMPILER_APPICON_NAME = AppIcon;
                CODE_SIGN_STYLE = Automatic;
                CODE_SIGN_IDENTITY = "iPhone Developer";
                INFOPLIST_FILE = info.plist;
                TARGETED_DEVICE_FAMILY = "1,2";
            };
            name = Debug;
        };
/* End XCBuildConfiguration section */

/* Begin XCConfigurationList section */
        08D78CD92BF34C01B7DA552D = {
            isa = XCConfigurationList;
            buildConfigurations = (6D2F92CF84744EC68F6F0146,DDF6578F6D314C8DB2BAE7F2,4592B103E6BC433F85285B48);
            defaultConfigurationIsVisible = 0;
            defaultConfigurationName = Release;
        };

        C2F2D9136AC3457E9CC587FA = {
            isa = XCConfigurationList;
            buildConfigurations = (E88508FEAC41424180B3D7DF,92E47748421D415295F06267,B9788D627B4A44F3AA920C68);
            defaultConfigurationIsVisible = 0;
            defaultConfigurationName = Release;
        };
/* End XCConfigurationList section */
    };
    rootObject = 89E6AD4DED0C474486F28643;
}
